h 72 1000 0.99
1.5174271293851462
0.8798564911463272 1.3433312001931361 0.5413944606350897 8.945318144934488 11.125493901471192 1.031177908358749 2.5213081498815466 0.808428337975407 1.5333085700054867 0.8751882966791268 1.132136185563237 2.894873207069235 1.0709076861200821 0.8295387445270969 1.0160288087395208 14.914067261624925 4.6925139774897495 1.2509837371627026 1.255837755988035 0.783222724374188 0.7397961282206407 3.847313753030987 0.6798193111162674 6.227589193918502 0.8920723108367462 1.6899937394007702 0.8314386520557961 4.58187006065844 1.1619028333460604 4.425636756064259 1.416833419680947 0.677180185652002 2.62816229998357 8.613899691148882 1.9008697235409386 0.835662652330096 4.7668453358401655 0.9994091853704631 5.070265410784116 8.188730823478723 4.947010328237464 0.672931522843319 1.0974187393235246 0.8779970869654836 0.7760197447934327 3.06163254678738 0.7681390970849457 1.120648415718343 4.083919154717261 4.12131781849611 1.0055887584496435 3.917355293434232 1.9287936792073952 7.95584512942491 0.960058410986178 4.4802494287697625 1.4251243846697172 0.5436557676123577 17.673445883274976 7.5001041008834335 0.7667294483673253 1.0073454643054693 3.969574700158164 1.2115878692108475 9.691112632323826 0.6543729290591327 0.6041915380648399 3.830887894596081 1.4090833771991103 4.64797625468802 0.6770514677976385 2.8547958013296464 8.68220840414202 17.771979239578087 0.9635037444228953 3.459278986105493 1.7882961375764015 4.344956003108839 4.164392313594635 0.8142864562731568 5.949638154995311 0.954442423314965 0.6190779704392612 3.168851129448908 7.102691070946833 5.498040262194508 1.010641663869044 1.1950671055199655 1.1125047588493762 13.673997651798175 4.266124131227827 4.051489273238076 1.5763040378678637 4.747645265987482 1.213267529970156 9.614575452205868 3.6598639392041084 1.236385978789001 21.623955016064386 2.7966081949665655 5.734555028599109 3.9851660526143835 2.139613391609416 0.9188399875450205 1.181040389368424 0.8252874839661621 1.2047084334615252 6.001991899074043 7.955832905181319 1.456384155733278 9.738046014814893 7.1344347342589804 2.8356628194715143 3.2919744629520427 0.9914372574432331 2.334481697272366 4.592499413084376 9.09579611164558 3.9395629142460376 3.0405162040621008 0.9515928009208757 3.3126047953773616 1.084494506679776 11.972564195576936 0.9520023029338007 1.073800694768101 0.9748748645353782 6.974663448659123 2.064789768363465 0.6585791746115253 4.314276026049413 6.310199372259757 0.9569384907810161 1.7871397214149598 1.0146527029257018 7.322744846654794 0.6427652485621617 0.6879524414721647 3.2398747549884876 0.9146293323557751 0.932633551590507 12.17534544699754 0.9891659602783266 1.0073810925761961 6.639773793811369 0.7348162493367332 7.382229189953968 8.063781413585689 4.425121528876793 1.1167789613273265 4.438988316155846 0.9640875020710102 1.0768873434430144 0.9334560936759302 7.422733656117462 6.511270359387489 0.45210976025923005 4.8126598618404675 2.0114911030645573 2.6718510034358545 1.1549943588245501 1.1399601003749542 0.5255570271289262 0.9258989389029372 3.224239107329287 11.777772873594468 0.7942958657089382 2.8038342768612328 4.5024129867810965 4.8911349293536475 1.296953137948372 8.64164963645554 1.211715127817216 0.7960338595677703 10.174878467710522 3.8628580359093903 6.596487959191799 4.448994969714065 3.8606705063639266 3.3291108157179727 2.0689104971833467 0.6691130821889627 0.7836584635156136 2.5042917626720578 4.993122043114257 2.63200728873126 22.190876897770128 4.413035998811395 1.9367733398011706 7.8245631533815345 5.683629845190371 3.642321409499172 0.8749310216586348 1.1052443072937863 15.363843481124302 4.362171301509136 0.7313350647690708 2.2378152692962017 19.98756330006003 0.778677866914542 2.5455765615357486 2.358328285104409 7.895484377993184 1.9056661456671662 16.159239199144174 1.1430556366372684 4.8522851282053185 2.019018999473417 1.122068751240918 6.52460124149152 3.2570568456293096 0.7181125911110173 0.8538958918853109 4.581506724700224 21.28118892311426 4.071096725900522 3.562105481297907 8.139320890812794 0.8417326188441955 4.458543679520439 3.405022343341228 1.347748800949582 9.009651064168136 0.793509235243622 6.250457380689314 1.0665142444114535 4.445694210286707 4.2974899195996175 6.562563444876314 1.8076038018122682 2.5441891333498807 1.1196395552866556 2.0532160068833223 8.511237497311415 1.2489793053465483 8.917549692079952 1.0608491849892336 2.3111172885863724 1.0499399204368094 4.870939194922708 16.800297159111626 0.9595987806539035 2.168357096947437 2.9745285528615963 0.6758624555991372 0.8818526972205097 0.5590509742964549 5.250841754675487 4.08374333584915 1.9015644695767426 0.8248823383597079 0.6441479811658688 0.8578407033075872 2.4522058583719013 0.827772020931292 9.796351078019816 20.059153206948753 4.512793425436692 2.6954390255175364 3.943446022111808 3.5084686283352067 0.6961820033637471 7.802317677034599 1.1725879953465825 0.9088168202529393 0.44933791027261766 0.5205600342886119 3.622444640417423 0.6938140944455023 10.101799153970523 0.7074045048830708 4.702754592324889 6.854659281948081 0.6495749825212824 9.020354526017957 3.009340658377915 1.2020277045126875 6.122743605831889 0.5718359082959394 1.5024790987528047 2.6715040359229913 6.998791098682206 4.995418760297183 1.6578745593197923 2.8100501125490673 1.3405589973157956 0.9923121546882518 7.848923967414554 7.846860166920639 1.0457624774626115 1.5359780122702813 2.962548470337865 14.849889039944298 0.47226338764035175 1.1379369950939313 1.2261463272008104 3.120516131144136 19.264355200229314 1.0856814916202375 0.7557664966192273 1.2502035287361424 2.323139751024556 2.390660773094766 5.544183949791333 6.83603975138714 0.8077373941775776 1.2474663167180005 1.1607924177773143 0.5450919194665235 6.153060894262032 5.607813566195478 0.7651123228025951 13.929393113454287 3.3959643776762705 7.639798619480693 1.0212992213843157 4.306628993938956 2.847406620309449 1.1444187164430863 4.450087294038793 1.1204649499721089 5.332122447129908 3.677927271492954 5.86907455059884 8.545087160011345 4.8077624795338 1.4502520200950773 1.000123016269259 3.50010351292758 11.348329441505925 1.2405574814172518 0.7816775257232423 4.301850580017755 4.872432758609892 11.079442403632934 14.46605713508278 2.225673912735066 1.3104573753570923 2.960511711062944 4.771445636850105 0.48235560210799855 0.7648619579314958 13.249655806983759 0.6391398685088725 7.0834830267707565 0.6662971076470117 2.4017262325154234 2.0179707157358844 0.8616188244021085 0.8324983589612118 3.857430530433922 2.450283990060516 8.296131492387676 4.709125006449071 0.8466013334119703 0.9141344032905925 1.9274696778118945 0.6850567612673871 3.402614086993106 0.8689809814300774 0.6674148714202721 0.5775959376444345 1.2530400373943706 3.800025267929928 0.6350391190328485 1.2616960627576623 1.2970945182791227 0.7982267182930628 9.570742793968574 3.5017913088019235 1.8198688292349927 3.5620071530474755 2.1110623371764996 1.090396943694677 1.5480285949334847 3.941941609340904 3.459492015947867 1.3935127054008702 5.41093138715938 2.468871190852112 1.046908673385265 1.353335281158648 0.6616203244035772 4.501578209302102 4.543183136162466 4.059538485802425 1.083488643108919 3.4975616076334584 1.2331581760027046 0.6920153489346195 1.1715652398089236 0.6606818849581477 4.088230268736869 1.0522758376715675 2.8327413742097063 1.0335071874740978 3.649689988462891 5.715853113326064 8.6412510802401 0.7821936497139423 7.3620933659079055 2.408928649780462 0.5669936436393549 3.328885816840758 0.9160294596792465 1.0786593720504292 2.6113505322104764 4.527555189695513 7.9207081381904425 17.556541273275965 4.406839301595705 5.658747525437167 17.310194598584555 1.0795851019961173 10.237337593317974 0.8698683866814565 5.665070194944026 0.692266479859512 0.9997449638297338 0.7354634005150948 0.9608355599440028 5.365562480671298 6.392929938879497 1.024717722345112 2.2506473177317066 2.263042040450491 1.0037008228793174 0.8537549888805537 0.6109337525423676 8.535778004748988 4.917207007293395 3.3172018985994733 1.131017192600274 0.6382256010769276 3.704431690381733 6.83884403678945 0.7763651699396168 4.898639702508124 0.9450368582926351 1.5776022596288557 0.795116960557361 1.6103417484583895 2.478089496941412 1.0792280851238087 12.017267882726514 1.2068726811231933 1.7995524634972964 0.6768901777454464 0.6807473789953907 5.855668481022345 0.9525810049773564 2.2999563849700118 4.435167463118415 1.0365209668541406 3.830810657006576 15.831788483785108 6.13040514047136 1.1287200541734574 6.262659714829099 7.799937996445787 2.2624475039391228 2.6859870837604833 1.800597619829845 4.0703626969628255 9.773823458325932 2.095271496840496 1.4412900719396433 5.976194766663133 6.2376119835475325 8.608187766850117 0.9345782481609782 9.92111401982616 12.657810075909527 8.331131183347205 1.2127649484562075 20.03459734987761 1.48055883240869 5.782555680426993 3.98429698263237 12.734403176708721 5.078928035716389 0.8165334092109702 8.441913102960044 9.10518780985644 1.2646096008462993 1.6860431631076322 3.5839399953339606 6.797585033278005 1.4150567908969254 20.791983615658975 0.7139634925588023 3.044706002844414 5.068489272593563 5.368518964486534 1.550277721365361 0.7938766573776194 3.6292413823273884 10.675915619767407 5.007671501354415 3.088321047740626 0.698290988159731 2.402042217092888 8.870757893785115 1.2905977400947908 5.995451525233239 4.660423911264024 13.34863274028871 20.263698570387106 8.53749334180206 9.358975833297292 1.2070481716423571 5.711103664184036 0.9638180405749246 1.1606524194562255 0.602214070061842 0.6185632754327646 10.692587898424957 1.0279505690020336 7.502102640318301 1.8021072023508051 0.8904294088315418 3.310574324374218 1.0205710472295508 1.0812370389557633 1.5492449397031562 1.2266755069633906 0.9243441005950749 0.995177682369744 0.8902781254608759 10.337385224268392 2.857303907345267 3.5781125746027147 1.0679260558329322 8.054555591882657 3.441945177954905 0.959068822854823 1.2928770824676163 0.8494232625081984 1.5996287601801715 0.6661300545780771 3.520204624703448 1.7546700532486703 0.7841377598921814 2.1899660022211087 0.7090931971520839 3.8096891287779573 4.295992025903114 2.560838760652055 5.09143014272221 13.016460552587533 1.0330838439775556 0.9829573236261563 8.088234413151776 2.3418938739967174 2.944893033178985 8.78854996225553 2.9250009773494754 0.5572380109516533 6.823260735507087 5.332706296899535 0.975783276643498 1.1691688159817777 3.355209776481037 3.616981372139404 0.6730170229927733 0.7642028960706518 1.3143893572462875 4.004331271318333 3.641244912676044 0.8486686218761612 13.421895245102592 0.8347115588445045 7.140927235547803 1.1466962273625363 5.668156407796771 2.292984230727638 2.214611274517765 1.4269279555046073 0.8858007956059739 3.7537909776870446 5.192078135664722 2.1125734291644127 1.0328910356361634 17.70846280654188 2.4579808852325944 3.4887294513939504 1.6444146196762595 1.0844053828550684 15.909480912255804 1.5056926803296902 1.092790147986511 3.1656181739709526 0.7308678337900549 3.0680705528619345 17.766642881899372 1.051102181399611 3.3835648311300113 0.5939008054925905 1.7315953670780178 3.454208131388417 6.595964561704049 8.875120178046204 6.336270926199457 3.030229882049643 3.8737965974236777 0.9462877659852083 0.7826104204478787 3.638467561484999 3.654346562088567 1.670898582728442 2.7914067572191192 5.813384783804352 3.852277749345714 5.733347119635594 1.1157599133645553 1.950595519132164 2.5564657960136867 6.1839681684979135 0.8423992018505847 16.868980718498847 1.064830790446392 6.7289713825971535 6.699942113928098 0.7647898441996835 1.8191921727614628 2.9250586998810837 0.635874491128705 0.6714979515074351 2.47732874899809 0.6286133937012075 1.088366286342006 1.3583443578902015 0.8741709797772411 5.002764739771915 4.847901735632625 5.734311373160568 2.8322835748498 1.1221345610068079 2.1717393540093686 3.1589246730419673 1.358419297770795 2.010244810088861 5.42120386845952 5.2734528327053685 1.1284374657364638 2.6694097251547846 2.4138569244423453 0.9226937444283604 10.82892950825318 9.148508578355045 0.8942965430421573 1.3338028648886358 4.47857191385178 3.132145160030899 4.401660108988512 1.0597157652348217 9.165928886538126 1.6467330480654858 9.83719266084434 9.013480923415319 2.250720563525769 2.090782188633081 0.7731993572690891 7.806768782941933 0.7470841379199369 1.1584776488794717 9.435435566897931 2.013061377558071 0.7705969713839889 3.524452321281256 1.7567434557239703 6.286519654015773 16.278410152389082 2.6719333357876467 0.6856311966809492 3.0528811996610146 3.339639684068523 1.6961871945051747 0.8912276425905507 1.292621953166473 0.6696994780480028 2.745362485812012 0.6486458404116502 3.0249344052236724 0.5841704174236148 2.228984875070158 0.7180593143051464 3.4542788577683603 4.145927106089773 3.7394350184421246 0.8360960894758738 3.74200869446081 0.7974076677619283 4.58934235386697 0.6597239359530424 1.0947647539901644 0.9783871663441853 1.2766341985284593 0.9012549370862035 0.6146800976362766 6.756524198384521 4.01196797059557 1.0768771751078694 1.3384968100770918 0.83813243601864 5.96000822647542 0.8895278246254553 0.6722913082896913 7.63990514947903 0.7320180714318284 0.8963807542378237 0.7291983692836569 0.7513899581502405 22.527117961286223 5.5914910767513035 1.1380470145965602 1.3809844731220948 6.948402792347327 4.139744309681917 3.5567993420172375 1.2236426646606604 7.830031027188111 0.9125224766119747 4.465342917737672 2.881845237100732 1.2828761382227183 0.6655408782761042 9.183985102789903 2.0365854983463696 0.6224081480644729 3.3908819118892377 5.5123796351486325 1.2536961066622787 1.8003459804424673 1.9144823764687817 2.592137454002597 0.6699662395102026 1.7008799369811143 0.841801729952203 1.4153442652961772 0.6480045773842816 1.3138652231772623 1.8880637968591147 4.874859818831501 3.4902276979035864 0.8950805155511042 4.980434033885553 4.782968237941358 1.4877338205021673 2.4336731872531234 0.7225025097727082 0.9743005637101334 0.6071172276470843 0.6684800298308334 2.8754906052030353 5.742286058809901 16.834766544408076 1.116363783280898 5.602569150122692 2.9351695599637107 3.4875200627995735 1.0358694863993156 1.4480503775650089 3.981187683132863 0.8386284525388782 1.1166832761369145 3.549416992278792 3.1719987371106018 5.043223420612134 7.708002927565369 3.3442163394550684 2.338145836062142 7.8942502589237975 2.171449701646481 0.7225432645174121 3.418751707009616 1.185083920160692 1.1250739462263764 1.307186937642966 1.0315200410809464 0.7561147450014751 3.000045934114001 17.378911197097125 2.6270948327176056 9.12532904080736 17.93150878471423 1.2542837285107344 0.6543760256871911 1.564469029376978 0.8858081425047013 1.3123093759529267 1.1282143055542009 0.8875859968092695 2.2499222799514578 0.6716779744583645 2.4582946208082808 1.0610392113760698 2.4291865734366263 10.003540682019384 4.204193743200947 2.33241471023956 0.6544779805011149 3.8529237507933662 0.916894818922105 0.9958047177022266 0.5462039741101641 5.918949916215211 3.3370410606582066 0.9330251914306541 0.8240624685884606 2.5579293258883533 1.0107288141173973 1.4191402955664307 1.7394218330055409 4.609222092168288 3.0997112836336207 0.9757354330648825 6.056188722072324 2.85093978192796 2.6909035025239896 0.9433782728195688 3.84937131243769 5.132606183656466 0.8080472503719858 1.0416784587706096 3.9809006273963736 5.044858347315414 1.929065875835412 0.8259290486418243 0.7806763786139469 0.7168719815024187 3.9754725678823606 3.0293091758480757 1.174800058198419 1.9072556736571968 1.1894329056143318 3.604394217264826 0.9145903633758611 1.346271697236479 4.338940563634879 3.2791834575240912 6.8297432252747585 3.9487999119651094 2.0643762060730886 1.2470691264721843 1.1255151435536221 3.444715837329456 6.051521631305394 2.797174971165068 6.463673251875616 0.8507445900400493 4.061966104968703 0.7511822993216334 6.621411964721434 0.7800374459421208 5.056143894235869 5.641785250509747 7.653027537153376 3.714193392932282 10.507576078566006 18.035276258454985 4.596828251809805 4.24059137168009 6.024545896301033 7.680228244237613 1.2573561278711316 0.8505542911752974 2.740296563188393 1.3277219721523223 0.8783747473599306 1.8445392052874503 2.9316187226885644 6.204330717579959 0.7765719191378666 6.713976118223483 0.9186505078271985 1.7106437983534732 6.146869703332091 0.653604376451323 1.0086270766791507 6.883091254991593 3.504812318779707 20.56649310572339 2.5384353898754273 1.0292140576260198 0.6563775699699416 0.8755741263050101 4.133571051569582 1.128592698988215 2.5260859199415635 9.640831597529065 3.6433334861722044 5.362476061215775 2.0785537327260366 0.7598026762103582 0.6486704108076898 1.0391477532193747 0.7700674795146699 0.8315785376144121 9.021803548928464 4.012817455674539 4.590934796636163 0.7993506784783447 7.857960410605563 7.5870146054496495 3.2152783670906917 0.9424490673352415 5.707885078079146 1.802346708836529 0.6230134328157134 1.0643501229706487 7.82043616727575 9.202169582999854 20.373220317545425 3.105973409669054 3.9185345989315006 6.722669189368176 4.9230010987787365 2.5472002748299403 0.8713074937703106 3.5093420658409684 18.49745740495265 3.6851963357317414 5.494018920305776 4.846676714246486 5.747871723314276 0.5835937808946013 6.870858578808344 0.9005969510877931 1.1698033755407675 7.895061185922148 1.036741796480907 8.232754723155368 6.712903423181269 0.7788648476999105 3.053293124807919 8.498088001488853 19.12261022975443 3.526135535305596 1.516196487438435 0.7497989856333324 2.403084019327045 3.470143890139202 2.3992964888893535 1.3500337395245965 6.385322357908465 1.1297664936737126 5.703482878139148 3.2992259759022415 3.207019537696881 0.76553363526907 0.7579896963308679 1.4747240038661713 0.667594959911036 7.949044405192283 2.5155857945646 4.474634130598312 1.342789349647684 2.6218875718660497 10.33284834985537 1.4479513818845553 0.6975077086520965 8.686950038282488 10.78030582194007 1.6259998690095012 9.854121641440907 0.8853928076639219 10.879050920418194 6.8921681018937715 4.389616233895421 0.8875090010052984 1.1208946835867846 0.5544714094425842 1.7282466360135227 1.040270132760283 2.8328610213015706 6.97474637512066 1.0746632793404731 0.7238919656423323 2.3900916756848596 4.6883933544484515 4.897689810936032 2.3414288165924133 2.543274726084249 0.8779659196687044 19.348729739238426 5.0801953272833655 19.917693885870705 1.1796652153026301 1.1294788545418992 0.8236658624501456 5.756231737872938 0.7693571835689599 1.5743256914714716 13.307729139584128 1.0181174037345633 3.262130117775997 3.2524189244651165 1.711721154159797 8.895966501225054 
0.20073031967366636 1.057322914112437 0.27535995098598337 62.81129648883651 61.24184711265602 1.2420227235282335 8.428388831185089 0.6100809220252006 1.14998498545464 0.33656627013090545 0.16063449475388902 3.6354025235326493 0.4405257219697866 0.5312209478877503 1.83307759801211 25.882127241932036 5.345555701427182 2.144158556147435 1.9250142244562374 0.21496456049803128 0.524939093355121 9.088703428504429 0.3421562353275206 19.168139701991944 0.03985778576082115 0.9406578740374183 0.35147804212485867 16.72356655379247 1.82508852539421 15.790084174020514 0.947975286416224 0.075287486338053 1.5190673968379218 35.03082208283238 1.2197663350199266 0.05736508546401057 25.11102119600625 1.197787807464152 14.714170257866897 4.724498954741162 9.741321602151213 0.48072618674346995 0.9347015449572461 0.7473538946727795 0.059121249118429677 8.206874012503887 0.5431059891140956 1.3862783538185086 10.788723943244069 11.892882375674958 0.49213593771600883 10.260729574948114 0.1559064694664956 3.999982039437739 0.9331283368126968 20.13878520050353 0.8977628141064395 0.13378197922669485 40.31140159243389 8.346225534135458 0.15030831618856358 0.4023469483311275 13.861044038521822 0.8746468955272153 6.733245472334936 0.5239122016868488 0.3990441961142637 15.413746918530345 1.2364456288135452 15.135097875452558 0.10536972589264254 20.816833613922444 32.88558364639661 136.93660917972838 0.22150955429846478 3.193339860594699 1.2871720437658845 14.181356384061067 12.890513908915798 0.6205699726910191 15.288694609270365 0.44263218360120316 0.40753607104142514 0.8738976671468067 28.52477432025158 5.9655533164692685 0.9678428737468582 0.4909950314156848 1.081576510718376 185.08224679989343 3.3801206210942074 4.185244294285022 0.6255510783538819 7.917806199691242 0.2045696824279066 46.802030044557334 12.318637213851847 0.20512533752335618 257.55429202310347 1.2848486947594573 8.968550417180005 8.537359678897309 2.67307365362531 0.735678226315752 0.7365657854468525 0.13766458228130712 0.12036892769146405 36.08498477734128 56.47325754947365 2.24941604353314 8.415533442343497 15.981851474330126 1.8399852396504741 2.1949887492854048 0.13251012644372478 1.2271709322506528 1.2308832782721395 76.85652297401973 1.325802904852217 9.1093051759927 0.2841771039184898 3.1596221621228344 0.038152192868505165 19.46718011828804 0.3958516987686636 0.15647217975644998 0.3734463888680692 26.38709452310194 1.283625442578455 0.18603217367409794 4.936106720724606 55.89945439391671 0.6532790006148398 0.3680336690807435 0.5099286052290962 11.085927857824048 0.3267781200518276 0.2980901684616709 6.494774153083757 0.059063947757599655 0.16073394586090162 56.746521144752506 0.4072938170277885 0.8979552265438056 43.31330056697195 0.4422544514379296 12.012470230052752 34.31419970969883 3.667543951117307 1.03220989633173 6.866542504947311 0.06889471082257587 0.26930596455797556 0.4157845651896146 25.066733740719542 15.382132432633124 0.20726967614727365 13.150419287051077 3.3213329620565246 6.79540371974806 0.15001010173117965 0.4962629545863128 0.1985939861858389 0.16630875562214592 0.558566535551859 203.65943141791348 0.67473220104562 7.687586929613137 4.163767949384061 19.954951320408934 2.2950488034753556 25.627828285427732 0.2060284508091592 0.465230441489542 38.673441078544904 9.068455847598972 75.13242770848042 7.140631912568807 7.207804879212191 7.358076410501887 0.7074307462463033 0.025110101077183634 0.2966536182731447 2.1254273771988936 11.006402902065206 5.678034751250099 131.83316391360705 9.153475144651788 0.4303028696070768 70.04740018425665 13.098549517509989 22.582083233756812 0.16543770739566507 0.7376300755246027 52.28971189020046 26.69192143473409 0.2846653284887674 3.516883614690188 164.51137884358144 0.33130789860917936 15.192761821850558 2.7203885377198898 34.29458920718423 1.1390817116812622 171.71700885592819 0.27580052332075566 5.397940143572603 1.8875085038609904 1.3431310204802227 24.09722045913323 3.118778405464128 0.8182680937592968 0.5184311538864571 4.369507203872026 255.62786124274848 21.060411721188608 3.149330691984613 20.458966252532143 0.8200240367869392 4.1233570641679576 4.622042732347334 0.10790421415602969 32.01609490383247 1.2411189079064895 6.444391283620567 0.1655392839241703 17.17817564829982 11.05336704231832 55.68450817422075 1.414509293997955 6.18963408883951 0.23461165204259912 3.920012585389283 12.450040948990425 0.14551712450436818 24.93273549666768 0.3026427487173502 1.5740488482582204 0.6546329385290355 12.384484242226616 188.0699790041605 0.8890671147150176 3.562808883536313 1.735955277974029 0.0992773740530996 1.093354503409426 0.3776058881918394 22.41104557756337 1.091158259507184 1.1531469596289456 0.560616191693195 0.4091950247032818 0.264471383954214 6.015445047200124 0.3380591116235431 9.169340553887979 65.12762348373496 13.726952256275663 1.8454818659507841 21.1861865847857 2.6517676526890757 0.4401638628374119 39.261543556628986 0.27484046229932246 0.37415807746555313 0.2932765583996268 0.1752336630204702 12.077280812905826 0.2375559567237804 12.692957554126824 0.1832113188029217 4.322280287235022 7.240741690536132 0.5873387263065759 98.31407026033206 6.853928211089494 0.7570888079299725 50.43182205344853 0.27817710373271287 0.2240732186191435 1.0935079516806547 87.65124853399288 1.7758355600259887 2.1553302985414224 5.763860372346726 1.1857303113542093 0.4868847076377721 6.810419393107053 25.690832935904954 0.8752113404576856 1.6939512197997588 6.4203859672845685 196.64695891897028 0.41405131512811927 0.6419663059559464 0.1621057567191838 15.797055562718862 85.43021472672135 1.5709472392009856 0.917681731120798 0.27245424284676656 1.3183902991478296 1.3430173334173015 18.82246065057982 44.83128192099045 0.959513488893179 1.3569821007651754 0.18418472664864757 0.5220812517603088 21.49748026942218 20.332437775804035 0.3581920102011876 184.58784889482115 12.98238131148351 21.053556209289265 0.6616345766329449 13.797730526959658 4.8705218413072275 0.7345142760708322 15.45006701963387 0.10268914574630224 6.149892053327641 4.563669758548542 14.177314846508088 35.07457235673591 5.4568679724987526 3.350515836351334 0.5676241188064617 6.174605361889455 22.428901520804242 0.07998827415834009 0.24587896319694796 5.6951183114294865 10.603685228193633 266.7946714670887 31.666328484757365 0.43396195385104064 1.0925618579397829 4.889494148286841 16.46595529227254 0.4177079843544964 0.17142648430070695 88.05738323565541 0.08417797334846813 54.61140225242687 0.7224607686775737 6.877926661181055 0.625103475459745 0.565190753108699 0.9673485480897204 10.112707682183492 2.4907086688533933 35.75825449031351 4.037504539512856 0.48089067875158287 1.2139891746027003 1.1352676316292305 0.04756408621159863 1.4475426720911724 0.6272582887669832 0.18763773964408914 0.26003766277252427 1.5603761550272748 11.78556156278011 0.7522337599441424 1.0091634434584444 0.6737682643128179 0.6522168663237126 41.294059107209215 7.749304553670008 5.064614218423088 4.527866331492986 0.4174674556787824 0.5641448989299465 0.32007006885787453 2.3650373677444727 7.577680452207923 2.271042780707293 12.05916780524702 13.437375317572876 0.8427846929706322 0.51612958337163 0.1794183994453609 22.52854186887815 5.956247704641977 0.6171728997223868 0.18838094282871057 15.03726069216657 0.4911073134877291 0.2700105503126633 0.313125144993958 0.3419126875233424 13.507141325708748 0.40299416366542984 5.860247086214407 0.09362735381893833 1.6864968277381425 15.869923858388164 30.04141109132411 0.2653846207705148 37.34463900851608 1.770759440463365 0.14068993180501008 5.5885295939475625 0.3769384986421829 0.09420333827454414 0.6602200331652008 7.800551521374426 25.449677957936245 93.06763002919989 12.01659221380208 23.962860709915052 105.88708087271289 0.8009460649207392 48.81122104144384 0.79532158902868 31.76622506823191 0.4028644012500511 0.9777508511545779 0.34309050496755533 0.6129840172894349 10.496275143181293 20.027452766609013 0.4834751946257051 0.5149074398800229 3.0856140107517214 0.27485962738843944 0.19802301666912187 0.12094170640180799 55.54463639038361 8.282016533295463 14.983372041123305 2.0320001896352937 0.025181067123792325 3.442223386977977 11.446899355234391 0.6232861728747123 15.12594844001009 0.3881449768302487 2.063273136077352 0.28636838148673466 0.745999414166972 1.1880550651926933 0.28624098405407883 117.49843528855459 0.3587878618304852 1.5520545254284048 0.3908867334773274 0.48370342084653695 19.673164894390784 0.3778346248210576 7.5895594769227195 29.73377106041681 0.29750964282671405 13.34180807059907 67.90353043304164 4.489685550004228 0.2585118988196265 25.94064404347593 38.90208842618091 2.117523584637332 6.818588252816616 1.236079807740283 3.064007736082878 9.486103884780112 0.7190075389789452 2.346326911947913 39.53711036804977 13.344669313126278 76.15535096838279 0.6308520391452528 10.902688821789958 148.84491536273364 23.421276924093522 0.5539107506606439 97.35842119177842 0.965205436948713 35.105575745448085 8.241051442971136 454.58849148847725 4.890363744047226 0.7773529259000355 69.50512435019019 24.396886235955808 0.4949090910276778 3.598472808278996 10.562663352197653 13.297667767811374 1.8939064223949316 143.29332458972672 0.028813061714232185 2.9110218443923515 19.25671365323708 9.300006275492594 1.0651052870715507 0.11488049504031006 2.2050666743764906 16.299372782940512 18.230098604345788 0.5768290913890387 0.42828365817205655 0.681741333130064 11.356987678179072 0.6020495333743039 21.855875853371444 24.489465988655482 275.24873401620596 197.9411572016928 38.55692901699087 55.15494073311277 0.5271537664739051 20.28190830172678 0.6855962062292201 1.2872860768374992 0.2213697879512003 0.48114220154468545 83.76099549224368 0.4113578935532269 27.154157962481108 3.6080570208527645 0.7200681982129168 9.648011087514593 0.3277770148804585 0.8341415349642624 1.6945667827725857 0.25256906143695734 0.17324959786507813 0.36754979509711494 0.9895438201113865 35.58752576169047 3.701097150930922 0.6812227072173442 0.17346475965439787 5.995901351211906 1.394976937332365 0.21723638288538524 0.676683478613487 0.37658793548434505 0.818104664245812 0.4573899541462655 14.099954038554195 0.9867969610165448 0.24151286578179076 2.5237212657532657 0.03656381390923673 1.7788840897196103 7.498176229252365 5.353586357515366 16.185586826007775 128.28445881543317 0.03595328105065793 0.777653518717347 70.00017376916648 2.2400426160035325 6.628696788358277 32.27333732825722 7.846023372032542 0.162537055310256 26.078583138944857 9.037585501416789 0.6035766846659398 1.3929894508367764 3.2979367904943326 6.091428998840644 0.5222697980279092 0.3879471184799326 2.3351368516901707 14.829674153780243 11.465622482996448 0.7386786754147535 16.346057863172767 0.045682776881258325 10.643659667714726 0.8192803402514057 11.75167352815843 2.122084657595864 1.6086712171899664 0.4816268055230828 0.22602298793499398 5.82128616277021 5.940283763305982 4.997460539167972 0.5965535008620717 197.71479406653995 0.998734573540943 4.0246869761862145 1.5410662422258947 0.4170614508421772 64.89492144413634 2.8402205625010595 0.9882403770631196 4.673550561165316 0.3554033566119685 3.402487371417 252.30863364073807 1.0626795759133538 3.233237107946979 0.25932847011337756 2.0893656911662437 13.905478734685417 35.11543409137466 42.14630105588145 11.89519382631799 7.223315681731519 13.630533451841664 0.12938278578482815 0.3405081165109567 8.440848318066175 3.791873980517033 0.8638130776109785 3.1128476689132087 19.15201364894945 3.5490604025066497 18.7093173289606 0.2980021934125159 1.349100892532127 4.837852280620744 15.469811642055982 0.2004597526517375 193.63375249485995 0.8998728564998376 13.558237023648964 8.652335967505635 0.14823171926483467 0.6596044725612942 2.960677731778758 0.4083662475377842 0.6916482773302893 7.625624001188964 0.3434751284361113 0.1616935375419179 0.36321617260515315 0.40176188555128894 10.129230337339454 9.970329034461832 27.27413506028223 3.154028728748628 0.5562200661090163 3.7647053600433007 4.24346499307191 0.4483706120078197 0.39714462616495994 5.667500803832866 7.2522465923322725 1.0595034036006297 4.864234240983546 4.070057357672164 0.4526906070085791 42.75699403314303 27.882235949071386 0.12372579079591756 2.174140648349893 9.579862705150761 16.382457916281933 6.04315284584668 0.5196136136105657 19.793210930372847 2.764587609715511 23.83578099206083 44.75658829059514 2.109981375781636 0.15461765146478498 0.752412992721494 57.26206603582811 0.32040434064161516 0.36326506589932656 104.69036342892207 1.9570355819715206 0.3867656166872767 7.179518092295127 4.216742169227729 35.71521177237376 116.46279141029893 1.1179271770449357 0.33124523772213316 0.66293640258912 4.412560629386391 2.6522843085257506 0.434201289268576 0.3582334314970716 0.23307680379465437 3.2115307913958993 0.11427558313401738 5.512867739052203 0.1387012442163819 1.7900797960309693 0.10217708332742298 5.665263193267578 18.78282863311323 17.44480251181564 0.3080352265549368 2.2626950179144476 0.7378191400067274 2.4527442971362197 0.2660389461689341 0.5903213469254543 0.7994020886490651 2.2556945075098516 0.25694545560775806 0.1501305898169113 50.32707472847156 6.800170907186438 0.06380495887502548 0.7240870804926822 0.4935931272489575 13.47461557259942 0.21548042645006404 0.11131650878187037 49.818645541208966 0.17968775544334922 0.49019617526037107 0.20139060145171958 0.13959687738497237 203.95052855718546 15.764356736798494 0.32507930105932664 1.9800917840245853 63.04430639317575 5.607811798448457 1.837516888592308 0.9303410406400743 51.66192666364518 0.2009873965464448 2.8953152589945113 1.940682041070834 0.06857456366367415 0.19241904646420135 30.250043730201373 0.6014956758118604 0.35787436168384174 1.7709800197992887 4.978657591627096 0.8116187594678348 2.0156857193829363 3.717008119066358 1.16661534642497 0.5203232567932349 1.0533843500361206 0.29594714824945906 0.2151528932955559 0.29595615051629987 0.08256491597158053 1.2325208028072763 4.281310558726663 5.9461066418436985 0.15735113509965695 3.5937240478015484 6.90967638105701 0.9907372785021097 3.4598476948461196 0.2328079821532976 0.07593910984624952 0.21276043928803673 0.218714429115665 3.1002197835149135 11.274619276567323 206.99396777873056 0.6299241311332353 11.421341923140714 4.4194476829072435 10.053450992183507 0.4319008581357623 1.4083109339260425 2.2935850997366476 0.3874491205753378 0.0975738164710968 9.931293478501571 9.56526502330779 12.644920664704163 58.326550118084896 2.7116794302727967 0.9782402047766211 21.30150056506014 2.6813953922593776 0.30285401768759274 10.995549524123293 0.05160210362457297 0.17959132481596943 2.283859966558905 0.43832512727411665 0.07328791598391006 12.127334826616051 146.95086158689156 2.5973914734535826 19.953429056281873 358.6826804662017 0.24814775229593883 0.1444500833632985 1.5082486958276584 0.5212810567586262 0.8057908121035344 0.23514587359150518 0.0337302933469449 0.3385379261533956 0.30455037393219675 9.983038014537781 0.32291917278222176 4.26494644080395 70.79974197453859 4.8239371322645255 7.372192823197805 0.03344885701161915 1.7704783780510227 0.13416080282199716 0.7729815408956553 0.4503900100889758 49.91952625675016 3.069329750533281 0.4989845526638445 0.6044263271179561 4.006446560064055 0.2809741392188102 0.6305758316527459 0.33650480759266604 5.953274605377789 2.2254866741132804 0.41349948292819055 9.866749941929191 5.58083869310882 5.374795094388403 1.1344945774034827 15.83978929489918 23.42052328512735 1.2199295723045571 0.951176847446067 13.45120484640413 7.348941405150055 1.2210444458152565 0.10864321981613721 0.07101340496729246 0.29032892142719047 5.436874186150051 2.547861728674312 0.9770312012001783 0.9985370117609819 0.649374267297055 1.3663379635076138 0.7061318909295031 0.4428299393689684 5.36057837792131 2.3852147667346912 26.066219136275325 7.0328650736327765 2.4053710163065714 1.3160021544208016 0.48051690199753083 4.637298717954886 22.116672466233332 11.918134244364857 3.5499465411891458 0.08259747928599102 13.469425570241258 0.24223058711240927 16.54541005702711 0.5367016696272647 8.741836584660534 30.547425464995666 36.59867578554655 10.997252365053798 27.390402424861612 49.905088691767006 5.722327421205723 4.089579937048466 36.463542422970086 21.192763009612225 0.6126987792268255 1.2626986335133898 4.9962255257078665 0.6206083286495386 0.6447837862955234 0.5456770445477473 6.9360004044640595 7.052133002408079 0.12132094764521041 11.72439780985384 0.9753312243825678 2.1633912290918853 8.206790041366556 0.2576732989806137 0.7257062796181277 18.669159919428054 16.559371123644414 272.3334086731017 1.3917082967203183 1.0557660711009267 0.07073797866013298 0.13630126860019565 7.684743256625124 0.9838689430079489 7.6875256961911775 2.821342167534881 3.1034195794044477 5.274778191649218 1.6541006590514509 0.16801308588106195 0.08183570321397099 1.037702523111819 0.5749586473737837 0.6037171038193867 11.522367720767479 7.061549724269038 10.767843946774061 0.559240256089598 9.358576031440114 68.53096604292138 8.773048003655102 0.3144629366175316 26.209538302913558 1.271196138831419 0.20645742918533277 0.8901892827716852 61.62242004278213 52.86346549268769 233.80163619506413 0.8486548740772764 6.806914556532175 2.046028215290101 40.99191996849152 4.367689635598201 0.513864636800719 1.30325402185818 177.43016114443816 4.174980267981938 12.29572390973768 30.1847829696506 11.172321281030014 0.4418734367117664 28.75839747901317 0.2540849699566515 0.35808099882044553 37.36990894203096 0.19483062244572513 32.3615913134055 15.745185388716553 0.5037113373601289 1.8043194195882286 79.29603832310347 342.3198137992551 7.327213167865757 1.901127978338852 0.23530108263744434 5.3797738380091324 1.504287106705372 0.8007814972692757 0.4281804415497603 11.604549300368653 0.5052228330125552 10.825445050452753 4.2537401393401595 3.7613115449082266 0.3450127945821448 0.10413203956259073 3.510490956557857 0.19395410684484962 28.848901682981314 2.1255332128744495 10.481423960622571 0.6571478171508964 1.6085226903913954 16.110711421675745 0.8101256545040373 0.3238086913112826 48.97376038034833 37.417206311039706 0.6580280953576465 83.42855528919144 0.2979037091518891 44.98725943734714 47.92154555099125 2.1606324393924266 0.23590566408807737 0.9329343526151521 0.9235003680978963 3.9670961018292723 0.6828876945373543 2.413974059998888 15.885666352128887 0.2753968071558652 0.3558048026091119 1.466704275930796 14.927970532624096 6.169858445426346 2.386352918548205 3.3209747235085545 0.030184286752601642 20.54183731871204 19.80551660252009 232.90219157328963 0.7581121515920282 0.4465696840347931 0.1992006533573674 44.21287555002337 0.2999848009066207 1.1628420474377608 152.82542308759733 0.4924711926998184 11.767288631850388 12.789182795356789 1.6598539202615652 15.544454333610346 
