h 72 100 0.99
1.5174271293851462
0.8147125469433981 1.0308934343078684 0.7118755969227005 5.103653305457406 1.4029203555406924 1.0931382628131119 5.301583440045602 1.5240175729902536 1.8582047900310164 9.397306218899065 7.450033969917727 0.843535004534323 1.4547825593893853 4.791879131359446 2.5805967488727295 3.294307186678877 0.5708861227702612 0.8728603757056205 7.923501928763571 1.272210372771675 0.9735944713841899 18.018672111511453 2.7890222139847403 7.357032230799151 0.9609134058827294 3.53361900134818 0.8495968887119734 10.925836688025674 0.6233518120514826 0.6892591137389884 0.6045498813630731 3.722830205358863 4.2747742351397475 1.5014237315665246 3.5527353964059887 3.193491536763684 1.1528974503832974 3.0835240172799097 4.9554024272129436 0.6080688691667857 0.8967890894397308 1.1762875925991698 1.2282904781020678 0.9120488256087241 8.489113302990651 8.466677964821896 0.9353107219625438 7.717463646948127 2.8146342448636146 1.1600618422499909 1.961954848649201 0.7851712540682475 0.8178494906870438 0.7579480196188655 1.7156547722301447 5.191444128537909 2.874362756814751 8.700098812923278 3.1970084287624196 8.564477803315208 0.8928885796596993 8.685062297602261 4.860752606647567 0.6415368646443247 2.541224583527114 0.8765570100649884 3.6474998946244868 0.96772579810314 1.101172262689444 4.606011073681887 16.112979992937277 4.088071536946821 8.56526365370362 0.8861159948388929 1.1553971395964182 0.8300413091661939 9.891801266869145 0.6728835474983103 0.6418638544530592 0.6058721630059101 3.3243256518735302 5.129720291636761 0.5654181195135116 2.0103890761797985 9.12379563473777 10.165894253084163 1.0739393291077246 6.409668609706127 3.2321667841341832 4.516040935137103 2.090378600530823 1.1567337827538688 4.541737773874231 4.43267129485619 0.7230472449992309 1.0457391730347738 2.0074380108017764 0.8055312072735739 4.75158969861774 0.6329455513925725 
0.05766334370674059 0.5997274051321536 0.46713031164088326 15.117943647272025 0.6494013262550167 0.2537053670046554 26.08195531232911 0.14869552831786978 0.6251921716249296 5.2208409252701236 18.673066565532935 0.030925854462873603 0.2713028511265718 4.489133641403036 1.9806368717084428 3.9989363820505868 0.22362362751617781 0.6129947401132732 28.896332562464337 0.4210206176803265 0.8851437356162452 249.95428270178334 10.867998374486884 22.62259242829079 0.0713678908023021 4.374870591057188 0.3947407901581088 127.2226144077246 0.07207574581634031 0.7090716356929427 0.4191619828558214 14.927759022762881 6.9130160549521875 4.3969918895147435 9.09613850668003 3.6889513004559 0.5747944771299253 6.972608693145431 22.1367019071574 0.5750969345520746 0.30263451725646656 0.29909273469715436 0.3102322679646552 0.18629751474190148 8.673722248459361 62.100068677102996 0.8320206340788927 44.98747932028875 5.854150051904124 0.2030855561916213 1.3798217149352914 0.3248135185659777 0.3666813796313157 0.05658655995976415 1.621811050537502 4.342120395191342 3.0976905053003434 18.254056094563712 3.6057364224921407 32.4377014292678 0.29170567767112127 27.43975328442453 38.38422894771174 0.2062041182935481 2.282186563927548 0.17794535322159502 6.1687878920190595 0.12615911474280933 0.8048001517576292 9.352722375029302 20.05825668296229 19.452885469315156 7.0401801546784935 0.5426594429717952 1.1030720956029545 0.2794543152898079 43.38749050899729 0.41362066982192514 0.1797363956599686 0.21564344322546283 12.795304838699916 15.826594082501726 0.503736828652687 3.4880102420697074 32.963197792136384 27.381392519378345 0.3890359318990292 16.130204207374643 2.762171093434345 13.967165479908639 4.554524180221289 0.503105133582175 6.393893595435023 13.598591803044448 0.28582471317300606 1.0290373946053262 2.189054382971878 0.35875959013608855 11.500265256738343 0.6125196032574504 
