h 72 100 0.95
1.223873415340408
1.4986453911984303 1.218261769362287 0.8666447808225873 0.9045436807092049 0.812699538117568 0.903104899831235 7.870597253130002 1.0019101103494952 5.873838673238098 4.670719251323305 9.265456758164222 0.8439211566966033 16.04673764559999 4.738976453930273 0.7316709835018864 4.252186392168488 1.4253070100662686 0.5397650317952523 0.7273648046714339 4.787280655118874 4.348774598274072 0.9683538129234136 2.9838070835770925 0.9213164457049363 0.976732295511112 2.5985898021914133 1.070401544900474 2.5686132520051372 7.173715248765587 4.36285307138657 0.9844191599605815 0.7694500998002614 1.7778314035009066 1.3371321107078058 0.7169290604409562 1.010546167581102 0.9657823438064225 1.2006952773184674 9.691233180229743 1.3081228259692925 6.402324783799742 7.888240911732066 9.371579887233736 0.8639208040550288 3.9928463499100855 1.2727782770643152 6.588329238223859 1.0687741020013881 3.9204112337571675 2.3110880948852395 3.654254774710469 7.690156283858955 0.5797537959116307 3.8419721690401825 2.6648006873633947 0.8154976966957268 14.003745648105474 0.9239867727149771 0.8192629234895636 4.205618704891843 0.6736595107735729 1.8173778161410015 0.9344203964471072 7.426407483570686 0.7386816308381119 6.140389096582897 1.5547328023676554 5.767887307125245 1.2170594815562445 0.742172776557183 1.0385802974907559 0.8429745193141694 0.8732514895743247 3.286542797901743 0.854538104831524 0.521246279165428 5.057883241317607 3.230913716709948 10.193797337828665 3.095020248437083 3.1256237213579743 3.1608714392645707 0.9143544193068851 14.15676957352372 5.881310354178985 10.53917653397606 1.2337404947745956 6.302218121496616 3.8480625503831605 7.3910823057020485 1.5255070478039447 2.659613355418988 3.5882045222039523 5.995847121963491 1.9090474703573928 0.9717004394141812 2.923023060709534 7.1667624813694095 0.9074184839006467 0.846870846498931 
2.4104986231287526 0.09060057001244984 0.6349366992296848 0.6536209890126731 0.2854369414361538 0.2610925423878527 64.46702979855615 0.2508728692172365 22.8572173360001 20.29975718072786 18.3596065970242 0.42766675744418436 406.16556544195157 5.827938330769729 0.6015717284475068 12.071725242006467 1.2837102803938463 0.3938660917157486 0.11171663143726154 20.376073748274045 3.6499880274364513 0.20498761931301357 10.683695246495065 0.26113768751495825 0.1228769859833414 6.03623726617242 0.48427784871108204 2.8899754996585605 16.774424825076014 4.0652587817290495 0.22493404065050004 0.4855457571177904 2.0437617555331737 0.7723295221342534 0.323631834425878 0.4184810215095424 0.48809288345553287 1.5830815945131378 43.645474961370155 1.991088648381826 43.67618659559066 23.582394484738757 26.6323303641351 1.154201968095407 6.5248092988916 0.3193236392117407 8.373613190848268 0.1257482814711972 5.936831973488291 4.573140334907381 5.738471021580541 50.411951870242575 1.1494640634625721 16.623926636513453 1.7908463820537264 0.5785489565294943 52.005116226243764 0.23458549306597212 0.3012527327924624 9.116964584184188 1.012652526237998 2.5542531003746225 0.578116327211289 15.971450499910485 0.31123620245205025 17.04581076879951 0.7215263495208312 7.015745730009805 0.3564892685298367 0.14293641543951746 0.5001365810521607 0.16715313486056088 0.11540249037691272 3.314268724895838 0.5274508584327895 0.16886713264410932 35.75270484084503 4.253759628511804 31.509382870154486 0.7866256612561945 18.7551786703709 3.8945943051581158 0.7595017897861495 342.7928029845644 2.9918001799449057 17.423588584017363 0.04143661430348965 19.81563075751918 6.035435858266863 4.794240466304081 0.7079541966475811 3.281857178562098 11.736238359941188 11.622484919899625 7.607589195378869 0.2566207782457917 2.5804045743670336 69.77692877919513 0.6538670936730799 0.405646262640665 
