d 72 400 0.6
1.224744871391589
4.279886089086366 5.322865014123758 1.6378242913490477 4.680236166966252 0.7350802615074472 4.344597539928807 7.138075044108427 9.103507307704142 9.009306752089897 4.8297881677996015 4.964763862425676 1.107494218705652 9.633663421304668 0.6885020755126037 10.671232108934692 5.038210200108216 4.0924483532365095 3.6974271534918297 1.0506471069421082 0.6235523553441579 0.8601106251478855 8.250423692003487 10.62246660331095 1.0578943903025344 17.16124824817368 2.006292905092964 3.1864729792700204 10.514836701152793 3.528549047496862 0.6823271556853985 1.913078516359795 1.496936640209148 5.516498143302622 2.183155369028211 4.311784102211969 0.9771766451721603 0.47769455829755536 3.258268881261005 8.872020860374104 2.82163369144527 16.514527775795074 7.479117310041885 7.262963598430569 2.5753639937335886 0.7585399251680357 5.129863762458126 1.1166347628906592 8.264991632845149 1.0911549725202672 1.0073189538200187 7.778229314620997 3.7184816589897105 1.1597136244159152 0.9083715730464632 0.8798377311409292 3.215978236482523 0.9005124876248771 3.962499128741743 16.175900116358573 0.5301458944851719 5.979402259514353 2.2350765083779502 8.065900659654343 0.5451185641552809 13.112290333138283 1.5717989749086305 2.4807802446496074 1.2647165696390166 2.1124806521093378 4.4121984881108 7.352613942554211 6.929261497235356 4.880386867030553 1.2484136356978266 0.6818049349351555 1.0919698437895604 2.613997069277053 1.2567590236816681 3.974401972591416 8.998662623334441 0.7932246019333994 15.913222707116327 2.3079456586531806 6.155787776209055 0.7178679595372167 0.798989302691274 2.30899438432266 2.912793008321144 1.094362030066253 15.925363691536262 1.3319156738169284 9.097937801922559 2.9495994319656766 0.8708740932619993 3.6749027244147188 0.7748338306416893 2.7330462398048634 1.2748105722956273 0.7585542286164606 0.5609278799753822 2.4813046779710106 0.7362491480277252 2.067282529883353 8.960861002981458 0.5143489082711571 1.1154217587788753 0.9828488651864838 0.7460116505078895 3.1028343276807626 0.8130459152680543 0.7823182656846677 1.099713550894435 0.7666241238764799 2.983039297559181 3.513281257515888 0.7568863984662401 2.291477417051215 1.068006826166008 10.315104006645475 4.777035626356729 1.2297407156641675 1.416560415181901 3.8690191302539234 3.2711206010613307 5.016960033709951 2.2407591446449038 4.659967601551544 1.0560762416836857 0.7385495929210628 0.8117334809250363 3.0099865935003285 1.6690536770875488 4.401439505111568 3.873108643795839 0.8430198742786503 0.4880946024326288 0.8631849097590337 1.5089901750279828 5.705042556413389 0.7740615265030012 9.317072368109683 5.21822779822162 7.786844400539527 8.37966028048497 0.6279869537598944 9.262579895140414 2.0409061830834627 1.0742923278240804 19.75306081056521 1.0133428014697685 0.5992037651477744 1.6593410425801682 0.7713411705526789 6.886329924894376 0.7080056795153461 7.070147254837303 0.5984598639994076 1.6434661143026421 7.095433373482414 1.0252507985060968 1.3203962753437821 0.8175942748611127 0.5580325051633046 1.1089302072803215 0.7005870054074168 14.217054298235231 16.778110201343125 1.0125066959333093 0.6931596909642851 0.5920852399272459 1.77683043576495 0.7496717538161842 6.775633377852871 1.1172233787767352 0.822768037348479 4.767316690668824 8.611843640774584 16.22531626380018 7.602637638512528 10.897441556902402 0.7304207382946746 3.749937027293625 3.6707070877967993 1.0834323342134575 2.5586753959545843 1.9302861349788512 9.862725433623929 1.4941270163985503 7.600546708432968 0.6299545022559982 1.9509485953868966 0.9415751281569398 0.8519410588062635 6.992789712961999 7.605813776633893 2.899746283338276 2.2204826728112677 6.159655416244027 0.7082335373160589 0.7803527106966527 2.211713176663357 0.652112671616207 4.3296294259518335 5.342538840157923 1.0748126559484104 8.329512916995832 2.2862246266639317 4.520433169589989 2.3425481639538854 1.034617729322031 0.9368876425118061 6.402146048402255 6.5003243472054555 3.3477313676288274 4.024105095972797 4.702801736598401 0.6671995951295883 1.1826197376467251 0.5607621669237501 5.557155011505029 2.0163699374797264 1.122374093194941 0.911677570384927 7.457622047315994 6.335378631339626 0.5316189388612543 5.2637935477126465 5.866977112392181 6.862015458332244 20.20514438883306 19.71898360542961 7.107394184411077 7.138093679138807 0.6111127093092795 1.0708049713922256 6.929013155907236 2.167001683201781 7.071620743395241 0.7831870363204171 1.1792457492441903 1.4262109852942395 1.3489637964418328 5.435185672375105 0.8458623303834379 1.1263917860378134 3.4475448385318535 8.16788367645365 1.1396565402256515 9.978725639893863 0.7481713098037558 1.0493985468647233 0.5565193310936102 4.2063062554704675 3.3711711978398284 1.8413759959732425 0.5933059657593166 2.853200185786037 0.8045324452055195 5.712833651264116 4.024553895372492 2.050201812495887 0.8263585116477098 1.149773368366822 1.0411785549589327 20.62795009427356 1.0497262989106682 2.9117644578101984 3.0718860179618335 0.76481102736951 2.8457618904317745 5.817851770012434 6.716310742980388 5.006268889975608 19.144307853408474 0.5341405880631288 1.967026286221623 1.0505340482052472 3.1515778244710577 6.456326188766141 3.3435534242848277 1.7391861182451445 2.7563278486589193 1.930454641896386 8.88032326156611 10.233610190115241 16.979033681870447 8.944851013776333 0.9670188657736334 0.6953274899666816 0.5685056068564193 4.5488305822779935 2.8760261524699704 0.9323146892144492 6.656754183333639 4.302612146797855 1.1246035333482742 7.768863867847321 7.432640457698622 0.9499296893493478 2.2146626199999786 7.464389162861882 3.3426047693722336 0.5163365979309029 3.185381997090985 0.5488505939572422 7.477957465266097 0.7089980326698726 2.2892659209325523 1.2426810631668557 4.635262473970012 17.113160083692776 4.128070967301656 0.9572721998693011 3.880261752008359 1.3411890437806429 0.6089596444423686 0.7043365744886735 1.1459585283698686 4.416004564613385 8.572574825690541 0.895610953900278 0.6726837691248122 0.6246010673687045 0.6487055739975236 1.1442118167630402 0.9701755385261418 10.11620062266769 6.918932569107948 0.7556571204937266 7.50750646840918 3.438470529912446 8.180685115662879 3.1624936769275145 8.64429037399045 7.50358357752357 1.9878631572517655 8.446846999633676 3.3840183716964285 0.7147078992762204 2.2206246608402815 0.5885371963021907 0.6409748142327404 0.6764880798946526 1.032680058581512 11.940431804525627 1.0468946244083042 6.6485789641481 1.1696250494523863 1.5712679928512907 1.0282175650315015 1.1491392934561226 1.1071892878130598 3.0893170699682764 1.8622775131659342 6.136879986947178 3.05748925095346 3.926053240977415 2.9098874660019 2.056955088584583 5.752379972600457 6.785847925613353 3.034615957104352 8.9853414386459 0.8953334082429121 0.8380700787188782 7.006586893169906 7.574747340208618 1.4532426688718947 5.840975106037116 0.9637979659054945 2.8946794886399085 3.7562258734788374 3.8703272953600534 1.1337844573395248 2.704096350351537 4.70879438150637 2.1491542524632403 1.0990719225840007 0.796295547203562 9.45082857308503 1.1750189582488855 1.8361193667448867 18.515856848940683 4.0051843408564425 0.7509785075125008 0.8783999304081258 3.7116688670359284 0.8366479218034065 1.0231682836945402 2.3918425674515142 1.7867353909317978 3.8687352087819624 3.705210181935663 3.0266407349644027 9.142165619059046 1.9533205188734415 1.130724091514438 16.80050861548251 2.5270232636409653 1.5256349863152456 
19.389935744304506 30.295553893798463 2.769216796794972 22.260510428179334 0.550244396059058 19.342037523449896 53.73278580175339 87.79280477303325 82.07430243550439 24.049905257186108 24.93427032808532 1.2383781033534274 95.19965541305625 0.4787548402765761 115.80335310117874 26.851371322919263 17.54281671262715 14.046562604591783 1.1360924854188177 0.40785139695925887 0.8043255701444008 69.60175051691841 116.18230680827435 1.1269440963574253 300.01208982339165 4.2350256978919365 10.427964281786336 112.13705655375698 12.552765059941958 0.4893256101790129 3.7617498549236155 2.301956160087892 30.885583565491253 4.898165086492793 18.68069426879565 1.0051192865832812 0.23243372755925093 10.82978424045402 82.26087899932216 8.535216126214802 274.6456481085373 56.831742030850975 55.26564021094597 7.013781607458048 0.5941856177977981 26.373436825960127 1.278531782366643 68.7828108652697 1.2028806352336967 1.0682021173807346 61.600035265867085 14.169382681260345 1.3607372007695762 0.8342449181378866 0.7951028112217798 10.446337224764575 0.8127619497594996 15.974045505255694 264.5540283555185 0.2903710657507766 37.28729932338671 5.128953020818682 69.37743261362465 0.3139024211900557 184.57725463933204 2.5706571141278545 6.252100021793841 1.6504166319475457 4.63164362749959 19.686082212312407 55.750406506684286 49.638110771309535 24.632241242527375 1.5832390438649389 0.48969170303616955 1.224786407757729 6.969529460259142 1.6297727960416488 15.902323939998864 81.4136547561151 0.6349150713216539 257.84806602215616 5.645171330120292 39.2809508717184 0.5263806444817104 0.6724003439819528 5.403950990644403 8.728740182978836 1.2548784322056483 269.3210942345763 1.8053896392313384 82.94678354942683 8.884458216412936 0.7630941680615734 13.536174301409497 0.6029175307536848 7.632584512050725 1.6729832758194234 0.6197722290999376 0.3198297899946931 6.244772450288815 0.5834112032938188 4.290925867643611 80.91035513001255 0.27764602535596117 1.2658976288655033 1.044048373213373 0.5618276628082293 10.040800102825518 0.6725546863247795 0.6299783687617414 1.2242667681778925 0.6082796601954322 9.28188825631689 12.516055620946842 0.6003417210533116 5.390920517991339 1.22118378946473 108.3191720253689 23.525339909428286 1.6296790093658828 2.1358376366696605 15.037170351804443 10.91636865481049 25.49140986324949 5.130911306266246 22.19661928007656 1.1218411085225477 0.5516721524595779 0.698908971261403 9.380246205441141 2.96502007916055 20.640198817703485 15.026554896357196 0.7171391242965572 0.25245419809931996 0.7688730701781233 2.3543180220785667 33.14867914802944 0.6367757069869775 87.64067080617747 28.11175574409991 62.165378850966306 75.63336484968815 0.41123708647435836 87.44364649054432 4.252367265873288 1.226530941256922 391.9893405774145 1.0800831301369607 0.3769709338358721 2.78106887000199 0.6439012714297399 48.321205287923384 0.514967600681367 51.85947185993788 0.36934301600410563 2.890414998897313 50.444616231919674 1.1257079105370704 1.7627609880088333 0.6979025875741888 0.31995230257544127 1.2484806647923756 0.5242277536248442 211.8351579782577 287.46634336013636 1.0445217387989316 0.490344336914567 0.3533799493645814 3.3390597074141826 0.5858850578161774 46.96457963848389 1.2553236668415395 0.6852833853254359 23.417562749733936 77.83432797450983 266.7923458895374 62.416133610184865 121.14125673140143 0.560999981452814 14.239238304222251 13.544034914883738 1.198168649129517 6.65131413575408 4.032225532511935 98.96639020098907 2.2605553245918744 59.07877532394522 0.405765960824274 4.086788149144098 0.9323556429705518 0.7575966372102413 49.1339792983542 58.4934539473758 8.604935619499013 4.950231743958327 38.510361500666505 0.5341594411251571 0.6451845184147145 5.144009413834239 0.4527745760218002 18.874992534920665 29.995324968958883 1.174235202817974 70.24475018834376 5.2628524345594405 20.7763582703671 5.6977055289356295 1.158821255691672 0.9033498618907193 43.32293008314842 44.358353590499455 11.606559800800017 16.550193967795977 22.418471938772658 0.4539218086807943 1.4073781486254247 0.3197382962738565 32.13160219880788 4.344864833455459 1.2776708195384503 0.8895256386389427 56.33286283640189 41.07067633677602 0.2938841261359195 29.32877987855743 34.51994956225683 47.457683597427355 416.75150612185286 392.95075450595374 53.07312862930672 52.18400655172982 0.37711031579806353 1.181841671698124 50.773919374486724 4.83497398550929 54.01881555259109 0.6321870759820601 1.440074710221704 2.0552966915193562 1.86920659410738 29.821617585497822 0.7430087576711801 1.3172704942585898 12.62900166066848 67.63458996021895 1.3217307719158609 104.08600097890005 0.5804329074566128 1.1301657693908704 0.32347279326017564 18.066059522973582 11.65492038655576 3.4886629271981278 0.36151829027779375 8.29687859133592 0.6762935123997748 32.7596433585074 16.30229073365062 4.232143505312497 0.6926973639023631 1.364739497395381 1.1339683161256513 437.4190157333685 1.1527479741366422 8.536420576444936 9.565134953867624 0.5981298252597284 8.53642140573543 35.06980836540769 47.5864454911994 26.402576397130428 372.4688051386182 0.2928397149842001 3.949915888001644 1.1378626480637786 10.400456177676297 44.2381389334949 11.555711944974881 3.0983664275549794 8.087481898379599 3.993040906959291 79.63360040551551 107.02245386853726 304.5244492356885 82.9672346715996 0.9707556944078249 0.5021441878382562 0.33228295945211495 21.07524102014202 8.761807921353105 0.8747715997118807 44.741451272564454 19.39321773025105 1.2704443533877896 60.60526289977305 57.47917541302108 0.9428775318024727 5.225830553246537 56.318877168666965 11.570254464440282 0.2733937950449304 10.22838153319071 0.31171006715152727 58.440575956826436 0.511709183338736 5.387791827080589 1.565658382292725 22.572132678428204 305.18169890672135 17.273910982388887 0.9406983535821035 15.525585356708081 1.8622816281167367 0.39367567680052373 0.5388260980684695 1.329593837681631 20.462756275412733 76.58168863319987 0.8294019407388911 0.4558418477910761 0.39297950206878607 0.45026109829784455 1.3498035375369795 0.9628356472090567 102.69082130720396 48.08477909385297 0.6038587606656439 57.07149352388733 12.19204057009043 70.75859788813536 10.301471645209688 77.11498354607248 57.9736026525825 4.219983796453839 72.91163530963003 11.874492930073242 0.5560306010094294 5.109233280589438 0.35924293606244495 0.42334777342442753 0.47269590198167377 1.092414261939125 143.36458513606334 1.1263607654895151 46.590159363974244 1.3761780222280906 2.5705624505352347 1.1253210756173344 1.3348813590996642 1.2352051207227046 9.626458617632021 3.485182899787989 39.27400467869645 9.523236307606876 16.16302939478796 8.670442105440097 4.274597717215788 36.17838115071035 46.72465288099704 9.262304325451934 81.64080739711736 0.8136698441725937 0.7302226191538188 49.43935533185668 57.92359275704481 2.144120651571616 34.35332263811149 0.9334189881997411 8.461481045745055 14.205526895379469 15.14283369868936 1.2940141447467082 7.369032248106546 22.674782775322413 4.708329243644971 1.2459866449149375 0.645136975888609 94.55311935340329 1.4369268402787898 3.5404242661770886 353.0410920948362 16.19773012373911 0.5838787206738728 0.7917848377302502 14.227182366519026 0.7312808083998698 1.065991233738002 5.78127324340999 3.2966525592978875 15.295689008321972 13.941255280067354 9.378508082538357 84.64014422836001 4.148952797913962 1.2918061312340032 296.5591199443522 6.420144671177292 2.3564908169654353 
