g 72 1000 0.99
2.3263478740408408
0.6818776749766805 0.666941195860264 0.5704111932506873 10.208003334420725 6.357796990826946 7.4046644969956095 9.367079333648723 7.617584429211154 6.8338327257275795 1.163576066017082 3.3654055822407414 0.7297516741866175 8.086002647328147 7.353610231375903 2.1495741733589133 0.7206677527325187 0.6278540889690052 3.2051314896955474 8.98466278879913 3.5388971191091687 3.485418865046366 0.9446829814092809 4.882903377668305 8.46360299800651 0.7433271436344658 0.726210323669074 2.8516741461627193 9.756064939646745 1.129063621277485 1.9990007686177502 5.350440127233664 1.028099038006054 12.03813523842073 3.67532635371011 1.1954039935029965 5.796310178822979 0.7450618060804933 1.1488217559882807 13.640684761118896 5.871568429145558 0.7150618311007194 0.7640718564495775 0.5235778116647125 7.019407211789059 5.844504265901679 0.8002964643359363 3.6968209065423316 3.266960509407081 18.10654405313733 1.899352520930141 3.2544072262876407 2.0742522523677547 1.8149292103444032 4.2448973975022355 0.987744980374936 9.64021953834156 2.501556568725477 0.9915351222902277 0.7738322614795538 0.9560902283537491 0.8706189356147359 0.6490927262728051 3.5679694761306155 13.287296750670661 1.6281960645546503 2.2291689996345307 0.7975006843971351 0.7690396835357545 1.0878318818069224 0.6807168641010158 0.977007899007323 0.9289299811657377 0.9155929476257335 5.741420664118074 3.267975225148608 1.2846814706216059 0.8600323279598279 0.7442011170216724 3.1627745580309274 2.0756543440435795 3.7465640202716735 4.336188579834973 1.3581565208462372 1.2554247949676087 1.3114880834359135 1.0958813892214603 0.876506512239279 0.8124807399418 0.9974519999780601 2.2954976312762048 0.7518074213505659 8.563927083582374 8.575853850747261 15.393456439176397 0.7233970880944779 2.3065750493297017 6.538909383756675 1.0246891659633959 0.6678588669611739 0.685678919652948 1.0017227222707945 4.539769956525914 0.7534905678721295 0.7966627128693134 1.2822834437121418 2.7510357979216558 5.1226259593427965 8.922169655943627 1.122593165323897 0.8923774601183689 1.0628905229136676 3.936356382100746 1.291478035108904 7.624497366384286 4.068582979017258 1.135837004186448 4.2372938136455955 1.0434839301641103 0.6680781408546806 0.8144940818671094 1.3716247220764244 8.13995631011259 7.874945470232477 7.118828967713838 1.525347313293545 0.9172931330774867 6.7303399458779 1.5282866554017323 7.880971054547785 3.5028364942448436 8.795715941334146 3.240426517053757 2.7644608167256965 15.60300235694536 1.0124969274968387 3.3266496428277685 5.761468911758715 1.2574170877980335 1.543120158660122 4.046209946060433 6.168732561055031 0.9944071700140237 4.1038677552008185 5.88390602857269 17.188789641616033 0.7770382848701902 2.0458879312000073 1.1081772912027679 0.5853206192743136 4.316022146021875 0.8135157070172291 1.2067100442921217 1.8100297104641243 0.793848777117652 0.7395130811756389 6.140106102668499 0.4677455119238749 3.042024099603592 1.0739971000107769 1.610222503187723 0.7449242954213775 0.968012837742594 5.77463563087021 2.5971211550240247 4.321797768358548 1.3221443492793965 2.95448945155471 1.96449422121002 2.491764362226567 1.7574361100592748 1.5552311878730252 2.242959828430999 3.365502006522231 1.2409164976009386 1.9082246410235917 20.004114199824382 1.395047440487172 5.954515978138849 4.671427558259767 1.8100581179291355 0.9828176741046695 1.5102904935389478 6.218607811724686 1.138023219288626 9.559339541931768 0.8479675392920241 0.9485568161993233 12.002421011161784 0.6508495256150717 17.876007205215412 0.628007795356653 0.7251385313987068 3.875802390467884 2.1964341014890305 9.299711669370156 4.119456577506119 2.580400450558048 2.222807317607577 20.12121315322508 0.7001122451781402 0.7441734872788748 0.8655536450371489 0.8318233704994137 19.36555835492051 0.8894855620577099 4.0039267227067725 4.342307411543254 1.1336876110809098 0.7228146404590091 1.8194903076294926 2.7405238650018466 0.8575712458416097 20.069513895598867 2.82893129185046 6.71136273749547 9.608711561704016 4.423233612647614 2.1295271415120904 0.7802506019329642 10.415994669292962 7.1783911847710575 1.1570704665920906 0.8776007542441404 1.3869270293369218 0.9378355049028401 5.064166753194137 6.136151549924905 1.2102430080973432 6.817058544891076 0.9299781397618282 13.715518790104804 5.921174877224283 13.401598577822805 0.6423135826097608 0.633457038718323 1.2678950729074479 5.016715162258351 6.116532745260854 6.3200885134578435 4.233093668908664 0.5522818252756271 1.0623359215790726 1.6833640723477792 5.400519216751479 1.6414287590322059 2.141145737992005 5.183886009188789 5.608056489096619 0.7105534672706068 4.917625830836419 8.941750343535046 0.8597278139320281 5.800361244881659 1.8273653965087253 1.6412240238772107 16.229538036018134 7.7479646266907825 0.9714589856109057 1.021202750169926 2.6002020811933257 1.160181382273967 1.089622395637784 0.5477042685923283 0.9777358859014037 0.9772335160117711 14.496993076460797 0.7099973654715617 5.410030176491895 1.2122550116713646 8.028838771207507 0.9305488543164522 0.8542471190542918 3.226287036270633 4.319911650247001 8.186358451722619 0.46728016718583953 1.0709360389603257 3.1434838659187863 0.7543934481104392 4.872143802631905 0.6167994028219158 8.360512841859931 7.672812341566545 1.1261001892628026 1.2489806153468168 8.348435379731264 9.61054185593873 0.9995172310791429 0.9035179185959528 11.807786293417346 1.0116440252517653 0.8475901874783858 4.770021514698398 6.972469385035824 0.945443510979915 0.7887989143650195 19.009116594975584 4.395515606732184 1.12010624543266 1.148558895353911 0.9622381497477166 0.7954340700850479 9.766438378337893 3.557960492095671 1.9559375313924365 13.811749969469146 7.91518580880762 0.6091966137204043 0.6832925911960043 7.347058520331927 2.8622639467533353 6.478381704743476 2.636403097837757 1.164537255025186 1.1464713464707754 3.757990792692644 0.5705500519013179 2.8513525717954944 0.9362356814537398 8.814855482611454 0.876747414096115 4.822397531028238 5.334443432366534 0.7961459773958405 17.723805144210143 9.239490579857973 0.605621864228458 1.1744049451873648 1.2736218912570485 12.220274606071131 4.431556412796289 16.468351477394652 1.1792142431638046 1.0956978837829892 1.0723917987636242 6.594891992204789 5.219373971428304 0.7241349474492799 0.9096476012170459 6.807131796544483 6.774649060579797 0.8989575822195738 3.6622198361889766 0.8501981518071361 5.657171910501445 3.264597709068698 10.154311304122158 9.973018624062968 1.9373016467300552 5.752469181066296 1.9581075189134907 10.676208100052051 2.770506844463708 3.8395570867154225 4.51436596420259 1.6628331749437635 1.2626112124962954 1.4367991768235846 3.269555539488379 6.394208936289866 1.1466243971621481 1.4184988531925085 1.610784161271526 1.8416046672188278 1.07202568121083 7.1187793099293515 5.873318088082126 6.813176759955391 6.0653222405645 0.7919132146303703 3.027624291600092 1.2650347689400847 7.349062879763295 0.8562109523645333 0.6204057172989094 1.2719908725253495 1.144493711131815 0.6778823826132294 0.806986763229035 0.7418354766582163 6.80208864474748 6.126878782541814 1.0526372116466696 5.605484472284321 2.6676770551806332 0.667168783098336 0.9762570771012867 4.818671489888197 9.54271982539243 1.0522905990248779 0.7246677827891447 0.8380209298735888 2.809785088287074 5.098809336787307 1.3126045340863555 0.6979090398360223 6.538227870370033 3.4665849177702412 7.641087619022966 1.2472284191210172 0.8018775733572016 10.127978055767855 2.2182846178629 1.1692711008112857 6.2590644204078805 15.261220147479774 0.7618372452061296 0.9712426525986855 2.360993491662674 0.8323017505210668 2.9282040251434873 0.5970177021390429 0.9590819643845274 1.1428783358656116 0.9503387631538416 6.952964929790209 0.9388260423186925 19.176562736763124 1.4035658651948864 14.796603112914807 7.240597355771649 1.162841497089891 3.333149293635212 9.640379270965456 1.4160117836621147 13.452207590316423 0.8302599292109037 10.435457785818617 5.368443835101545 2.9543577486826926 0.645436377316591 2.9558539618685806 0.8301549476214546 3.966578428356897 7.836583008311091 10.442241836070577 0.4362378476051694 10.766556687395282 19.57122667068337 1.1326175845410629 0.9842129379471011 7.070729218232901 4.47349556168701 7.722400478644096 7.174598235607154 1.4008897444229182 1.131493664213921 0.7270184803405996 3.065469328635436 17.95918037549472 3.9034490151899353 7.989062882093403 6.67227775405171 0.8947574319934667 1.7515761535623862 4.989104610733555 1.4887838576617973 3.8015625286133394 0.872261011204348 2.7523415822767108 12.938490558164947 1.4149604783612253 0.7502746741589579 1.0372072152873502 1.2911796379177323 4.607593029899269 11.292013874556144 0.8224263340947385 5.054084921807613 2.277890798486153 1.0120233472504274 0.728440194584956 0.7903695104789115 0.6976136897045716 0.7258070190667664 7.163399748928179 1.3547372252240952 0.6997611502733635 4.706436458673844 1.476049876537358 5.0945602469865765 7.994180189012429 2.7386016746220614 0.9788311683079023 17.622082741239165 18.440161062184348 4.178627026755626 2.0659503066281926 1.736067515123499 1.7098869435627295 2.4084202890759876 0.8573538794574155 16.386744629586993 0.9883993295525235 0.6296892054222673 1.54728178800417 6.620176991710565 3.2058363999175854 8.032811409172654 4.087582679072671 2.58864855961997 3.7211412226271614 4.363742961729819 6.360438708985369 0.5382221370183646 0.6495475683018875 2.87319823166112 1.1521314665318065 1.1731332317873326 6.257727530647347 0.8615882225081871 0.865871241298596 2.591021692465709 0.7179097481901984 3.0333330956577877 8.627858889868275 4.479273876481317 1.1522098744611398 15.025544974020143 1.2868216478788312 1.8614347579847714 4.623513814368462 2.8362313754587336 3.5645444303830223 4.8277417066671315 2.47141263459471 8.80828071170208 1.1199010615603706 15.217391101084203 4.976321362375175 4.799314313046822 0.9293454784391932 2.037349938004721 1.0580092367417469 5.107731298417123 9.221174541960675 2.8297049901434894 3.913870083713967 1.0783709000029713 3.988176155815846 4.9262891289412485 4.611703888629569 0.9815517429443499 8.757286907602593 1.124839055221084 9.76293584264921 8.262251560812645 9.609525022399797 8.365748305289788 0.638745066099266 7.936812199418669 7.629558040776605 1.409627239057791 1.2431886319201566 3.2519328528272484 0.801063193487186 4.059495881237977 1.643123904055657 0.6626881497295029 1.1560530994882512 1.2895655018305137 3.057683266503088 4.430436110190237 0.6653571728918154 5.333757539979322 2.1204314393605324 0.9954392583865561 1.099799209831364 2.803308939508122 1.9157811207256716 16.232802371882116 7.599661905504159 1.107341623964637 4.950584316013195 3.940382492907846 0.8724876580113795 0.7154093850222748 6.696634525900594 9.452484332036597 2.0824592393836108 1.0918759419083688 3.385037449722426 0.7926828181041281 1.341060169083326 5.684557390417136 0.7587624899490425 0.8761273110655866 7.6311320881920155 0.9832361853837361 7.163093022427331 5.016495185324356 0.6605424340206125 1.245730301977136 0.9990061845574253 0.810265671873583 0.6804474269289977 2.1344576848762773 4.2985338780725355 6.396337558414033 9.91704225806383 1.7878080910257943 2.9326479229156868 5.181571005953788 8.211649789965684 0.6584345102910494 0.9612729779607383 3.7590903561485023 0.6112725006685923 0.9258128395754387 3.937668175538879 19.986895992829712 1.0145213416253378 2.103693256432538 0.9663924282346996 2.1981191131320745 1.1447646712665969 5.49618629839762 1.5837540579657636 8.442981459916872 14.02838860799943 3.384432493218879 3.749667811507913 0.5301283891143985 0.8889395140406601 1.453619491949796 3.3758767413662585 1.4171721015989605 0.7074501845755999 8.020413105628862 0.6989764519479158 1.3654486672860524 2.9249318445406365 0.6722623712480414 1.266364140691702 0.9629662111538033 0.7032816996137491 0.6105297826204228 1.159639419768519 0.7640740314381934 1.6906614763909602 0.6208333622494623 8.394346364546163 9.082175715901803 4.918046964925518 6.485485844819905 5.053781689271088 6.09004393668464 2.350868546396991 0.998635662864369 1.2051910649633724 0.6898589441400956 3.0407326040871046 8.434105732367563 0.9415516260745905 3.435390965731243 0.6326527634302795 1.00046971294286 20.085330337894238 4.434282139115478 2.017394513051534 0.9137215185530363 3.915943449309225 6.674279023791402 4.877056234593604 2.5259830436057236 0.7809153322457347 1.2017181171179685 5.448243400652053 10.27905577738701 2.9535147303052374 17.942963820911896 8.115379556368167 0.8164580571668052 4.901873591511019 2.84734786323172 7.503180140073279 9.479980958313295 2.216079377528776 1.5336174496649322 1.2144651656844871 4.362312329403309 6.761218624463352 7.675805976235164 0.7518128087841146 0.9700324977426166 4.600824686052218 2.384473165757006 0.8199493118923474 1.0946420853597332 3.2344231655760853 0.9620502278395181 0.5507472818544916 2.9639809539881337 0.8907344415312362 2.299872992925128 1.5030482610956515 0.8473445734103068 1.4335585511067706 0.9039695373702754 0.995432868510308 3.1032399266644917 1.020316005754759 3.6886993413323577 1.0386467781142954 0.7147710574808258 7.998801697378103 8.7565262926749 9.461501317407391 4.990292522044206 1.3221539471131731 1.2638603153245496 9.046632367077974 3.785217525989648 1.6749406514269054 6.754466487252279 7.546940712675564 1.3609119837344712 1.6627885200620982 5.492107288826147 4.145129201879909 1.2769924496870895 2.609944270390641 1.140639861256386 2.8665808727548523 0.9593202547086745 1.1985013270163714 1.4836733091135603 1.1197591993372515 9.747066581239133 7.9595707504113555 5.371172565081581 11.773918802262713 7.58708552629701 8.426689783564226 11.392549485999083 5.792931146243096 6.84670448106859 0.6626114776039683 0.6921382686903382 5.372864501771397 0.5648340640928616 7.694252627300502 0.5002358650337614 0.9298195391378785 4.575665423092414 1.9326532125837625 10.608870791635521 0.5606253207955118 1.0668405884328522 7.923751315189458 7.483371011711508 4.993550612513322 2.3011519767781423 0.7871149931836644 2.8377734568746633 0.7484250242744664 3.1418219427845053 2.7889976065995135 1.5741442854779415 2.0903946294828515 4.991886471760483 0.6783386230547811 1.7583484913665817 0.812134540117559 1.9083453417354337 1.0785242154224204 7.792179982802869 0.8761963860667658 7.734104733371288 0.6377942370172996 3.161400867083005 0.7985822162002534 1.5181981847069215 8.578195448334075 1.2445259610840946 2.3572220750057746 2.4703736402229755 3.817077549187695 2.7296533885481096 8.84884877168425 2.7782332638317686 3.51566502640926 0.585052310638086 1.8308480300121424 2.2286285280941858 2.1197964824605853 3.6396330374896775 0.821815315635736 6.913135912954763 6.830693918069846 5.324800077233131 1.0793462767915967 7.170388138849451 0.664232212334284 1.9524582209437924 12.47351083448031 2.6607127999691147 0.6688093654008989 1.4650784611440657 2.893156998563273 0.7969204519424151 0.8412877852031424 5.1170007757489735 2.4004981266733965 1.0830008025337323 4.284756340234023 2.8160526175575176 0.4810526830511633 1.207644173013968 3.108434493364324 0.9151444296787572 0.7525909467644474 16.373237929279053 3.223054986264543 1.5882621869353715 0.9703236159886091 2.264092798360499 0.9539043621971447 0.6604172392329939 15.052812075350769 1.1640990380869378 1.9883127656773711 0.6941906947575994 3.8615534608191613 0.5069677348551691 1.2966137764408874 1.0367779480107187 1.0946602100507845 4.0343774449646626 9.008592144406784 0.7679663941250058 5.218911774366219 0.9861076947724419 1.1174156637628097 1.0649206826053068 4.400327124440954 0.5880914279207822 2.2692518674015334 6.385641780367047 1.233500139229327 3.6283496237291013 9.764844012307412 1.4180035761725478 8.423076429775136 2.1224136566028635 5.23676451413296 1.0189036730296397 0.725842076036428 0.9977153226189941 5.759365073985527 3.8954962901241896 16.566743980916936 2.233920014536621 2.4746452771668657 2.8282734316304055 0.8056570497919159 3.1993051929922594 0.9883233542824064 2.5131221703818256 7.277523437535377 1.2356440196949317 0.7266584600207696 0.5119491318603692 1.3371538534685627 2.156155900608437 4.5843277417894 8.015266961888376 11.060999837446834 1.9107093830508088 4.585347289120206 3.930737588652197 1.0711736812986492 0.6500687522267847 7.437362429524864 0.7974841051889752 2.8537698016193525 6.328782225755159 0.7095496415553348 0.7932926792405177 2.174517836058915 0.913362801099594 0.8855958742982397 1.3464758079444636 4.546941575492717 1.3011072182245578 10.198602143716515 0.6398486600502694 8.610944886674504 12.399681214899793 0.9806320294227563 18.75973100092535 1.311967395492574 7.401281819242267 4.170247277874442 0.7077143065085777 19.772211074619623 8.260500395496507 4.141395302026825 6.035467531443552 2.0454498184118997 6.434934401681645 8.615336024375498 0.8487494115323512 13.89972645340503 7.2018930416733 3.392060493009841 3.5141760413544305 4.372925112312389 5.958278539109853 3.02026637791289 0.6033104965517859 1.934652219445383 4.258560536484725 0.8095514252634692 0.5885236931927024 1.8855680949318454 0.8975731567022645 0.8129388157015704 2.6169538658893003 9.557555678168724 1.8099223608592008 9.535795130625015 1.2250316286195684 7.858783156896525 11.84276246574764 3.1972469264642522 0.6195752138192457 1.1447005849391074 1.7955451503255446 4.891787413492894 2.035116078772886 9.283298343005262 4.805588204480834 3.4041913239284276 2.5817211693983797 1.0008750663896655 1.1523809982660533 0.7833614558358342 0.6961211835336714 4.039471599317036 2.9579016849348108 0.7816674823248907 6.567555082631331 1.9022834220862208 1.0741169001414368 0.9634529320836165 1.7929946077074377 8.00416068544814 10.193772770068076 3.300852408095864 4.393104810132253 1.4124054057326334 1.2563617085625731 0.694285058432199 0.7796361067228627 4.6597668913693076 1.0719996885684915 3.8823626235860984 2.5702089068560503 4.4395628455855825 7.196529769707685 1.3602102708710357 2.6102401593508673 0.7201030079658255 8.527556420435092 9.890178658923164 2.6009397079925525 3.046601654262956 4.727749625926459 2.1629649619678015 0.8684001959658803 4.593615038330451 5.803849408225411 0.898133311421065 8.575897508085088 1.356777194637308 1.334458422210439 1.1216263898302083 1.099756156682879 0.647784420598449 0.82429965653944 3.8485615396505373 2.766181442593732 0.7317233272580591 4.367907402545253 6.050737999829237 3.2597936660695512 1.771226062424674 3.2244139507208947 9.613220260109342 4.896528349118373 0.7007345299614501 1.137998348580472 2.537727303412389 0.7074406498643441 1.3892232724315394 2.7586289917846947 1.2717603158601374 3.147771389090959 0.7951781261800477 
0.4827934700503868 0.4563466383552951 0.32711475923746375 106.6998872189291 42.513036550295354 57.992525848783124 88.70244656229839 60.55656133644028 48.37699740946397 1.4207815072984942 11.406851251123904 0.5406892263699623 68.41861356314178 54.67136917390034 4.826091172738101 0.5280078761621453 0.41153598426182597 10.519126545370296 81.80205975002339 12.733330188972968 12.470731721360348 0.9072603740963266 23.97007311597484 72.87518057974245 0.5598472370240224 0.5463182584107071 8.469383388900908 96.66717727881696 1.2949484671171467 4.124081126275723 29.074578868874614 1.089954516606598 148.76399355218055 13.639730263623381 1.4616258352529292 34.854755281171386 0.575382173451564 1.3726876584856516 190.72010542550578 35.87976123328744 0.5184970957688309 0.6013537492439689 0.28023390879927274 49.58424367079891 34.84618751430432 0.6440455722146918 13.916036121805401 10.801496249773862 359.919331157888 3.665409087437792 10.62019690094894 4.702939538384244 3.3498102555945524 18.571756858206413 1.0010710994949938 96.73157973865274 6.344600531566836 1.0032238838019494 0.6207120165594339 0.9217670913937694 0.7754454404250954 0.4287213697142376 12.86217926986859 184.70355092963356 2.6730922518191265 5.132335746493663 0.6624299980554866 0.5928916368044619 1.2195525954491258 0.46605011921285183 0.9898552224482349 0.9026299252225151 0.8562146380228145 33.94831069323217 11.003056674714324 1.677522827984824 0.7440908810150674 0.5578747537810054 10.31266556242475 4.4987198673431195 14.785311560757801 19.80050180484648 1.9114263278421264 1.5927385729082326 1.7457192785202333 1.2138570901258638 0.7818160231333254 0.6872859827553676 1.010804150976524 5.4358055537723935 0.5771484208814606 74.16147550258044 76.9339010719742 238.62539238287548 0.5343782694033271 5.569899820428223 44.92458962214851 1.0777905581884195 0.4480866149351397 0.4753718438140475 1.0187785969801135 21.464994060523487 0.5711444866988473 0.6682791783065776 1.6635390211231587 7.82922562840653 27.178347575097288 81.79078396967469 1.292376158343805 0.8098545867586251 1.1350008384071988 15.57616312841611 1.7048002929426092 58.28534014357045 17.341376986419064 1.3219245362736443 18.248274394953068 1.1129843791039373 0.4626962712909308 0.664995965905521 1.9669296286822062 67.46245007811697 64.75520135480824 51.444677008862875 2.3956688729186233 0.8596848345942127 45.82324687965416 2.4484089073529596 62.588086478661054 12.433699733261294 79.87016270707457 10.710956379943035 7.887793317502237 251.50327462994468 1.0485226673805184 11.677150930674866 33.439580763121555 1.6295037655964748 2.4841598052876757 17.069301292207548 39.64049877538003 1.054859637431628 17.984339165729473 34.89827482836339 304.2082723300391 0.6371365869807859 4.292699601780301 1.242289739475201 0.3505159809301862 20.07585398628953 0.6688647195853997 1.5080862663101886 3.47917636994804 0.64569377442705 0.5511572230404453 38.659750618544486 0.2302635252495099 9.77814424272126 1.1830722852424838 2.608330129269431 0.5767776102316003 0.9577685478796918 35.99810117593441 6.9101754201883825 19.23343733335385 1.8061264247609239 8.76589615895933 4.116223253388365 6.647544525680353 3.2925711450907857 2.5934189016610105 5.3301725534021385 12.04437722110744 1.5529804772473734 3.731496756630501 403.7754760562972 2.0802002279858556 38.83128470625658 22.45750082004008 3.488173186299422 1.0255700357311484 2.4412448598587067 41.84115002838374 1.3046546402707062 97.2308556444702 0.7580604388547072 0.9096174307088036 145.39057786314368 0.4432645707632238 327.01262306186993 0.39635364374882115 0.5738260123803077 15.701804339712206 4.984919535976884 90.90488951562247 17.259556398757837 6.765881537982029 5.086220161684522 408.2742791534127 0.49797210073377735 0.5687398495540117 0.7573212307619955 0.6983944998692689 387.42946405675673 0.8095098786407395 16.234355932521087 19.236821526880043 1.301746830469369 0.5371472531320979 3.35388417673793 7.850943137988421 0.7542883985481004 414.9737720779066 8.157067692066493 48.21101606833023 94.3079725131552 20.026215208483546 4.57345540630336 0.6259386765509445 112.83951985218134 51.669780309640224 1.400225804130217 0.7810885031071721 1.9840392751288514 0.8841547686366794 26.026558443128888 38.40477332005239 1.4784603520892645 48.620854834518475 0.8766219365457072 190.32554163304718 37.77537368451049 188.23145043341898 0.4347166803934391 0.40621005326807075 1.638744292508541 25.623853198052142 37.914128234211525 41.17412418365803 18.76782818127458 0.30825521684461477 1.1613276442452432 2.8915507587296303 29.59567292792114 2.727156384913781 4.635925226469771 27.49045269878944 31.905234875723654 0.5483382769558103 25.269531446662025 84.0680363518372 0.8016260990222075 33.78186145147112 3.44145386341077 2.763698056485832 270.90685963416655 61.37033254693997 0.974248430064844 1.0541013839300992 7.180704571007226 1.3748254717526531 1.2355867803937395 0.31754854590945786 0.9855814944090118 0.9692432631012234 211.49740133706774 0.5181670559720919 29.332687975257404 1.4770856633546758 66.65128618695125 0.8741017277308548 0.7796587208717228 10.877259917570234 19.107300666273538 69.86789883474835 0.2265926713930696 1.1541458025933076 10.52109109063308 0.576190733135822 24.3494545423665 0.3857721223684166 70.23025357947776 59.252695256398695 1.293703839988758 1.6080408569190554 71.07238457427958 93.1142560272329 1.014296132841177 0.8543297361862616 140.11666328681056 1.0490818043394532 0.728961324929427 23.391411062576097 49.57083054832603 0.910472577263061 0.6500809612399319 370.4279631081108 20.110995267593644 1.3086040915580903 1.3741406711437623 0.9302060308096192 0.6425512657810739 96.45304801409512 13.314066561078022 3.880775818768768 194.9400505849926 64.55809271638353 0.38635671348243417 0.4730196821934401 55.80683019970039 8.411567308835318 44.301821845456445 7.266600193787437 1.3774292731489672 1.3653033481718508 14.334306758677672 0.356645250709141 8.405710399939226 0.8846556538269498 79.74056922811627 0.7785610158755293 23.445866950888114 29.420927826762668 0.6566621874182841 322.28858004896153 85.8112493218075 0.3726261721640272 1.4252429709007484 1.677825354467772 156.47157273193628 21.33158319522227 273.58900796445647 1.400373567610223 1.2142287085382852 1.2009985851932432 44.654098733461005 28.542675336994204 0.5347564893316562 0.8467099217773353 48.308944476879795 47.67640915815538 0.8230597090154854 14.221105546990875 0.7435796762915846 33.723723815575006 10.886797949173717 106.0075241074856 100.58855039359855 3.8350357064516967 33.17361963756857 4.042094531484792 119.54414582531186 7.866429669037579 15.518343845811959 20.94326138828994 2.930383163133382 1.6309559695237283 2.095061081556639 11.282331556234222 43.05574986678022 1.3630024191946417 2.0229979548965025 2.7248712454896813 3.538991441871073 1.1549126754832528 51.35717654447581 35.257489316859136 48.28172557519832 37.365750079266824 0.6331542800436578 9.223809136539721 1.67676713457401 55.12094285122332 0.7583329177479213 0.389921872305361 1.7231958765805928 1.3228514442964365 0.47799265592672424 0.653050058264002 0.5607296379385962 46.983013115960254 38.265007485828185 1.1589460450721802 32.046886423013035 7.2250302866098295 0.48034400066507416 0.9728955746600686 23.52923460567028 93.65247504814123 1.182321950595633 0.5373666052836257 0.723703028298718 8.278955603733712 26.601816423462644 1.7443179588167972 0.5116912490951192 43.022453819429344 12.665561902270898 61.27388774848416 1.559199663138114 0.6564277359806877 102.89938766837506 5.1950478209687345 1.3715931990738304 40.22859545936601 235.76664000360967 0.5955929142358136 0.9749815099675078 5.772906206804764 0.7316503084798919 8.857108683230429 0.36013333157095695 0.932565427194891 1.3437780161278792 0.9100528118096366 49.5394767250547 0.8864372045620017 372.19181893068026 2.015447617139017 223.7254214243712 56.397156309531866 1.3559905602083493 11.431776044743744 93.41961132939556 2.150467573358509 189.29037017522919 0.698429978998612 111.69967593416665 29.59641953394991 8.82027773256199 0.4206450851091347 8.848793142005801 0.7002873977845595 15.868856061207548 62.20550970917802 112.21257366229094 0.19578316763581022 120.03380922208102 395.356135333689 1.3099323479178286 1.037559213282184 53.7211638458148 20.16264855862958 61.546630578569996 52.377743041921384 2.0346454032757313 1.3442202244188222 0.5396796962929934 9.49361214179996 333.4447371666008 15.815026698476537 64.76268167328283 45.889213838781586 0.8168350689305132 3.077456178499314 25.791581669832908 2.3015506579689324 14.778396787849978 0.7982514725958326 8.109873087712764 174.80319582971515 2.1192680790950256 0.5765621812977585 1.0947604717466577 1.6989093789531453 21.42325499934776 136.91979768956924 0.6995561247226727 26.484375782041266 5.290172725112051 1.0440666090885617 0.5546320716712466 0.6666108954970517 0.48962881877849956 0.5391885359862463 52.02002999666599 1.8456278060461542 0.5083283510340391 22.52745781179686 2.2998935997756447 26.437059906259353 64.22172433735511 7.724789234023058 0.9876297130899058 320.6452168151883 348.1410944878927 17.577742699135673 4.337292571144579 3.0796408721837727 2.937360752088464 5.997230643174082 0.7390038770631743 288.12304818314436 0.9861648116681367 0.40626808249582635 2.5375092204241367 46.889356060490165 10.68068273254847 69.56503643095888 17.76829625689048 7.071650469943293 14.067709852131756 19.696930994404045 43.00119367053986 0.2958395493310601 0.4394931464149721 8.365685008887022 1.3632970694512376 1.3847718288034057 40.01844439765171 0.7442255947075596 0.7813998046831848 6.759833283220051 0.5191306068672601 9.281536717150027 75.09310068831113 20.462452629082385 1.3425899862777937 232.26974993803194 1.664783595028158 3.752829717560155 21.835026396317197 8.1310609618215 13.435702234865326 24.049912291926162 6.299841990906054 78.96520919982889 1.268804079466545 240.34693728620508 25.291945118067503 23.47594413945549 0.9087777940577368 4.3255979114397105 1.1551219249539764 26.27484667252301 85.35107058047647 8.246263532472312 15.877000385129152 1.2160326747105288 16.58207188540818 25.167679549817926 21.762510251958165 0.9691979639249464 77.62170534887869 1.2693365917987254 96.97223103922894 71.40597678571244 98.0090344487374 71.73453862485785 0.4097944750207884 63.816619368139044 60.60093931393722 2.0001770410305713 1.5756685415738492 10.737567092641019 0.6905801077461631 16.536547656011848 2.8413031004095473 0.457488177323394 1.363823738834765 1.7439760680268384 9.822163040109029 20.00451501322673 0.45131933044213873 29.32486102005559 4.587941137777654 1.041410955253428 1.2135744884211768 7.891135282406894 3.735195950473059 266.65718110705643 59.31867350205611 1.2593152957852112 24.925238337398124 15.81892855777231 0.780466888935119 0.5436823092381647 45.37697556999259 92.0252075345863 4.588845438202992 1.2050535406012712 11.917102600820753 0.6395419223187268 1.811461567271096 32.51774435980338 0.5955171250842981 0.8081745572882157 59.30856777981409 0.9820485540574853 52.92315669124994 25.34223958237871 0.43736105562147504 1.5625181675804711 1.0779904186225964 0.6624775846957922 0.48502384576448404 4.713763113195447 19.48431944843235 42.476657860984126 101.39483877698162 3.29516010557831 8.732209924175123 28.1788121657132 69.72379628838425 0.43740031870880264 0.9455985583939261 14.417056152482408 0.3851983101617116 0.8616984440714696 16.087769793407713 412.8612485797405 1.037017693229212 4.632655010369143 0.9935207391296207 4.9256820929107334 1.3517050647981688 30.941298037911015 2.6277128663563922 73.78353150100422 202.2552938117681 11.64752934871125 14.169701362681645 0.2952897872087549 0.8400751090581917 2.2127329097408164 11.554152375218617 2.048925568523959 0.5231458560644571 65.34570555903171 0.4904865424574829 1.9487407166816166 8.82736333820641 0.4633474559598774 1.6769998213491495 0.984670302324728 0.5045820822692204 0.3954589653107523 1.352732570443163 0.6097986681033528 2.9244528665153595 0.38693882178176664 73.73706113988749 84.87062076315743 24.276977542167554 44.45328521290761 26.154849626000754 37.740526947844735 5.553567085485169 1.065215642808548 1.499574454526366 0.5197274844050962 9.274367376558638 72.4500824367056 0.9057985307279882 12.271400986941886 0.4151606599854342 1.0422495347553873 409.08660627327936 20.420208505668217 4.133391968262953 0.8509739400210055 15.697781954090525 44.77110116746358 24.964061074794028 6.4021597769735505 0.6156550235386996 1.46351094248169 29.981759871142092 111.31087728448828 8.852304192672033 346.1732707221111 67.43513587300976 0.6713477876301012 24.46265504676466 8.375897690803198 56.94291698214681 92.45369167728582 5.035874204311857 2.477625850134018 1.515643929716829 19.498246616550386 47.142500147267526 62.36941034783894 0.5933798442141008 0.9932595191750484 21.27546622409001 5.757826577969632 0.7045958769827934 1.260936292190007 10.502302622268624 0.9476901886217806 0.3135533631931539 8.884553186597492 0.8378015924847315 5.515363188502337 2.2666069064263588 0.7220575450018711 2.0673101020729807 0.8264515262567353 1.0394054489129898 10.122976640041715 1.0500676510012859 14.266078371674979 1.0865744529420958 0.5507907485433103 65.27468223007868 77.06287036865612 92.23890987357443 25.006034471116706 1.7991840674087547 1.6404350527841858 83.80734406297418 15.266728311043105 2.81452907384618 47.1417146372482 59.771250597792225 1.8795672272848043 2.835128340193563 31.17162334517956 17.33656207586637 1.6757048994972157 6.9380331817369845 1.3842219932519382 8.572607953812826 0.962163323518512 1.4726466649206573 2.211078466745298 1.2628591091852357 98.83651093510743 64.69066675080235 29.88439142938408 141.00017744235865 58.50720029481485 76.30251618491678 130.18390575070194 33.76418502982838 48.2455064595553 0.46722993377488464 0.49452272648407064 29.68766157441608 0.33708787702093274 62.3546322263655 0.2597298311439643 0.9344968901748726 21.218993178554165 3.9067969164106535 114.12851360699828 0.3236806716332647 1.17154062919449 65.7515423624438 56.33407646471888 25.24397375368288 5.534375624156654 0.6271276496759103 8.086064042418425 0.5651408439971669 10.605664935475357 7.92013963267798 2.4894840121041812 4.425511748045137 26.29284081966921 0.4718325084834219 3.117892905703948 0.6744563287690025 3.7067463239503415 1.1777874658888048 63.833865906646004 0.7721530814971809 60.41902421658551 0.4155098903172986 10.356418572514169 0.647318191501518 2.3567548863418337 75.1430981965502 1.5758575415030744 5.72579740051017 6.332900609814125 14.899976122397119 7.552434392748503 81.07206917302054 7.838518224985872 12.714879901070306 0.34921440185745417 3.561188139972062 5.05914298736965 4.644096457873421 14.212772455783766 0.6983077215939177 50.43670152549195 47.738060303645305 29.116963597848656 1.2089548462885278 54.25990614418901 0.470006894375912 3.819995164427241 163.04562525633025 7.4087845778889445 0.4671393967679145 2.15707416509763 8.448892396686913 0.6414929607492849 0.7230030356608862 26.79218094025389 6.066865404012295 1.221094052401837 18.61227460705785 8.44334637372566 0.24183697924832634 1.5358850385038234 9.75522430609848 0.8551439393754571 0.6148297571088278 287.21672959653677 10.506972285845865 2.6469956961681205 0.9737954434249568 5.162345622276044 0.9353807110481885 0.45416389571692356 236.54302584415862 1.3670934419253677 4.08148916947761 0.5218788747352822 15.315904042561868 0.2648751160420234 1.6990584571322118 1.0942274622795007 1.3098793100034964 16.94201528046759 82.80583247072344 0.6155142279148077 28.773397417207903 1.024318893336519 1.267152767450365 1.1491230194693558 20.23960199167434 0.3577919334226555 5.183004970323614 41.72834838075157 1.5434311699258996 13.634926447341499 97.24131232813616 2.0427337001171413 72.20126735430802 4.657364078069286 27.860146403017453 1.0527172163080132 0.5367414006576822 1.018797492555909 34.19654287960963 15.303821197100898 279.0868903979647 5.398627185540518 6.218501176335723 8.224445455008818 0.6971023857952117 10.555428129002392 0.9825202557806038 6.418835772713289 54.05745215871547 1.5816165381730145 0.5550843700918898 0.27056351646235977 1.8407894984324358 4.841863520415587 21.104886111688497 68.3344612253211 126.43040061630434 3.740263783938282 21.71514092432231 15.585016249885493 1.1573381377513343 0.4255680564682256 56.42203846464895 0.6617761323046693 8.183106463599191 40.95467300160727 0.5361516681961707 0.6374119005724518 5.015559711857807 0.8516384354207839 0.7929270650547827 1.8502346211434817 20.825541161995563 1.7496429496502357 106.46665748819026 0.42319610062207463 74.43061846751168 158.61064129742468 0.9974462439251808 355.24584349495814 1.730060006028295 55.86749006706511 18.554105884708246 0.505697779494412 401.7631687451128 72.71904277917189 18.171118424205613 36.93429773049594 4.235150026710361 42.01877727453004 74.77181192876418 0.7504731423172993 193.9386304357145 53.769076010209254 12.0135334139674 12.431376311001417 20.27661471125977 37.150699218903746 9.368723164155586 0.3756577836548913 3.858101107246428 18.222063000443423 0.6807044520721514 0.3565562951282594 3.7154241583954737 0.8288455654272772 0.6738999136904295 7.187764018643555 92.32247358759648 3.419799711698604 93.7886412961563 1.509168783786523 64.47042002725539 146.4932203958749 10.473797456581448 0.4035373648152101 1.4166057016793312 3.344408019687337 24.40851149679644 4.48467012725853 87.60897432050383 23.202800996781697 11.771642767862707 6.779092161228916 1.0108541011500296 1.3883283129130484 0.6307952284017081 0.49011226306955863 16.72229183204175 8.915118348942434 0.6477017556791538 44.24892621938466 3.896993721954845 1.1648766378649744 0.9476378445484472 3.4706748340748628 64.3013262016738 106.54476448574044 10.954196479868349 20.09812330293875 2.0383073888268988 1.6536920862299087 0.5085255795035053 0.6180367570700438 22.348574082166667 1.1713314029666329 15.374770277932596 6.789487279386942 20.20302275279094 52.54961139169685 1.938361133150721 7.437665668848514 0.5222557418615008 73.31234541169177 98.90201981135506 6.975434782404514 10.001765698900016 23.672236352381155 4.749624392762059 0.7650338062680923 22.227677467321616 35.022506883428214 0.8563496138769399 76.95347946530185 1.8799578087089333 1.8609690027672903 1.332259930113816 1.236666625534446 0.433032656266246 0.6921227436760703 15.044733096219153 7.87357826488085 0.5398144020603651 19.953975535230658 37.430997785193554 11.017708334273431 3.2273005065685734 10.782759687138581 94.85067096022411 24.445606632148966 0.5030896248677795 1.3209346844063155 6.634347996403023 0.5097131886150371 2.0273063590475906 7.805333910044896 1.6373381600438277 9.961211303452744 0.6432721297021156 
