h 72 1000 0.7
0.7758778268277603
8.085631344025835 17.65801676195883 0.6777081242759029 6.195991596311639 0.5657591949831194 15.279438204135722 1.228696975322609 2.7565346823342725 0.5823304705858982 0.6981928886541543 2.7729153518958447 2.4170764244826 0.66535528577829 0.7986530427455911 0.7960095169916143 1.8384572364176035 2.9116331144750163 5.448954852877294 6.0974650442489855 2.235648917571831 0.6873120544043505 5.191229410825144 4.770020980560594 2.166032267042396 6.186384697367993 1.0154890498740512 3.8497110186847547 3.379641298696322 9.478797445778616 1.8379313073379442 0.9728587728469691 0.7324893775718496 0.9522399790193438 9.6491665789679 0.8860868318989182 0.777925145069664 6.880191266232969 9.572789144685089 1.1329439168011735 3.8519908159800433 2.384903661234948 0.9133598526816697 5.826263877091692 4.194890889923249 1.4759492361256508 1.2058486022878898 2.251931935135076 1.561159390407213 2.869560673680225 1.2194895796861058 1.0184832480865373 2.469052882156967 1.5700254255661525 3.3789213840176058 0.7586725065354254 1.2325173313156845 0.8041360836222049 5.689808488506968 1.3162002786677012 5.559563093744082 1.5654478904034441 1.4306792661072145 5.026244649154264 1.394030886218754 0.7834174814385291 1.456276298797472 3.417631560973919 0.8461029944569068 2.6006270636217197 3.3676826275740908 0.8738843382548007 1.2910370620850282 5.236751360680171 1.2710610960273157 2.999214057018161 13.51917938199838 5.995014655273629 0.7123872369186154 9.337701549336762 9.850907404446309 5.937427836010853 0.885925825214833 1.9566830385935363 1.8316714621386372 9.121142828948667 1.5953078214634782 2.3792206887746343 1.0032534807093691 1.0365516248591355 1.6254157591256457 0.8353363709580286 0.5874658598839346 5.250109726807767 1.5563827712963931 0.7013888729507184 0.763395624877706 1.1157387821447968 1.050765437466259 2.6573248475738427 2.312964625473766 5.6252526031064995 7.923423110376599 2.72485379077872 0.5559175760576457 5.100087747334773 1.0073299495560664 5.322604942789139 1.1453094802056247 1.056228904128691 0.8638424480896364 2.343882572624406 0.9008610046357148 3.005299393852819 0.9177171744040172 0.9931657414616984 1.479923471542463 1.0496096061267828 8.508388033883731 7.3986300420974045 3.7516387671440694 1.2747762363743527 0.8048411765573087 4.0612276962031055 1.5312475815540432 3.782101969218163 8.26254276115247 6.565512050845971 3.5948295324507287 2.441119132748851 5.246210606551495 16.349658046058284 6.917689471437448 6.052392713516214 2.793221153101694 0.542357091185967 3.0205960108286942 0.5924593427990585 6.42996069524334 1.4140961929992586 0.9424941866833358 1.0682422683948665 2.80969333857202 3.700581528378239 21.333263613866933 4.094578241341164 1.1008580817563167 1.0910713587147314 7.698133160542475 0.8185526526979299 7.997374083668207 7.311838105472881 1.1620793701575611 0.663408742648238 2.3384438171757425 1.3137234819910764 0.9086444506939967 3.8106946654633402 1.4206836031990555 0.6106685599663745 8.141149046471122 1.0649667377497267 2.8845740455010844 1.8235865116292826 2.8917476136682674 1.1855678063036255 1.072651422880409 7.8045481544885735 10.182780095803878 1.2990787101394234 10.719521167885794 19.03725251469431 8.722044889186002 15.023538263767545 8.35954410513799 2.4877382461659 3.8819999498274456 2.065723757014418 4.556213588811049 8.404788658175667 4.511907533860558 1.3767409495322425 3.271324387220265 1.2632515808600506 0.5934878168334299 16.088888025765748 11.894727824371834 0.7012690483301535 1.3213707518002429 0.8146701215486031 6.364315317785199 1.3986577088546293 6.365190576106749 7.278395236919459 2.484251026908407 4.352740696035034 2.558677845633179 4.878022154655431 0.8841590224078404 1.0940868793035579 4.561839534217632 1.520716877091045 2.6249421084697127 8.40932211572847 4.771237187626087 3.357460818485459 6.10705980292417 0.5271857711748414 3.9682993373658078 7.3719442257682894 1.2823824368701733 0.8787041827259883 0.9814896835538512 0.8300178743109224 1.2720956043669325 0.5116442681185996 7.217226213787997 7.50536374692359 0.6537405726670535 1.2094591806274873 17.294550118548145 4.105343528965652 3.675456788698224 17.827584096768696 3.5149207754496845 8.312945306558529 0.7135640790612187 0.7785209692504566 6.339089840512912 0.7280537219189149 8.388976642424167 0.5910432202652248 14.470602578146663 0.655225635179061 8.112589365027166 17.89073800713015 4.647483212002491 1.3863644178417287 0.6616279151933294 0.9959429511249268 0.9240270503875742 3.768541498383972 1.52254139129295 0.6464439337201593 0.692475680421794 2.33795960759777 3.4211706841175853 3.9395760802462396 4.3466232245675736 6.775188205657408 20.320996482347844 0.7444731016917349 0.8536831604188142 6.989074108394674 1.8824019952616937 0.756859099592888 1.1698224858717003 1.300417631670681 0.7002527094948974 3.701926450513356 2.75404164945367 0.7324225593004899 1.1398653767880544 6.91012973284284 17.494366855414302 5.044407217220326 0.6713790178296736 8.217443017298006 10.676422797050696 0.7683858598064387 0.9985723691134499 1.1818702353584323 4.746025067420049 5.954579809553078 0.965065973521551 4.124353890326767 2.604439045858929 2.0536956261714203 8.267031680400581 2.519655595900934 4.557040485472428 0.7958795578945798 8.158259673386706 1.2235954118982848 0.7435423683211998 1.0512036506670812 0.7847599684902072 2.604210797139822 3.403496736411374 0.9692674356604883 0.5769157621512276 3.6204303758824836 7.9075561511966255 1.2152554024734703 0.9102480238233142 1.282225873651102 1.8373458871096562 1.2301586510443967 1.052701546246366 2.3402282625362925 0.6349066263713927 0.9571286477456447 1.129566612101684 0.9027876594759833 3.7312418774621947 1.0233372064447153 17.621841086356596 0.8876425725592106 1.0436323886527161 1.7711176953003391 1.3276915159079827 1.6135448135146242 0.6913658612251617 1.9189849500011056 2.7419527686204255 0.6046208869555484 6.2171857726720425 5.424761502110786 1.0846528388821688 0.5508796282997438 12.741274663848477 0.9704138448496253 5.285586057422167 0.6674482974622855 2.5087656050369818 5.68061656458095 8.418056016810015 0.7498145379299661 8.229182590144607 8.996128313709784 3.7297063580327756 0.9932018930334842 9.095387138330231 4.648318152183259 7.020768868896185 12.039620442986124 0.6703093417644792 7.980729343406709 3.8890578678297043 2.556055999009184 4.742681513033401 3.972213390829655 7.511077580822385 2.6930382839468505 5.961107555923599 3.149938498424476 0.7655757354247545 3.8904123454261375 5.808662853825803 15.940169082968255 14.191671710286359 5.143905031878996 1.0567062688651148 8.817095949903734 4.74006241804683 6.045920667190221 7.397693267387106 1.5728238458122197 0.8763609661899976 3.5539371639690867 5.833644634974237 8.445927191229728 1.066707634262617 0.6153701544744701 6.313510124373051 1.8982747596808491 5.954694687132985 4.4104943989648 3.36452315241715 2.814638828725565 1.0773955961405284 0.7997244992245529 1.1252455443219036 4.522275329746782 6.053635377220202 5.071771376734087 3.1740918598774335 4.356000173639782 2.4899386551195604 3.0710303405780515 1.0345179552780117 0.6273053240448447 5.296615713041036 9.433474551307832 6.43100282897406 1.6505756158562324 6.854591465564082 0.8075626977648449 7.623836671464894 2.338800316067057 0.634407424027779 7.367696784701235 0.8493249198568726 10.308277444489068 5.874248708897289 0.7668079437136313 0.8521155296664069 2.489316260498416 2.377437223246019 6.913434658183988 1.0336411338587015 8.890350683712901 0.7774897664815018 4.089582526920847 3.426965169164198 0.8973240059011973 4.441903288455739 0.5383926418921688 8.334381526925215 7.273324364487085 8.386707708356361 0.8106145137106274 0.6833023119572368 2.9351886787792063 0.9703327994933576 9.585579342932187 2.0750174915121513 11.123864791234992 0.9433700304445598 3.8886549125378513 6.389782034410893 0.6091168903816482 8.722955974142717 5.984384610148053 4.205752779557505 1.02383018250858 7.979493354433539 6.356964236100998 3.7504879402075915 8.177100159107999 1.3279433157908664 0.7950491155666418 4.513963547499321 7.477728756745154 0.854988479435807 3.0133110724578707 0.9312930971601396 3.2036236024743148 12.881196143087525 6.687860765865294 1.7063547978402611 3.536224677842637 16.70514522550606 9.721601229984284 0.8671305683520363 0.5696152691713687 1.126458998102988 4.67600018955587 10.0295724564415 1.2961287927509746 3.0338776484453542 0.800336436530063 1.0959563057886195 0.5715535169807987 0.97779142499572 0.9318824535133079 2.8858766675534064 0.9825872413742881 0.7843128471621489 2.9440651128873996 5.3023313691547385 0.7313295609360351 0.94891717022279 1.1916437853859432 1.6870643428533618 3.2891233391900068 1.5858874095152338 20.079181540177277 5.7859339848861495 1.190938014988907 10.88707880015094 8.496418772028374 1.0451081023007058 1.0591996051180161 1.0196924731067147 0.9321458535244593 8.59640959678364 1.0337586681082795 1.205633084093527 1.037001268503069 15.45157032822493 6.7993453185634145 4.247946240753917 1.6009692565693177 0.6855848195652227 7.962127812886407 0.564089575546796 1.146754418479698 7.763904874962229 6.037224329067007 13.99412590659037 3.686392719652389 1.0418572705268172 5.336047810517142 1.995416657292761 0.5574697719052897 6.794584738685658 0.700680430355192 2.7721673547508243 4.476676031318791 3.478379315324902 0.6259717810974151 3.6108017025793626 0.911809547703318 0.5260319383207385 7.599830961998868 5.9108186331296695 0.966601287281766 1.2098575230722957 2.2738530083085573 1.142302262896529 1.2496554595953022 3.126419573818251 4.354740991952717 2.75512852821971 2.6204933579180305 3.6204193165273115 0.9926879477849968 0.8204285274489747 0.9320300225458511 1.5120440949260783 0.9773088244769138 1.326893781955967 8.814660295952049 4.356500835227404 3.1488464399130858 0.9155659518547407 7.665576447213865 4.277401514443817 2.462266926580305 1.4846540654235079 2.9699112747269445 12.828221588480778 0.7554418028173702 0.7604443366748069 3.619628364254559 5.269778957899633 0.6175607397907853 1.003767917529739 0.876465438521576 0.5696051749389661 0.6204367061749267 7.654013360553121 2.068336280853311 1.0470306833262424 7.065030223627131 3.7339848792193027 20.403846091942047 4.127983609668537 1.3569134086029508 7.103973861561173 0.887589412495989 0.9530249732531605 1.1554509819240477 4.137911221831309 6.96166585264461 2.915429564112741 5.112300499133356 4.436319092623309 14.694022856313271 2.532305931614202 0.9776004382791431 6.6782228089189655 8.32830401619398 0.6831404643012854 13.335086977820648 0.6084531734306992 1.01838060579962 3.1863700643749944 4.306842588073 9.97715977447359 1.0642522730332942 21.276231458746107 0.8384565894050287 1.1359919250592285 0.7394278129855394 0.6036884426287752 13.379289232763224 1.6789222712711305 0.6669051714845691 1.0888814637807431 0.6040585634727716 10.292299757556643 4.892899140097282 2.2904647687068476 2.596421717955948 3.345826955192338 8.304946204404814 4.341131783204929 1.0239327899574129 3.3066439530944938 1.5688838818568753 1.0377737061186476 14.996624394008103 1.9174423291335452 4.777976542590195 4.842254729721245 0.6318615299274121 2.166432000996966 3.913658552643258 19.912503716394895 1.5359505985906179 7.862129373919499 7.474467399531695 5.505786374230161 1.9571832614441607 3.130634916007597 9.982707462424738 3.1506013347064297 0.48170747787990287 7.787352048795012 2.976546265194516 1.069259049150871 6.489856179344484 13.172387888849418 0.8325273793462334 12.330020690819513 1.2699811058788328 1.197848926368437 19.41376244792654 4.674453098901408 3.4543424022806017 15.86080714225849 1.0992476679565202 8.506615320111447 7.727914492530114 2.4200495622239484 0.6932304898019604 0.9093574819133171 1.221294902000841 1.0594606663181383 1.1066492963626682 3.0955366986355695 1.1131852690555926 1.0762922415462455 0.9659486794479853 1.6525245859629494 6.363556733277204 3.9545071537434953 0.7258973889670045 0.5485554872287004 2.4925556947223364 3.939115397015366 18.47469875745109 1.0975664826405889 1.232564521097637 11.709218331166795 0.7674455056413998 0.5205099449507347 4.2690144420736935 0.631493559790046 9.551853788267064 6.575055518056167 1.0327154976807487 1.3443182891111158 7.671748421707809 1.221385546459413 5.623084878654413 3.751672857823957 3.4543653120787106 4.495816194042969 1.5702890201325725 2.1410578511483416 7.439129539259105 6.4572221925367534 5.986217175762362 0.5902056665890951 2.0728755268585433 0.9331444338926255 1.5854458245030305 8.5206818950668 8.520330690603977 0.8537550376378339 1.2940151526966814 0.7314535898651302 2.048731255391553 2.0432370402765945 4.199448464289695 2.442777744884151 10.485581357042893 0.8437431163870887 1.142301089183251 5.334484490011181 4.1018382817566 2.0027626319062133 3.0191228383234954 1.1407720909983627 6.244000965798026 8.2982329924502 1.5323924502779511 7.257522904573833 5.449855289447128 0.666024438957828 9.601434988327437 2.725958383418911 4.189565533946028 9.847142270882513 5.240147070540466 1.4658281428713837 4.537600821703086 10.391624538815654 8.702924959714347 0.6332329363819937 3.0818563574359175 0.6126000016514219 16.685158993393408 1.8222933769160725 0.7473956402034053 2.2117627773369506 4.5598681969100445 8.373408840453708 3.4226391484093646 4.0014610596778 3.0296421767471 6.325173314050203 0.6290328712611095 0.8190928146264698 7.137497248198572 0.8796216465365769 7.673545465948462 0.7097929436933006 1.0634339655748133 5.944901965869447 0.7375931861172913 0.8005630702487989 6.479712049369419 5.31885117560119 9.163859527152287 1.2030642804612273 1.5671230628088826 0.7206637850652577 2.218077380476073 3.480892866566676 6.909248996115066 1.2987363902053697 1.6997158323586747 0.9611444961356442 3.2203268237509755 1.6025341478739132 20.407539998066138 4.359217736473188 1.83337677564191 0.7716598332717823 3.4490797609779653 0.8494128277093714 1.1048803493370944 0.7766323601456561 0.6528422535254653 1.7992887387465755 2.440902116908907 1.5108611201775828 7.037262747327769 1.256474148195771 0.9196227820049101 1.159281016174652 6.284254213340907 3.17645009793255 5.03017690790897 2.237978077198477 0.7722830704331821 0.9234481666852428 6.268402688276915 2.203413012778144 1.5045906404933898 3.8629731376094116 1.6858886940583604 2.8256835089494707 2.6049237261000067 5.919161250935163 17.782026246478967 3.341868830978243 1.2081713899545785 2.867571682658941 0.9891843433628289 5.049168065256773 0.5695904699799751 1.1717199584431555 2.9437910937464324 6.655055951455584 0.8488853719401647 2.458570636513515 4.920995322682839 1.0678796772634256 0.6998138599821364 2.661656482552779 3.936912233133973 9.858059692027583 1.2590368872732118 0.8222807653042418 9.05726695139146 8.877716832143983 9.046989959051068 9.951868418917211 1.0090729491015682 0.6922528995517145 1.1861906917199656 1.1569867829597897 1.0031213382437392 0.9668808502062123 2.4120488124569497 3.354408131514265 5.148136502830636 6.551800598824204 2.8716271492279786 1.0758923322644702 9.847662191782677 2.7885259231782147 1.0253230606662849 1.3256867883144652 4.5242546514337665 3.3895208153102923 1.9899185971190905 3.8194931799272647 4.005096108730979 0.8344854334289187 2.2123816093689945 14.323230159801076 3.922886111976051 4.729674476616096 4.941427864105904 6.126107150725054 7.086283313061527 0.9349443459566952 1.4641018912630066 0.9809932963805869 0.68775674810677 0.673994995098327 6.5767317526529725 6.617854791233059 1.2528688626407773 3.684624040899044 1.7052225595721655 3.496839403629339 0.9026533134172244 0.8973086791870732 0.8246604917850769 1.3399783543778236 0.9701712057052955 2.7516413387212206 4.238331062440288 0.6200566559043411 0.8484757340376244 0.6204708548480949 0.9288461943606866 4.725743119855051 2.4078086068334015 3.801323290420665 19.13272272322128 3.7204938372270724 3.7083111931252892 1.1910017677260945 0.7094708191699454 0.7211671037809323 1.7427612333816593 1.911131589911179 1.051631434175302 2.861995024245611 0.6860546335029438 1.2705233361489474 5.850521359201925 3.438831068583979 4.205991837154304 2.254217057708303 4.091571422070032 0.7190821548826889 1.8862783532986138 5.958312003266464 1.312790588556244 8.274014276565701 7.372701836207543 0.6372704618820462 0.8171904005379188 6.757261378361242 0.6102443690012056 4.618156358301807 0.7632320955791874 2.590722333404762 0.9804923288307008 5.832366230337706 3.232713865779132 2.087083542867461 2.8686865252764338 0.9822171462460881 4.512086531889723 0.5165790339930199 0.4785542008768742 8.623834516567932 0.8080107270195896 1.0711043041773898 0.862166730057105 1.0441441387915296 1.0128190856526107 4.462899468727599 20.518124381766285 4.793902115141988 0.5614904249185514 1.1860768301115663 0.9488756842247623 18.317399884548223 1.3571171005977305 2.3737676870821978 19.83565687209938 5.018670026032539 1.0996952100725812 6.428415507139418 7.3315085971632925 4.535434636788877 3.4495123703353774 2.117279949796072 8.43418192265049 7.480803127163919 1.3260313048751002 1.0294281471104652 4.50625800183899 4.433079030216008 9.51187526040299 0.860322941776689 19.847619211323433 7.352805417069207 1.988308670864422 1.338913115284274 1.8737158670889333 9.751758393091935 4.969991365496365 3.4345649906193265 2.582639256870587 3.1002085875556458 10.627611153392047 0.8852815740000377 12.780012561225426 3.3351557054269367 0.6422947384732437 0.5566978110490306 0.6184868826579101 7.759632975095512 1.0554189543168673 1.730229928606982 0.6508347404473823 5.058831248738277 0.6376052653347586 0.6782812319624498 18.927001789732106 0.7269865543360307 8.727138593447119 0.9991741365308057 0.8681454537745668 1.5960584677432628 2.44244347583786 0.7014931376361633 8.224808480324063 20.665230497345753 4.638761140159387 6.217350533462076 8.218824904091042 3.9411989113678025 3.4622701909642126 3.3771820082019746 1.1216688284955705 1.1144420183632275 1.2880974535079748 8.006008208676958 4.538945801361744 17.748117215185236 7.299973816793934 6.082862056774253 0.614164964232286 0.5154438725811679 2.537426398197664 6.385525611779317 7.865742791301777 10.637174019687068 9.245515108010888 2.8967164934732876 1.9594562492217251 2.6926149347843333 0.8120404446796499 1.8489353233271038 4.158685496333032 0.6538329065513058 0.7288762553311423 0.5536620783202024 3.8831683712607052 0.6637770930641945 0.7297373893154633 2.8280110302963495 1.0716565729729064 3.9182999850570552 1.174559933650257 9.782106367414215 0.8428251216536053 1.4408108137626137 3.4470724655525706 0.7302975054946486 2.5746762284489133 2.505351398075877 2.5470502823928034 1.3383510920349886 10.611025515796772 0.8126877835005891 0.5048387034857382 2.005542429756708 
6.045705575957549 164.67670564795944 0.027737982011682642 32.21873861249933 0.12157184903172737 117.11979782208537 1.2716870012926196 0.9722267013747256 0.2170380991663049 0.1207723215327921 5.407367719658186 3.2574809492031216 0.10091811004774927 0.13906334518957653 0.5290730060664643 0.318298752247997 2.4471912644080573 34.02013490798403 29.848745766413327 0.7136429747787124 0.1459629165313497 4.182947119077777 11.208397561279112 1.4906134150504755 13.192036478359137 1.1253630454277506 1.9559041522036404 1.544664137429086 56.99005611464905 1.3441431571511813 0.6497620569740824 0.4679560492113963 0.14645949541345654 37.400329403182305 0.34529238063032086 0.39783090680944205 32.11245455838589 71.45745899496981 0.2473758022253739 12.036625247005858 10.371481160244596 0.4468133188135614 59.85626433074959 10.820406685184945 1.4313066729380115 1.1574504716762481 2.1994960969804214 0.9133847016443851 4.191780130090613 0.38090513447734414 0.7424286137678877 6.656738203757681 0.5203951763299695 6.882280621204972 0.7400607111967903 0.11832707361929368 0.5125360001354617 4.803772638568428 0.7604854562490456 16.715150124039805 1.4694157772200909 2.024647526804921 13.10902749412554 0.8416888600265757 0.22024115105937955 0.575935752143154 1.5723890737528485 0.3741301758027674 1.8053913237671029 8.286612521355114 0.4028858334636989 1.3313983859801481 19.28093252999291 0.4423402129116474 2.9049395436042853 40.91816951622622 36.33636075316553 0.2349654141297064 42.67147457971873 35.63806379958537 50.77799666197138 0.7677127411881083 0.43827580066340976 1.5186342850941972 14.225427415865854 2.5755432223240575 2.637957321415614 0.09202316244735836 0.08038789026603473 3.4753175339067366 0.5700412776766102 0.568291779965899 8.902892545475396 0.6167507553548456 0.3785947627701691 0.2953920308907186 0.08183735103446192 0.5213407198013258 4.713410314843575 3.135204530842129 20.4039658183804 32.803687157682525 2.815067905976689 0.21976387557996144 16.457856005866297 0.44079179646207683 7.548859607334244 1.0675007174909952 0.6569863959899258 0.17139562013100923 5.177911122858922 0.6315638900166852 4.801228603425602 0.6193495459852418 0.13485361377724017 2.388445585991107 0.5884307613533895 15.281385721675951 3.248963296053828 3.5180005051097867 0.06972213550841862 0.5486425460771143 2.8880694946825316 0.7869254796303221 3.3607472359197965 26.015014569808198 66.0809284808275 2.1397126870916257 3.4476883859774965 20.059782747856133 69.62840212714465 35.10511242308838 5.809293644167527 5.985238477501793 0.6082564468269706 7.693013245197391 0.17505309332910318 22.521042705838383 1.2173886677858372 0.988961429092522 0.17234152005100287 5.380886353185131 4.4670754399727075 144.82203872902073 8.829237456541252 1.3818866806631442 0.27934006475056944 5.109438554536726 0.4458494557183895 19.650166815549678 33.211866973863906 0.22361979678383298 0.2736666620516155 4.963166042973661 0.11263963512928024 0.3451665687201428 2.6648970435010653 0.5517159429340049 0.1359047530600665 12.807910749342824 0.4326394283028882 12.05588170771607 1.4188355242054291 5.185691551261098 0.7881424509689597 0.11397658188193262 29.434400782184593 21.94440278774352 0.7462331233868091 43.89958055723482 33.709034082121526 25.19704002582516 27.19978855362192 53.99988728564297 3.953649445605986 9.647311112529472 2.197117009133063 18.923144783831507 47.970082567717796 5.808435988434028 0.64903111625922 12.561206408412236 1.4185725048629778 0.11166754118430125 132.03205229605203 53.259821949462236 0.10746606479861105 0.4901427162773877 0.11870504951830986 4.140281873141923 1.2747297927324257 15.48591376328708 7.839148968392479 0.8252881686370346 12.272684824718866 2.561265350140503 8.024983397364167 0.268691615135644 0.36937749232450046 4.4914061109573336 1.485257764637381 4.158982441273682 4.013566391027536 6.917134397591217 13.536340474041449 33.4023704801474 0.11463766546428222 2.193306533035701 50.889863226122976 2.10529143596139 0.1828908167839068 0.4976499776786082 0.6903767020685925 0.8607888893612688 0.22532531786141494 3.5996311752032772 11.149690036790522 0.44238557135770423 0.12061834958332454 249.86538495210357 3.333752108688219 6.881978878648164 56.94910226609551 9.963635191408214 8.541940608734029 0.2688499370245251 0.14195373552830706 7.37507917372091 0.33171367082103637 24.75677630593499 0.3919685266611755 270.52239435498024 0.4929879795000466 29.982184795076513 99.5491668323925 20.470642008671433 1.0850471184347068 0.08469337105496555 1.1388168423184872 0.14056145303761095 11.771860415554764 0.503318403673707 0.06919948888972234 0.05452244707259647 1.911340151549897 6.269109927458344 5.289506747558619 0.7711467462498793 34.62429972796778 224.73552433478008 0.12194690449458993 0.25225169457175106 20.281583284446846 1.7793804065921863 0.4362853612586265 0.13420694891418564 0.650405626469996 0.5151490268155197 11.036847071240661 3.479899851578869 0.14021909106007233 1.0832401553528148 8.302215234498249 311.1824821874877 18.3589771139034 0.370823278950501 21.248246867681225 43.980654695995284 0.4632452403584414 0.9873651556254842 0.8192848904295994 2.2551240942985133 11.185684045667276 0.9987910856544352 13.85646716056732 0.36979498093997565 2.2157829167683945 17.601433670093588 3.672346687075628 38.42113247021512 0.05790275726052788 32.40958927222272 0.6380258474618468 0.11915216366744938 0.8351637891361694 0.10893240485869835 6.439901175057325 7.7229649179635045 0.8096308216077334 0.2782239893568453 19.719028482473806 5.882079685513816 0.9307281604602065 0.7391703706244926 1.6284242006012626 2.8181349094550407 0.44989796564754325 0.09117800580924855 3.5853870225199813 0.16336671787368437 0.43474891727520226 0.7173300461545202 0.3732134015183291 9.846667879574635 0.6682924446607611 132.2030438981141 0.22688665675721686 0.10689361308146969 1.3123445033895085 0.6100676547916303 1.8529155495674177 0.0739078581245299 0.7529047248467987 2.842157275611311 0.23138707348061238 4.197112043702664 15.097936611225235 0.3222849612774221 0.45419972045779694 152.01615686323723 0.1654496925368382 13.23690918915083 0.2599133048352736 2.3016022684576107 4.902282481772934 46.690627736584965 0.32108151622588993 13.652221767206523 11.68949691852671 7.7307241732093 0.9088715602611663 74.83859408956735 23.97635449223061 36.81493227873613 40.85741478581291 0.05213861126875464 72.17142461240039 7.852327392872809 0.9977737481018213 13.678352356464874 34.76596538086368 3.0096352496440333 7.698315567471589 49.488767221253404 7.3334875868766245 0.7771472521578716 0.8498293813660927 31.74508976311739 193.5193545735675 65.32042524599312 19.285309612176267 0.7518979644586602 32.54596320565466 18.805112905644734 6.003353603846405 24.61861172897591 0.4451135597465624 0.1512078552449267 4.860085263220091 14.128067165216333 25.0437442040595 1.1476912596160034 0.3618150467394269 7.678571791842128 0.932813270053809 13.730733370267554 1.1309299075260855 5.558568561961035 6.473360607050655 0.4680906899685074 0.38475925475464956 1.1879991903650446 4.372199617617175 2.585104209296229 16.266230121626624 4.244736759464196 19.287331637095125 1.6822102760821582 12.122299904212662 1.380001213508513 0.1785877288030916 18.646617490889597 72.94158332752274 7.765746118372464 0.821552468606979 34.171954244834744 0.15876358875168944 36.88972822584335 0.3523091598344053 0.30718599924091533 25.19309301620306 0.13595438840127727 61.56037235229841 20.743616853875498 0.060000705021342006 0.21985408989366753 1.6826460515845558 0.4351901898525795 20.081792398006662 0.421856201257731 4.683805913001952 0.6729009184156933 5.628237371570333 15.334005403327948 0.7122420819245875 11.962259105601357 0.30872106904566604 28.283367258647843 41.073552347728366 84.07149793518663 0.3133057883701932 0.569594361949135 1.18902981360414 0.3599992290284605 45.38170890649304 2.318317481999699 19.078201697429193 0.3228184589234811 13.346802932377084 10.34599457226767 0.1389216508365826 59.48176348419607 19.062017444185535 2.526988630228334 0.5129512836190048 64.31246818686769 33.330976745204225 4.261668824495437 12.04764203911585 0.4635348841479833 0.23742606836836547 1.2545485936804424 53.728242492777845 0.2877151333237733 1.7362501358367446 0.2439499487517529 1.5775497911889171 150.9228647720935 5.506909581446692 2.8012527451531946 14.0666478626904 51.610090568985775 39.46855710312539 0.3496093295797969 0.18381880826802632 0.18168012464253042 21.953361091377136 6.6312667715575015 0.05744687563170942 6.640167383520531 0.15047644011993375 0.2306058417093046 0.2099095309056333 1.0376463097262651 0.1822850523043091 2.894921193675704 0.08503621410196245 0.8795798661092299 0.8226911891841416 4.672571382792953 0.14777858029784843 0.4994812411204123 0.23575824417471286 0.2394786528858282 8.334097666631736 1.6520943171883578 78.65013069813101 9.151311512753908 1.946691013127232 52.73937280436318 72.34672235416188 0.5128870762886011 0.0584279611569609 0.93373256641914 0.5663097464339152 39.57589306677266 0.35286256749928163 1.1324291657465946 0.09418948840169952 45.97499051409731 10.344751417990569 7.245482848102751 2.199578711026506 0.2084401826481811 26.947082473329978 0.339455270347283 0.5266350547005682 28.611817215226676 13.172488698161915 463.40831203207404 2.583655291137827 0.3233350934068233 1.7139223572490543 1.858250485319372 0.1931999838222338 21.45612863833112 0.23207274290695293 5.597697780711345 10.406680005291067 10.150815720686934 0.30978931257264525 6.54893693362261 0.19834394748761633 0.19930868931205822 33.40741203526422 85.40619152755252 1.718274515743347 0.2348822698009637 0.7413813145687728 1.8928952022495902 0.6237343158717638 1.2730238312414903 5.807389052627445 5.935709215559076 5.65812878319537 2.3262556140026462 0.4076297232955586 0.1588714473020762 0.05085237881890344 4.440499825638118 0.5837339717372656 0.1485218953891126 32.82294207326573 6.652999059112284 9.892279136732645 0.22658864490110633 41.62165006053941 12.620975166966982 1.8793325045851506 0.562976165885762 3.2910203470140225 119.34836638558765 0.6554222912354106 0.3069480274005843 4.389497563103065 12.646433525878262 0.56816302122779 0.10276492602036562 0.25434231243738425 0.09873802897281689 0.3439801328103692 47.71454403626336 2.588051940765694 0.4213437229992816 37.24022584339472 2.89334139784145 76.14874978424484 11.554786966823146 0.2204826875967327 27.502824604818315 0.19780222761486 0.2964448459550552 0.54178524827365 4.304418699223711 16.777893100384624 6.38195367653863 8.251662279443845 1.3487032905735625 89.93950635627445 2.95769728765087 0.05051053792984224 15.854407072775865 54.67628111044055 0.5705458049835346 23.696621666647506 0.2759422930586253 1.1182593252253101 8.168115618515495 26.570388663184964 63.5008792503302 0.48991484263721596 14.257218402666782 0.20470414215739816 0.17262107252406 0.31683664557307195 0.15864432190159353 17.569282743493606 0.1453814098023047 0.27313566653346477 0.03914449831372735 0.08227368502446153 37.4336694522441 10.168998765888878 4.319173780830979 0.5094755212135087 4.454208886905854 53.96911936754431 8.112149418202334 0.25301586864905923 5.268523752308728 0.5742439966800551 0.4241065925555476 192.31144035114406 6.298010226214861 2.242451488679779 10.45281563722552 0.2975386369196736 4.017281304467975 5.5234819001182 229.03539897798817 1.1135977724865003 41.49593056494879 6.167118570428739 19.986427198517024 3.9527010030257888 1.9856454057688981 17.697085036080264 3.206013131031573 0.38431440805490236 24.09028686991762 3.682003010509682 1.0814360988463392 23.952386166553417 70.51820974381644 0.3676728584612208 133.9134207784134 0.39611745658788855 1.228323732904261 338.65634659555394 21.324116534589944 3.438697411667454 148.14349972115022 0.425825823415056 38.012505401247616 37.340180719716784 1.3975683712534719 0.25583018050240075 0.49056396543817943 0.5173147311026498 0.10819149944368864 0.33537947101936794 10.944766693955682 0.3396031205560069 0.1678260315842696 0.7123018348545256 2.876540526507419 18.8917491648574 7.734729236905692 0.2578448294915855 0.4068496631447569 1.2189117862433196 3.3571922882608716 87.43068526538823 1.0951580884513084 0.7443165869075059 85.73785673370841 0.47326462523886353 0.18325923854663567 5.0142678378831205 0.33399818313942603 19.713410819749274 56.793821345034594 0.8964048961624381 1.0323976583311996 9.086416992307157 0.9290509519344285 7.046179547831666 2.775178995648934 14.320550909831088 6.696311719935503 1.738052637234653 1.0698980412395773 10.079725161898937 9.876847823421397 25.51647723684008 0.3007658205553668 1.6389627561795794 1.0829905450011352 0.9782677223917764 32.88876033705208 60.92654492769459 0.40701056056560964 0.23147655080791724 0.21585679493950616 2.3471139987588607 1.920749344721911 5.952457237478176 0.6107876944752071 24.291830198943845 0.29764886441366867 1.2314970488141899 18.014236551549015 25.958079686263048 3.899066254207545 4.849100676475922 0.22388756297516127 15.901062068109985 34.25522442560269 0.7135588038515286 38.05962201697446 17.083987315577048 0.9815036379059305 16.104006471248795 2.7866816285059532 3.0674020043205856 15.116156736138691 3.134347256859978 2.144279848675192 13.467845271480515 24.159205169751843 77.59679138035882 0.04346579693881417 4.207911460692691 0.24132445142394446 30.244499176099563 4.601009054798012 0.5440197330671102 2.2597820825431234 6.379140886430928 118.67428981798707 3.787479930926892 8.60384270193897 1.1241431009225729 19.380211300689993 0.15844741160077705 0.105258303279631 6.486292615359607 0.04485205685048856 32.65502781015995 0.25303578744671856 0.29034575683996516 26.808034651656754 0.40813319770099854 0.4696493990633016 49.65198589727656 16.331801282594743 21.827003230445186 0.19620680730370266 0.7376108205887416 0.14546907712715468 1.612688674034422 14.664173270898784 38.02739963234787 0.9921999717881871 0.5669487757321303 1.0657788710327416 1.243681060620113 2.3960771253868964 332.8410780727505 27.467429769239807 0.6554306836837948 0.09065086211997606 11.790165023399593 0.37713710849640597 0.2844846555943813 0.1648452593489329 0.1209890884468025 2.8812117692020363 1.2183217793199845 0.4971230589778162 34.62539266597678 0.404120533385127 0.13692617454431638 1.5989629947998405 46.08982750362341 10.42002069831571 15.100254874707671 1.6318407675034712 0.08601165361879919 0.5495655101856659 10.495044028410785 1.0349359049215212 0.8206935469864272 13.669762578730053 1.4107553846750613 7.557222797695516 7.076508332002048 8.28650805941075 57.572172130043846 5.647879965902445 0.28884770757373873 0.8791895139523779 0.6281603194359426 20.99855514776123 0.3295886683646616 0.09784641819049945 6.198766915140326 30.138773304743964 0.6524629737307241 4.6007058524781845 3.1460807265492585 0.4208942500566385 0.5556530396069077 5.970384870818517 3.176802916086146 9.98752636076389 0.6154893548996082 0.02480705671286056 62.84987426583596 12.468591945352882 21.612135626121265 22.317500612809276 0.4765800581833774 0.29365984114905513 0.28159509318261283 1.4306180114876057 0.4036623672172025 0.24593798130153188 0.7894562045561672 3.9477958089507768 14.887045526750379 14.648546430306117 2.9804963975294734 0.7247781727449241 37.57721445274738 3.1804014353168806 0.9106789795977913 1.098138334095634 10.489233494297803 4.173932499947725 0.20726313693506465 4.804004605203809 6.263590855699983 0.1686009121252489 1.3866389906531327 28.163198224453588 4.205741558129917 3.653225821736204 6.817295261987457 18.19904108506433 29.547479979894256 0.1396314166218429 1.2267314571223935 0.3278284268839006 0.4160449425920142 0.41459471117008656 40.13642322815254 6.801679300290392 0.7357611715833701 1.6243971886510342 1.8050921719364708 5.605876058105041 1.1852694786268114 0.3163410143986144 0.6433384552475827 1.4131022544723002 0.9001498798870975 6.452555834470752 7.278063539173426 0.3471677992184615 0.4550429713081547 0.1560411811604808 0.26770448888092063 24.019794895202114 7.017485994187869 11.111211573897927 212.92885119495202 16.162684938398893 5.436127638024105 0.24167054404630273 0.021205118232445655 0.2490196349789476 5.407540828681463 0.9721432186825701 0.7816891782564818 7.932424522783718 0.3187998510074416 0.20438325221401996 18.377732144641396 2.953609798291334 15.06627068888176 4.578729922006644 10.060443521985666 0.08392354188959628 2.070633691304858 10.093850929864459 0.8674666272912328 76.38736130786472 26.107130570934352 0.34425837597544323 0.548324939685905 46.4896187364775 0.7602265840598234 16.108191213527924 0.10403881122821601 4.841254210834552 0.7177661853571249 16.48130743803606 5.666919022378302 2.2563689688321737 1.6339914532277349 0.26005345411568026 1.5804993975751231 0.29185423325594545 0.3350058898626971 17.266698373117492 0.2544265320580396 0.47986230320536294 0.3481664311453736 0.8066572512580784 0.4264545253675874 9.052886647046424 138.6663576828481 14.944740033017188 0.2349399033044868 0.7792214531657393 0.2961246874658051 257.9458195659002 0.31889256449762465 2.080612489502088 38.810866128270455 2.9917310736266023 0.40086341453839525 16.9263264139056 25.508367813514127 12.725393547297088 3.5155498124015487 5.572303446719988 23.349551641605974 7.3143060578981896 0.10304111437891798 0.271936704200821 14.698366180136073 8.687278615098684 46.133954566513815 0.2507881280954661 107.67435032170536 14.44313200943542 1.306732600292449 1.5417400667321886 0.8892251535282882 50.89169291905243 3.2734405938488664 15.772625548657095 8.39877956002723 2.63166990068477 15.914155909977284 0.3703419544050855 102.75219570539772 2.5519175454842093 0.3627574820750083 0.19986089325903478 0.25746002448381133 63.98176782544985 0.6197974720091739 0.8068986559563083 0.05416466758370745 3.182052066595462 0.2956404639847594 0.7162860656355929 123.20733811589305 0.053301349468607664 46.386921213682534 0.16157383010028778 0.17067166143435428 0.18051067306421742 16.44072803488402 0.18344019146302704 59.84441851594835 23.139541468872384 15.58679051627763 10.605793103044986 6.050310771301402 13.827025544576964 3.719521333767938 5.316530011821048 0.1241300642051265 0.5525360451382801 0.9462343859369181 14.516088890552615 18.845622848530443 321.7058362299206 19.53265792082159 60.20054509223235 0.11613787180083628 0.30815566048863086 1.6229418783621812 71.60301060652203 55.391383336864465 45.650881222061074 28.265364641018483 4.584006491580938 4.476698961085814 0.9638564185638406 0.22884302245160945 1.8448522172820765 18.972575831397865 0.49294551962377703 0.26853573874936243 0.24041240111820147 8.474043177897709 0.23191906572387516 0.18432455768452402 0.402366021263282 0.22357576631698958 4.125405991741246 0.11363165580489717 17.90409382723015 0.33099162033102136 0.4932183366075939 11.997142290875498 0.2543573117155618 1.4708681385701274 2.976926955659486 2.2706468161326154 0.40420590027834874 18.415991168524677 0.13600845472502654 0.3417160463321384 4.819606306159354 
