g 72 500 0.95
1.6448536269514722
10.886119002342962 2.35535714657506 1.0357532587874525 1.730911985738455 2.214771410992161 1.0295830480215284 1.6171302297818901 3.6828516430316487 3.5278919115984846 4.05768452932063 4.26358937025629 3.9895393697737713 2.406151394189941 2.8704841214505192 10.968166339399287 0.8635066275864368 19.61526255627498 4.806265039562594 0.942576732709426 4.14642945459143 8.661649849854298 3.1830447605429826 4.05578644853882 1.0116695775189215 2.176632970871972 2.9145620773744993 4.637922666648985 7.952277962097674 1.0845214835328685 9.140679253920558 4.077706683153916 0.5609200881494067 0.5358193695108265 8.190085336119957 22.49445522498859 1.0030857880287887 17.83134870392229 5.373648449653937 0.8916543940923402 0.7815252488190904 1.1050360855730073 4.878453364623482 4.39642737413362 4.584271151907574 0.7676127835434879 8.78477022993474 2.6589999068198207 6.859569024758471 0.826662077907952 1.3390793459773127 1.1762500990447877 5.819360942917819 4.210997516979665 0.6798718147174557 0.8474454340397739 5.524825956867149 1.2369111937598194 4.7690791218170565 2.4856752067897605 4.347087013598683 0.8147527820768805 14.312919999244482 1.2109331467622646 1.930330181533114 1.2068329197913583 3.2353901495319093 2.6303004837521082 5.293562408871374 6.642345577101805 0.5625542357208663 15.988418357179503 2.3171153756517286 1.2717475306291652 1.632485916760036 2.8689615450739896 0.7616401509186403 12.20662394999005 1.1158860553643168 0.8376264335970038 0.6547299228799424 8.647141399695046 5.852530645796045 1.2092560033476878 1.4023157422620125 0.771206971584462 0.9175864916174908 3.316376421755517 3.0412082239394214 0.8216293312740365 7.881931358077519 1.683051139891781 1.1954611603065963 6.982497294979213 1.714553273208756 3.8755102175178155 2.875341938810026 7.9428179452206376 0.866040750167965 19.69063132125999 0.5758293813114218 7.5167582837256885 1.0106909984186097 7.244093707545331 3.5121343730333567 0.8155581928377726 10.799523842235192 0.7931929444390097 8.771751929236364 2.0423401507683328 4.175199946471595 1.4605101181300661 0.6097044006598542 6.2068748680287795 7.449602748700745 4.150364723700373 2.250811085485618 5.048865555401459 4.266310210763347 0.626076945086236 0.8782261739435161 3.0603946518629543 1.5054959946077089 5.741306508725275 0.9343478233305955 1.1453495370490774 0.9509778464054884 5.243917332392337 0.9602606408146042 0.936428512720284 1.5334949249588044 0.7805631445085935 5.238223729219664 1.0660704535391061 6.000495357520666 8.032465989499707 0.682666966001255 0.6381847400847491 7.723063408165773 16.39226719690065 0.7490715305790819 1.0579750592482335 2.3879550678636696 1.0942647505865555 2.217397485458813 7.161444127017548 2.0647105493965876 4.725237499180515 0.6366213199979914 4.708498276428936 6.627583426229454 3.8147915946046425 1.2135059107253816 0.5871861751557375 1.384421278980568 4.958180523069794 11.145011273749905 0.699960231145608 0.6675867248323799 2.677416631815004 3.508002459650981 3.1579487465277074 2.145137219158016 0.6407230294781048 5.9261698100089175 5.454342267313839 10.242215247404461 3.9027446671119 0.7467420326152652 0.9950595901815436 6.761832350618383 4.053777533017468 4.35381513969156 0.9048890345772119 0.6960940568120405 17.866440586775507 1.4007038968543364 1.4019493337203108 0.8092229457537989 1.2225838043815507 6.895720565980133 0.9237451896649087 8.672740034892799 6.927993404316369 2.7601553351347796 1.3425508437390505 0.6402847077494788 0.7694576329708953 1.1247933646883679 1.5727480614543545 1.059553772447466 6.2379286488113435 17.154136586912546 0.6524317685863388 0.8312573022089755 1.3366927697858773 5.623576590116399 4.135134070340768 2.7921197780192246 2.1185457568791244 1.5427590745645714 0.7554757941466648 5.620895008651801 0.92720838639783 5.097537823930565 0.8787144742225906 21.192522759042323 17.9166107893324 3.547567457920618 0.5673548657136699 0.5429416049999992 7.0378515338888885 9.756508324318494 0.7947927391562722 2.2499194877087967 1.0750324800725837 0.8024427870538374 0.7337762069863496 8.185664500606366 0.7248130695392401 1.3511412423651639 0.7759010724042511 0.9820740895943055 18.536900874461363 0.6434772464895455 2.1548064808368084 0.6557097697228312 2.3466483951784145 2.281388900175802 1.1153393553537887 9.084399840139533 3.4347072234156895 1.924885763476025 3.8318882513428734 0.6522723515904558 1.270185898720219 4.122407488727402 8.778201376175542 5.962114705124471 0.7229661851194493 9.458691980893706 0.6386101275852265 1.2989507883178415 6.20280839220824 10.713381614878106 1.9238052935095014 13.260280505560747 1.3160479217190133 1.037038859729018 3.6261736443989743 7.031861818429723 3.522266791178534 12.085806370183633 2.473387245597233 0.6200955557495316 6.713466902358141 1.3083064148030379 0.8361896678702716 3.722200636592657 5.614485405911674 3.2758274077323586 0.8941170510856229 0.8368555919772559 1.6798195974219716 2.1575848932259687 15.539990933762303 18.168508582760246 17.554948754588104 3.8331999205710163 10.935796949958876 1.105371791732092 0.8289004340782915 1.1377865009449466 5.552256939586848 4.641123039989921 0.5136756664696667 1.0135025394371346 7.342897543310281 5.221036432060152 10.093511444675993 1.1331165100105431 2.5519251048304477 13.402853061929424 0.7280123637268718 1.3802929564558772 1.2644436813291222 1.7789573139981456 1.3839362269082702 0.9224953663868761 1.0001561089966071 0.932117573813381 0.5977755857694429 0.46283792834693255 4.495365965545258 1.8707737639084006 0.871146340058103 0.8301850351505394 2.3519586099732623 1.0705089824678042 1.406009002359441 1.4525758342231918 3.026417300498563 1.04639032674109 1.0341321388644313 0.844575813287027 1.448940479696098 1.1781838349697287 1.170721671682216 4.364046031477272 3.110186955689178 8.655098787116648 14.241469667412908 0.5421053235267367 0.9897619456606942 5.692035992165055 0.7281410552462 4.959713019926157 0.6608004025515477 6.422902278036869 2.4054568008478086 3.292934258414854 1.229631963935168 8.002416230246036 5.874984147847986 0.695825670655879 1.9538714889923305 1.104474365165578 8.302663347860179 2.3772551275130156 1.14652565736968 0.8056905798691641 2.6761284056542123 0.9994451389898309 3.1373285417886025 1.0438154915379765 0.8448637955515643 2.858694945783667 5.448843699282884 5.934003144448262 4.651682939639709 0.6847672059936352 2.350979284233281 2.6092364560957084 2.1346044448848374 0.7113745640986405 12.386579162849438 1.105881818359674 4.262407427159911 1.899372112173535 2.4565866428786376 1.599958767669657 7.060515616862698 7.612602674977808 0.8629399837915585 0.6618501635019494 1.1280966999266835 1.1985391799955685 4.561181251863933 5.075320624910078 2.8066232910767086 5.747363811470411 0.9972298646267757 8.003450528793149 0.745459508914709 0.687810659885527 0.920300309453836 4.275869507635612 0.8074505786167063 3.467303064416225 1.7622834780520655 0.9755243632902972 1.2014720290942773 0.782635391912889 6.454938142357409 2.943911835451772 0.7896380067284414 1.0720207960800132 2.023503218444153 1.135251153267988 0.7690284752050607 14.795913073843142 8.915401854439764 3.1642551922796227 4.34150143825544 0.9990390278580611 7.410359456709327 0.7590826722628288 6.68002147220273 1.0122265672538582 3.6776806012553767 3.7034299159581163 3.5217807673678316 0.581972766270845 1.5892228042746537 7.657049792756526 0.9740992787494652 2.95737589424267 15.904675112386373 3.346157361967338 0.5591981760284779 4.658569106639862 1.2147199139391331 7.811703740843606 8.979699833126519 0.7796432851778812 6.5315536366581135 2.071670509370749 3.7286989713269736 0.7485797447808351 1.8346691660815366 22.375232146948502 1.293654203174526 2.014238726953606 5.7132066211904915 22.28542465282282 5.429701916485142 0.5948864254576699 0.8928341855117384 0.9536041494161968 1.9279760604814071 0.6311496142396753 1.2575497280984844 0.9110512282996086 3.6879609009373033 13.384255925800922 6.090193132134995 2.2150322282253936 6.623004920696442 0.8582750226983151 2.2876244494609543 0.764252553933848 2.0532020123933337 1.0164944188171874 8.646613815872799 6.279654741470484 1.208541920039585 0.6065017985901082 6.7891968630056425 4.927967808593041 4.893740702805376 1.0819175523101658 1.0915272126705218 3.961468345612513 8.463750157559351 8.158723209980312 1.3071978289991912 2.162269247156268 1.2331224763614697 1.6217807927303671 4.460696574584442 1.3050042015425343 4.886021529830301 0.6329404241184348 5.823202170330223 0.9331336254539717 2.3330554349275143 5.263583385621259 2.6417032658421307 1.1425261032544005 5.061202129690295 1.2674002405673097 1.0146688032316522 8.000210367162452 1.1287905134551897 3.682326491425768 5.210933110736012 2.873220493252171 6.551482537373675 1.5546207979294444 0.531947744741393 7.854302032844734 1.1154507501813555 3.424439563884559 1.2949732810935155 6.552072563841632 0.8191606407157913 9.21693793104812 8.237265080079593 1.0118894571596222 0.6205494683494643 9.733692474707004 0.9459299713260482 5.8176213255374964 0.834708230452369 0.9717051194871908 0.8496164972414059 4.528519463676552 0.7969332536163031 1.0404097865163682 0.7942923151495187 1.7489015115034274 1.149525851407303 1.3476968238254656 5.165267092156876 7.172491968418588 3.2698075934462683 11.131765859843945 1.1220210760700133 2.075894848766974 4.8669955784619425 1.6053927170016833 
121.72565371871097 5.598462145629444 1.0927195146100876 3.0693923006559185 5.158633847041956 1.096269424226515 2.77083896149572 14.41267634324433 12.547782666331292 17.271897444790845 19.51242211656816 16.370446331864148 6.1249802225217245 8.43506725661398 123.40965173762204 0.7721626972301009 388.261391086797 24.828897371464443 0.9069174556381276 17.50962659092317 77.01126130764814 10.365294949422204 17.196913887946437 1.0720759988911521 4.766546077559267 8.625358781454365 21.573905687278927 66.86412733237887 1.196121040155545 85.53251083858802 17.21663924193736 0.31716934987447815 0.29113380188036475 72.53147315276631 512.1466648074435 1.06487054877606 325.63246503556957 29.456846509562098 0.8061625862865459 0.6180816284193393 1.290327559402003 24.245509029880846 19.436501821177007 21.79557023886049 0.6169775790090593 77.58578080314324 7.553978697697129 48.72322120989644 0.7085713545304623 1.8803349825836302 1.4189753009567119 35.575834115344314 17.888234349541214 0.47598096739158796 0.7737501872945383 31.682067768581717 1.5762065818592512 23.052122075569866 6.534835662626456 19.924301549924362 0.6686990504257455 224.8232543586692 1.516402481357578 3.7845850289712533 1.539289067466803 10.857027560406653 6.982643603429287 28.402037428301178 44.67866156950427 0.32416818528648533 260.1744167063607 5.507373745743608 1.6295577376560906 2.670286820940589 8.651831472802174 0.5930009929633657 154.9687780614682 1.3127184027653398 0.7261319109121583 0.45992818612223035 75.24970518954926 35.372584270257384 1.4873810426537777 2.007622728744529 0.6315866293907196 0.9183371178379942 11.146755967824712 9.742811801481656 0.7310189242814754 62.83258214412308 2.952922634217448 1.4372990813912412 49.804331116518995 2.984608830352103 15.300569647979605 8.457818415202892 67.21427439464529 0.7584546780268163 419.38344933085006 0.34960671977481 57.194100215995235 1.045202943395921 55.48426921557766 12.896238813963171 0.6693425344568359 119.1218256171662 0.6439783251788443 78.08555126696983 4.217617646083406 18.27670812753297 2.230160790030366 0.3780768418946456 40.76296472185059 56.44334372857854 17.487245252073272 5.0782261848889405 26.05688825598757 18.880545131630374 0.3947260873775572 0.8155932781662844 9.38660031102055 2.390172771814118 33.491039112031984 0.8812570372209098 1.3271259140772764 0.9772642500512849 28.47786815058939 0.9309944882914499 0.8857345454592226 2.4149148138908028 0.6135347506321017 28.63018626558841 1.1576607512019816 37.17652846028623 65.83903497416485 0.4794222776031561 0.4117917056489787 63.958996815166984 273.217249448179 0.6067832853991302 1.1293929196990224 5.843639756461065 1.2861959211102278 4.996191663181191 55.367775407786134 4.387167882160587 23.536951046482578 0.4245051704478652 22.7090527720807 45.457897475441754 15.115914733130156 1.555341816079334 0.3493667365454517 1.9321950677696786 24.799743016086165 131.01365796918682 0.507942678107053 0.46735842722177745 7.473295015975826 12.574021906505921 10.403622140702781 4.637750560452434 0.41348499348677586 37.093285191382556 30.631883657197825 109.31943644429619 15.289828522268172 0.5637328180873292 1.0394427348346205 47.02594381475829 17.844030358980106 19.971383362803834 0.8293522400762203 0.4911688177710701 346.75490757030826 2.048558669438619 2.010309576901967 0.6861863810695163 1.5944452706862013 48.348345255139364 0.8704509189785327 77.09240234326683 50.53815614419356 8.20613568072098 1.8374809055687982 0.41847629827573113 0.6177881739552236 1.2953547082631676 2.514137824940769 1.172447499530038 40.529058327323426 306.04354831701824 0.4500167356350335 0.7279934316164469 1.84125920089585 32.257774857643746 17.231339957986524 8.161112914731369 4.58515151070797 2.384811829480397 0.6021105057611033 32.10251253548764 0.8635478708009409 26.587252479169138 0.8009051634154305 451.4620996997153 328.00494890125964 13.045169566732815 0.33261783053885036 0.30406641902932113 50.350672929227436 96.4938751343295 0.6437456146149535 5.252248653624347 1.1838645319308403 0.6684435787806292 0.5667379349496221 69.34385285642195 0.5398723275586754 1.873040438547411 0.6129377275886414 1.0307241557211766 359.91660813266304 0.416229442229991 4.725584697965343 0.4513414358769752 5.658072307541969 5.234016714957769 1.2616278730371768 83.16139568607241 11.927647350001227 3.7360447394768457 15.298350582601747 0.43392281200225974 1.686872686608434 18.11085940393973 79.65663288339763 37.031798638774816 0.547918917752941 92.45431617321228 0.412904659443159 1.7157441324548544 39.127775799236055 116.61561040054195 3.715401988083786 184.4406953446138 1.8112863321385935 1.11204098368919 13.626505401891778 52.83205521958052 12.851335269352173 149.91600326191815 6.193285968078105 0.3888598478084831 46.9073209104499 1.7197863451370148 0.729166932170491 14.005574470371005 32.026727982650996 11.074003956484281 0.8113282370239082 0.7402189666302806 2.905404781412519 4.995495640707769 251.45861242983491 350.468634095825 313.6321945475457 15.5163393690195 121.59208488541796 1.2597902983870917 0.7032557895770615 1.3266823669990804 32.45199307450043 22.357753823487386 0.2660039133714931 1.0673135972430163 54.880480534657664 27.55690265317609 102.50882887372904 1.303332360539692 6.72639348988568 181.2220167877801 0.5429332480332121 1.9282344602935848 1.6687333059234692 3.258774417998212 2.0715340395183004 0.8690367794303165 1.0108508295809762 0.9107933807898564 0.3646543595833722 0.21584104781731353 21.40187046660051 3.67746731528911 0.7857483695199353 0.710092322626946 5.618146070819256 1.2023179999627829 2.005234723290591 2.2273442023100123 9.503411444971404 1.1236834211700817 1.0766007660785744 0.7505463996780799 2.1264317339642047 1.407249630561058 1.456831231436879 19.5484219341035 10.205252078801964 76.40227890855391 207.82109226362874 0.30704705315147085 1.0377428777662863 32.8736675088824 0.5389669608494329 25.404509688626028 0.44978901778175134 41.82798486952565 6.0681475637569795 11.50111346103052 1.5668305795486115 67.29385465679202 35.37967379730357 0.48712969194256656 3.8494439674588303 1.2483701485046526 69.64607004685234 5.790640039535303 1.3744560416415974 0.6551768709652595 7.516769059121614 1.0097689937333383 9.90250501710431 1.1240527738740704 0.7219283599297914 8.33456064010337 30.641046582135626 35.38162045557592 21.79885283382374 0.4945295640845862 5.620071400542476 6.86610568594372 4.624150042579249 0.5079814095942983 158.6094498744512 1.2526937919229308 18.23829343717992 3.8290565849122338 6.0824359288175405 2.739082927452498 52.94923580413962 59.527611475614286 0.756807954568458 0.4395524322369139 1.2836806871646784 1.446340108397671 21.194144022408235 25.877836623707008 8.071070153242703 34.20113453560056 1.0796386910896658 64.51214360536022 0.5655573839951751 0.4779306101227506 0.8868505687745586 18.423959019273138 0.6989365752787191 12.361438086839499 3.121344831822217 0.9679602356010575 1.4653377091645017 0.6498828896516032 42.0884319560074 9.156394520278909 0.6440443125478892 1.1935640231841456 4.280393513138255 1.3307912263384247 0.6021801752290256 227.0514765943681 81.4405188869857 10.124933620726829 20.085803644992353 1.0231260975218295 56.65391179862265 0.6054817708450159 47.39209442267839 1.080203654350041 14.589375771400835 14.20481253869963 12.960512678742917 0.3575749315158172 2.7188117981470477 59.563486104208195 1.0220044372521893 9.033403574976518 256.9156736561369 11.2758601206158 0.3147049502527432 22.982712724561335 1.501436672481255 65.09904321750342 81.74411331930759 0.6225900211496816 45.33660838026152 4.430418206184374 14.183780047213117 0.5811864557399177 3.4688017901472694 506.62972925952135 1.6879511823354525 4.134322375680939 33.837467613957465 501.2433489563258 29.581733975820338 0.3554295087638109 0.8492824570774441 0.9391553594960024 3.7848154858246854 0.4096139582386523 1.6197501337754465 0.8837913361458934 14.471336405580475 180.78375833209154 37.24380698828578 5.082593828102204 45.337882152900235 0.74833093296051 5.401925323490943 0.6022058592336923 4.238281913775221 1.0447151192733104 79.38984070162469 41.52387049462006 1.5275851664194258 0.39937678640558616 48.36664298195462 24.64989732142395 24.52683556427307 1.243814559848014 1.2059797470766234 15.835270999646252 72.18579995040955 71.52689354929629 1.7452538326771394 4.738356486599025 1.6283902344439634 2.833440810718712 20.992072081621373 1.7457670851944878 24.942910798041368 0.4357212583455105 34.85675640364428 0.9015066230196811 5.602798688484485 28.582976809029834 7.47476791982432 1.3516656845609791 26.51581105377284 1.6877918247259727 1.050717630617798 66.1725188683914 1.296303756456534 13.612489713275822 27.717260240564705 8.770433402402581 43.396891180262216 2.4957483741593176 0.2857514670020942 66.1149005620521 1.2557164483332441 11.980102376541536 1.7181068444261753 45.022095849766735 0.7004584703285328 86.8310299368738 68.68570562310752 1.0316879895591848 0.3975176734248454 97.21520287124285 0.922239599643405 34.492169184316715 0.7009162135233058 0.9527700985981299 0.7533778306691905 21.348254151624424 0.6431852556090842 1.1036661058817665 0.6384128493554069 3.0813904335306206 1.3815130355772505 1.8316067262991607 28.21468962027951 54.00055529941445 10.722349742349376 128.35433336441412 1.2759823955560763 4.346495183204418 24.904077140343244 2.59120845286604 
