h 72 900 0.9
1.0729830131446736
1.7841098073815884 3.53071251067256 7.983890128816328 2.232848073105834 2.027665825435073 8.665717860838768 2.571446516999214 3.733362074431704 1.3687248974345045 8.51401159020499 3.841842303817608 3.72578063090984 9.149212522822966 6.253353932778762 0.8492101963579102 2.1058386002590486 0.9496723673167554 7.241350113875025 1.0417962164359853 0.9898090387171933 0.8521603827850422 18.873914183500244 1.0249370351804106 15.065300678856257 7.863929106477456 7.082935715170784 5.178526278222858 0.70977894343599 5.5806636707344275 0.8840579927668897 2.4217652882106253 1.4913205945071875 0.8172016328510016 1.0833607445212805 1.129303862049931 0.6944545059639058 5.566145006031909 3.8267374907717935 1.0907920022034938 3.4312311198893637 1.0143672217895288 0.996294036033343 0.7196887329115264 1.3652875950881513 7.691365636427327 0.9978902118108575 1.0309365594682114 1.4384956674727394 1.2549311273151889 1.7030548034452222 2.1259957321198666 1.1444267633770009 7.470810820823821 0.9450981467202069 9.157674069367433 0.9584228786567575 0.9645532514187235 3.4852070972937836 0.8374437211106276 1.9699309305064945 5.8839323557255 0.9495056975947709 2.54638912536269 5.128482111053604 6.524846624200184 2.7460492630564604 5.34276042522565 0.9396763360836676 1.0738067987123405 0.8221370914518206 0.8665496385386475 0.6309847439733162 5.520222039365192 4.107554284175791 0.9075710535910904 16.69888620639262 1.435483572491766 0.6607704646693741 1.4976344748660428 9.391184496902266 7.11749980684715 2.0947232463438885 2.211376083733103 8.18259800868551 2.6082243523664435 18.96699508006567 3.4823222819395574 17.183582847260514 2.9327399125187363 3.149085540895645 3.0794823864732637 3.196987033320276 11.112204848940374 6.903491301701343 5.099983206446771 2.800922038255805 0.6921131988512949 0.7325189020622715 8.982754910519335 10.715429729604583 6.009816450044204 2.5465318100487204 0.7717909692966912 4.821433443067714 0.7998364451207721 8.13780459553194 16.157183105309937 0.6350034485133961 4.42929966637685 1.1445161186178203 4.614120424070391 0.6683560442583791 1.0223494117104428 5.709093496132575 19.102357237931763 5.442658864164265 1.0607069837943035 1.207585021574926 1.7836694602496395 3.173356190958269 1.0153801722632447 4.09511846356738 1.142869400332112 1.2141734831881472 2.438477770811782 16.035560856217927 0.9635821682971397 7.5881308921806525 1.1707084089058297 0.9546233134324893 1.6198020566882527 3.65727442108733 1.3002931852897515 4.077127867606689 4.3147168351720175 4.77199736036636 7.5864752642306 1.4647230443594896 21.313225950195903 0.6078050168096677 5.748768001712376 9.809636683567483 3.512285283612417 4.28229232604328 4.114139517383531 1.0457510194138724 3.3335652387590526 2.7365855029397115 4.50503775562755 4.824524013643816 0.6829257244629275 1.0577321762390843 2.8049935045343117 0.9199505264286577 6.360765541406318 0.9109770993226696 2.7793918740070085 3.3444181796171835 5.731698523108909 0.801202542259156 2.185784868181987 3.183959224996407 5.597357225865916 5.444419028329328 6.855465977984023 1.2816180681543343 21.455017066110923 6.537098838370009 2.0329331708598333 0.719730168715929 11.014572416007288 8.420231427553507 6.944591279493023 1.1430576495359914 1.9543432404581653 6.960493368425911 6.08335262070488 1.8509951974951317 2.4178029784751596 1.038309472039464 0.6924568155340097 2.465646943208455 0.7983367850795292 2.4748752167121593 2.361934602241291 0.5690415499153952 4.279001459455134 5.714693800544374 4.698246705175832 1.49938929053151 0.7562254249612741 3.784061417819261 1.6124346627652926 3.490505856770037 6.211945905508632 2.9071177329873152 1.8437331237626327 6.514650773581314 2.3398261793066073 20.662219354476964 2.131542676242887 7.353750009118115 0.9478968638938913 8.53851871080305 1.1271444554803474 8.373507922232218 4.053236639032964 1.2863909785770022 1.235350687616464 2.6554005483848195 1.1117603629378874 0.6567357239424594 0.7291180969878168 1.2346514976525467 1.2129436864356882 8.042519874791468 2.0039965198712757 0.9413572541869246 1.219027738874721 0.8447016506042987 1.1703528949776767 0.9044499948396584 2.106995461928963 5.108263595564091 2.418231828745663 2.4035690646252754 6.784201050675233 10.215031151850063 0.823972614765885 4.044531020284838 0.8240221746979893 0.6479966530929367 2.680960372554156 6.367359428045478 2.981920003140405 2.9116268998110835 0.7884203797272273 7.001076306724013 4.86003686078034 1.1934057572704475 4.598101766294708 0.8411690721907915 0.9208339266858419 0.561723253553456 0.9754233882858652 2.7893894430547217 0.6339787563478283 2.450728646732929 1.2036622510015385 7.607405267028269 1.7825890404075146 14.368013291440697 5.6477419464979715 7.590326012522311 5.644682158928456 8.326580164896448 5.948938733746934 0.7243387412647998 2.0156386244437408 0.8690852710042637 1.1789171193948917 2.226404226692862 3.378548374033726 1.0529650850819634 0.9248707634568135 2.300910279437677 2.6170094260572654 3.772195696435479 4.896021524450229 0.6747790755398274 0.9483343455132165 0.7423153310411557 3.6507688118525006 2.5944918493987283 1.2168710078613494 5.582639289751874 1.5589915378503696 3.3974601161393623 20.674404850961047 1.5074675411317104 4.055197094619168 0.7876154207581684 5.675475467368029 1.181002830156017 0.6848246269648149 1.049647730331247 0.6835159327670218 1.0180966004043843 2.5489274568502736 5.489244310800581 0.6188413878316092 3.0270692907311703 3.737127857720687 1.2227395688605653 7.337199304990447 20.03424147276148 7.7807440587887156 0.7020851337858603 3.683448617658558 1.0504057123126933 4.329903151010108 7.061182634336805 5.896809537423621 4.412710001402664 0.769488672543106 0.8581362249025707 1.9656381777588081 1.3139955246566928 5.536820565104359 1.2443592997151935 2.409781206270173 1.8487305468562263 1.0183895739917033 0.9555706511947567 4.5613812785710826 5.691045298878313 0.8072136825832948 1.0066819518365664 4.044184080863568 5.195692865418643 2.320734810794417 1.0248438882499296 7.14455452169544 22.782875736587695 1.2386040155597475 8.055191920790023 7.625472572846021 1.3332656711476876 2.9770466696004036 6.320981017721461 0.8491680619906236 0.8953144313098471 1.2469230366515696 1.5482395815282335 4.82379726862754 5.26722490182404 8.039186893487326 4.779936093321633 10.20825015398962 3.950319129293934 0.6950774504971091 4.290126923605148 1.2146726102771879 5.949960200331847 5.839193461541533 3.7969367124573945 2.9579270803273983 1.8498267338320797 0.6015990985357341 4.140346996967487 0.8091067493321484 1.0153844648939474 1.1672295259681362 4.724351947008141 5.39715545095479 2.73450654683571 1.3289145888102865 2.040361259313003 0.7888563536083107 2.80824366335865 7.535802035012773 3.9191331454727347 5.808992156567845 17.116067552966133 4.771630880736455 1.2997974075003926 2.660897738783557 1.06986596031618 0.8941241510035912 6.006739628192199 4.382897848869982 0.6523280991081427 7.561671851911277 1.171183929648155 6.340306102685036 6.224325853794374 3.980244992336725 5.201518537765761 12.944841058800206 4.23454502835555 0.7979789772806436 2.214687721812061 4.315285595466298 1.145125364056337 0.6006824354127107 1.0065881149737255 1.0827245942079122 3.217629824839594 0.981659006690748 0.9901349337634225 1.2003591313627784 1.224720520983021 0.670547527890572 7.70118507813465 7.3756971631754285 2.2788596533718977 9.699237058975127 1.0675017733280334 5.557502295205734 5.376384727933104 1.4063369371781915 5.327741588147939 0.6649513648807506 1.1522372046681015 5.359416738457055 16.05329005136166 0.9484244421124481 0.6808942884044077 0.7650692223297572 0.9030257063833959 17.824053809181148 1.2810351653988519 2.36103331554568 2.743467626971113 5.171315918574916 3.995223186770451 3.4011447425402626 1.1750977446662858 0.5772477503894556 0.9511521312887503 1.2093846013067124 0.5683338053126147 7.292330294946754 1.017551467391305 2.9172833882426077 0.7290028734352847 0.6124855615988672 0.7004521199831573 10.495036611298875 2.7720955714552824 5.139218637755792 1.2977065742738711 0.9029929399328699 11.20557279960641 0.6412735869516908 4.642612748054031 0.6834498975039066 1.4286498551592364 3.040420918865509 1.9095357546509895 0.8959357954738884 0.6054444872442526 14.472149377233052 4.116515030553603 1.229948907967813 0.4776811774962697 1.8368383824667596 1.0572246705799622 1.7506987899028907 5.437412001815664 0.7317187245574364 0.49677939137942223 0.9754131283676772 2.0331081293559046 3.1350479719012587 14.411198979957382 8.453713585837045 0.8267874300381405 18.912483738967907 5.308905156869864 3.7770991422898534 0.8334557922788176 10.089242068587524 0.8533302246978265 8.626041623854443 7.92432844540404 3.8668234162334763 3.782034702467093 18.430491404553663 8.810807184471674 1.0986568261086107 1.044968517902842 4.698976788382086 0.9598289446689936 7.782351527025139 0.8827999909083096 4.764218312158119 2.5173262160351273 12.868444440195619 5.76338212592621 5.209613788040817 3.4441042537336233 8.161787878279746 5.674725469184554 3.3644409404922455 5.182277967079239 0.6356051644821874 4.138172700718363 3.1945284941452217 5.561664608644211 0.6687579273576205 4.450424185223082 2.294373721485856 1.2454269310224477 2.7195311671252753 1.9248920961662086 2.9833340572279163 1.6605251894136455 1.1010045184835615 8.723722863381788 0.585967451687173 3.48882550137293 2.58299102694735 10.61522230695618 0.670936599208557 0.5492620248199226 0.5701314435717334 7.651467924682186 0.6926255300804118 0.673471775989921 0.5262427537096597 8.583772078517214 2.0542478023766932 3.6172651088529233 4.948467055099779 8.594474215987722 3.9597934094452825 0.5221733206687095 10.35186495153144 4.338555205770397 4.477410575536102 0.9484274362233965 1.2244450789940848 0.7362026775986028 0.8745252345741197 1.2941510518446309 5.391964090160715 3.3520472340845417 7.828493628725 1.884495472709822 1.958334088449007 7.945249747089074 9.184896682448022 0.9352942865378512 0.6800245646211004 6.301988835237247 0.8612607871529714 2.4218551641683974 9.866944163685742 8.996768767908756 0.998641480305959 1.30141947463682 8.832586476453647 2.045306789811814 5.705317679556805 2.6107465763879913 4.483866161383025 2.169360068106311 2.7391552335915748 2.046782918561561 1.1214485626457222 0.9983596813681086 3.944228193138489 1.2563894044165045 1.139717787311823 0.9473044105494917 0.8271438875481284 1.9054157290875942 1.1280151875588649 7.452965548678226 0.8629218211389437 2.9647586358903664 1.0694384430046282 2.8091963223637593 0.9874793665795802 0.6190062638281226 4.564244684340918 3.546304756459251 0.6876021126013133 0.8860027435468026 4.760213227410532 9.885959527503541 0.5992562196135452 0.8773637315964131 0.8995947825154437 1.5316270617941585 0.6014078817862663 4.53284754639248 1.6936130159057092 1.2111125300552084 2.7200151083999886 0.9694991089166505 4.166378479484383 7.056583488335089 4.513024581629025 2.3230721493083815 1.6687509623401362 17.442267955051822 7.765604328216814 0.7117262810512675 1.0430975346275455 1.027434459589366 1.0401901749642275 1.5894699247766844 1.1466740149317642 0.8422411823002044 0.4584568859046279 0.9589413780064789 9.048607292662176 6.356316733987902 2.609585016972228 12.511475073021877 3.8112720851807254 0.6080993557865221 0.7472868058337626 3.024741359384259 2.566081988654025 1.3224139054905915 4.138989359860238 5.022120997836454 0.7515308897453548 1.127194512623145 0.9895128168117499 1.0327069197032983 12.820040848341895 0.9637566152186613 4.290138524005631 5.059389322642802 1.402358834313872 1.3197544546910112 1.1650341264923456 16.53494402459735 6.119504896416093 16.64087081479809 0.956479119502419 1.0260258344875168 0.5933875454157792 1.1905302886256905 7.879240997499964 1.8698753368622387 2.0783095365779753 7.284789905406063 3.1612339399893967 0.7423601192274409 0.7890406384350147 0.9076196684645176 7.991353144125782 6.16172698629284 0.8554620787559392 0.6673644642481799 7.517999492863685 6.158272557737655 3.2785698876869867 3.574595291504479 2.286722023749351 0.9810945068705251 0.9442469105616897 3.3162929086983173 0.8662386840970027 1.0445378077663978 5.972911531985956 1.026339631261404 4.362665064040933 7.713317134339052 12.284128085895574 1.473806029529748 18.024344054669456 6.566970358242373 1.075104388363923 20.10953752848925 0.6018568142445698 3.356195215745604 0.7071353665489014 1.1294062067650554 1.150545025624491 3.165611467516851 6.170579150152634 0.930217654177073 10.399819532332566 3.2194840068154056 1.015635021899741 0.5440284894368753 2.6270591987169736 1.8716501737279971 7.9270513088382 4.621740365097658 6.503173648197662 0.8334137674409027 1.5573162515619203 0.6528769665432339 7.885536359660363 2.180108800307447 7.66396398030209 1.8695002187670646 1.661000423739876 1.0973441762705525 6.764112313596241 1.2886951388372703 0.6769801407187293 0.9088770623470387 1.0655794227949684 18.369776117523 4.076608875089604 0.6585278366503846 4.312748656666773 4.073308627399608 0.6661454895110253 2.051026422977657 0.9464602520880737 6.887542559052004 9.117137904160753 3.693694537192348 1.128684169881288 1.6171254816319331 14.212098769284614 3.594610698961011 0.7854540033337396 3.0770140476055046 3.3410929451268143 4.026363107120284 4.8453040844587045 6.18723016688412 1.9815253885995772 8.513034261259387 0.9186074258226277 4.828125258124127 0.8323631521896336 0.9401403191356175 1.17389767050861 0.5806507540189763 18.487118007789547 3.5185560301015877 0.9200997806143425 0.6399325344290225 0.7426193861603536 4.062237211254369 1.1677114958541992 20.226365035710764 1.0871446882850615 5.226392131732698 4.608551911572409 0.6999554309520766 2.4404505916261394 2.680964735753872 1.5148417463347597 1.0449162556381504 9.115617542697779 0.703819159473335 6.415353606629632 4.159141631669303 3.39270955910179 9.75176608792446 5.093311562440482 8.831906856963661 1.0997308167494542 13.149830772238998 0.5832847363323624 1.0038590289337295 2.384591118312006 0.7026867714866396 0.9009371902672649 4.340559658203906 5.465920194113288 0.737179884589995 1.9958919724407322 8.590454083271906 0.6941157326402367 2.4901500287440177 3.144788776835417 2.2320402996484647 0.8447830279884359 3.850772102411705 6.533305651234563 9.328909755774946 3.1270109098583574 0.6621569838954747 9.667172520600104 2.4971663882843025 2.7035044536004933 1.7671166752812872 0.9048420795388749 20.47891016851027 0.9403076930857981 4.061018479215298 1.242717554967059 3.135208123019322 4.835577934352569 1.696354272999712 8.810560905741104 19.89828556070691 9.444592012503357 1.4389324619002861 5.203145826450258 0.6445592066955993 0.6614312922281079 1.0319085387817004 0.8634494698947582 5.341464313301524 1.149975344739414 0.6665372673636675 0.8369937898775826 1.1889348677480251 0.9630571219241589 6.988883655656896 1.0559047506390629 0.6176712546923006 2.142870932899105 10.376718859922399 1.039656803511053 15.626344195599295 0.8780690895609116 1.0970776673197713 8.572559335420596 1.4109173380687579 5.511634247674193 0.842040527648749 1.3132627760323283 10.393352905263361 0.789905921760058 1.701052867770679 0.7261802839040652 2.7341478819674427 1.0802886176484865 1.0460693825698117 0.646885044376979 10.418550422916672 3.6699060132053933 8.921554972307655 6.491817408104998 2.558773992072314 0.7607257733077133 0.6872497214078158 1.0189503422711315 6.893622019503494 4.5333483402866905 6.965229942696595 1.760222980713743 7.905813140884644 7.773908375291939 1.5997915099228293 4.398257130592586 9.121103853258258 3.854281537578853 0.7528882446280165 2.194465725581757 4.484701241520955 5.1292763590733825 0.7545618383817485 1.2839223198131984 2.670139052410626 5.484699177527811 1.0999293479399013 7.997447886829759 1.893733970702919 2.885215836707009 4.132191953752336 1.106116182436798 4.499349812981271 0.9417625601883659 0.7487173927959803 6.055618019832082 11.069850884758463 0.9955247376262848 0.8938308308318239 2.1291327702427036 0.8974242762582727 3.3000075347009545 6.491550138918743 0.5430079098797155 18.678694372839445 1.0625303458287803 0.8854938111248913 0.6375474566760818 11.495732103974614 19.111195802607146 1.1519685565713733 0.7648608757841602 5.358629998401812 1.347718512848801 4.262741121774439 2.674749131969921 6.516932904495756 5.9909371144387435 6.304075282969427 2.4422758477440785 6.865561415866932 0.9853083928804607 7.527612086717559 8.21033843527489 0.8674063847275943 3.005079058066775 1.116930274249121 4.595212365819654 0.784012545630962 7.473998492296818 0.7234416000616837 2.6804137670873516 2.7319743917335013 0.8587505345915963 0.7133604790922101 6.370349501292011 1.835306896327723 1.892025272687218 1.0511841447547516 10.373616087670788 10.335462790251503 1.6230082445064957 3.1048210770814473 7.538223185439035 5.933851467885143 
1.0947594568739025 19.071911251771596 7.695720870877574 0.9385915547667549 0.5336071018575127 77.59948738095804 1.769522320870124 13.652143716357537 1.3934389584061997 31.69607619452348 2.7632448240094623 13.479087835560637 17.1140044246764 74.51108247994709 0.11930119345400607 1.516535933208003 0.28808830822541587 21.83816002125811 0.49880201761580323 0.8671351949033066 0.2675277200744252 34.75887750873498 0.2202966859382818 64.06493641590977 38.42373007219359 45.44310614156231 47.18629482760991 0.5609124295578322 27.03511674580662 0.7670407432501253 2.4870108264340023 1.0146719618140312 0.14858033539971863 0.7822739582786198 0.19012208385904156 0.7072822416067465 9.64565181352809 4.8208905125564545 0.37256525951370234 4.276810674993977 0.19003424194980037 0.6295424343528129 0.07823571224454681 0.42993222444503115 16.570790570386247 0.4481428414417195 1.0319545555857463 0.5988488299051754 1.104940656967037 2.005738920201127 1.382703444278587 0.4207179851870013 44.536324409348296 0.7659253524387815 27.60512102970106 0.24118424889143453 0.36687051988331637 12.639839700267496 0.7483653277828372 2.340804402354952 13.666206403958594 0.6448281237935666 0.5252021678765654 9.684069630827517 1.5195241720999337 10.654243718512861 32.87599998205532 0.24357294902728652 0.5236611235768774 0.36957784441937164 0.4958337290989078 0.08741224484076861 7.249144472315909 0.7063401009621371 0.1142405852043533 181.75273059781802 0.5016286700758515 0.45024626534627415 1.8838944868237604 24.002505867445088 7.7109056691701685 1.9150041305011283 1.386483078205954 32.48570179324923 3.064045537639905 452.95544082428546 21.82042247204705 149.42106918087157 5.291656359831213 19.77354971977425 8.27118306726821 1.4087058048656662 54.265901585937584 41.44776522180928 24.382061375781326 2.2554721385896985 0.28066671309550584 0.2720066698516953 93.12934017248358 44.82318409396818 69.01135616885782 1.0791228265731918 0.0477631207385467 6.723592616038717 0.036636838791488685 10.495595299488608 19.467142600226488 0.06738321537745026 4.757279394890533 0.23587486437314106 25.672550273521747 0.31611994483581957 0.3023247075340636 13.187939430957194 74.42454156566362 4.251211668753274 0.6865115425662387 0.14887463437410023 2.1613034203340185 3.957401904359343 1.0472596578636648 30.449454761312946 0.6698320904621434 0.6758283805330477 4.479789518678198 153.47410188420787 0.619117982938368 40.70424766318757 0.1806435323946342 1.0549399379981617 2.89021285091224 5.140283482511756 0.48148329159709324 4.946444603171688 16.817620075336034 22.925922635839655 18.378724323865324 0.6858715304064928 101.30419248228516 0.24051585014379412 4.42690529855106 33.35783560057424 6.941513777238672 4.017716988513152 17.437030388888147 0.9225403663566177 12.424794126163917 6.571870941085898 14.191301652144178 14.224281322871995 0.7386414094962136 0.3020588218645499 0.42718274657593963 0.48952191391096544 7.906216641073831 0.11039371197445215 6.515512975594658 2.9186658517842097 2.855465307773978 0.49797393092664044 1.5846132647480369 11.610396450378325 11.503419378302695 12.10883061899865 5.895739033414429 0.5981943826406604 209.58109542679676 25.455780383606434 1.853714916621535 0.0333846450749049 22.01316932977145 21.536162853931707 9.761705448652975 0.19337755601687295 0.20765358578157928 8.17495887760116 30.672710976393507 1.6431192910384733 1.278925399261777 0.3524478658826485 0.36753603667173185 1.5571108985396929 0.553383560303319 5.950324563364073 0.3278416575072828 0.3586802977547564 10.998002304964489 17.17710979015227 17.09338863470916 0.48083392211161236 0.5250840381106131 11.568613278221335 3.83056612831056 7.882228228020241 45.52771543123634 7.2313259619251715 1.602835605397193 28.680691003212264 0.7403538644083468 70.61212666069945 5.847120238670616 66.43511068370223 0.1389347852085687 42.11146992315483 1.1132851580486838 68.77097446655785 6.985377575136743 0.28783127641890416 1.0816128308661128 17.119959131525402 1.1689232367648554 0.3579113755055596 0.22939132380772176 0.429725686139621 0.5251898035568981 32.239206576884854 4.335427743274217 0.37407611137892477 0.19421891959142756 0.15692861419881318 0.20201307900309817 0.7800356245870511 3.0651237482560303 5.75860455821782 2.248582135224085 5.42520973320267 15.19964141604249 24.824445004590363 0.1237784475789125 5.0746720730247645 0.08969573417719268 0.06417083781985211 6.75530739738552 34.518521440679926 11.666535148641122 7.409157825053122 0.2209714714034611 22.383518525158415 5.936911951008083 1.4976475339885904 8.420132860653935 0.19934127008926966 0.03704704961759443 0.3945880450381141 0.9447013802292813 3.067008338724615 0.04341101060642247 5.198134005759836 1.1507714658399608 30.719582002683318 1.4553197273344447 118.58588892304329 45.16990020152513 11.0533794909356 24.357679660068328 10.893796273258907 25.878502554011018 0.2215611837169432 3.546882437842952 0.2755987319505186 0.5066355201944724 2.0949962299025433 18.156834492430807 0.6260212523919865 0.4457124174707118 3.5980390292480773 1.1228884631495923 4.456409353643121 8.542847901340116 0.06087274755487582 0.33506356996414277 0.29450172182267165 7.6647832117124155 7.088928440719327 0.16496469008376696 3.296127455283622 1.3560292329747259 13.74037709146577 213.65175564671236 0.3908526774569444 6.819772466716979 0.27973201132628217 35.370019527753946 1.2638618320186181 0.21082286762137323 0.3473980224326911 0.12327946124851051 0.517445632689984 2.461562577479821 16.0156773300808 0.16403478079559708 8.047025587842208 2.3501698144615224 0.0791262673732417 31.33607357983058 207.8332534690796 20.66342711797966 0.23086076575837478 5.463746464066579 0.6744382862027449 21.3116737142965 31.239704823164864 57.45830852845649 4.92964042079991 1.057012741516656 0.48421622270372106 1.3757501959207676 0.12569135070266413 12.613083463692474 0.3745801764820641 2.426581610741701 3.427317369913953 0.37041720514598264 0.278642860361778 35.35795592823994 4.593350168636352 0.1861382886922538 1.474995456013056 3.304284245365553 21.100499589644798 0.4331194425693026 1.1039763007193184 17.130521580020368 141.53063301764266 0.7923646644777995 33.582720542737185 25.842883120245297 0.9485799955238277 12.061008290369527 28.226800765520448 0.1498013939974222 0.7031388107738449 0.26783559208330976 1.5804386631501206 3.0993291720467746 21.570051951625036 39.79380105350354 8.117405510271599 35.96861579513841 17.43375974751693 0.9803150149682341 7.340124359547484 0.3161452632430184 34.33127990656378 19.92837085591976 7.013105910061628 0.685415266005403 1.7494100793031735 0.18271573550826356 5.641804723731238 0.8615531048568346 0.6676530943279542 0.15210643198988633 3.4156340505865317 6.58610077508556 8.197010517646417 0.6175485722233196 2.4307553266840505 1.1032679748759622 1.9568862969051142 37.18282697162235 8.106480510140283 25.29054977494269 116.88867889233904 14.886090977271756 0.3118569196622283 1.5741397353303779 0.30995380544309914 0.10890327671478663 56.726464171379 6.451146553917331 0.1703520380244344 12.053159585035173 0.3163297681486427 34.23576336530349 3.5123315832550954 16.0383038432902 26.63219385987922 112.85649616308653 9.168530407305953 0.16618943648400186 2.5720468185231438 8.635223816614449 0.4415669597610757 0.34080174518190043 0.603761294882326 1.4319809246833308 4.03574926091799 0.5501517376732361 1.9122984195490584 0.6419820483347695 1.0451571550870975 0.5043784643144248 41.44765880679805 2.5876107804872954 4.598418206112428 68.58016937014627 0.44446986538666383 24.15050542769391 12.236880259223865 3.2609539645138956 8.678235778453224 0.17880622835137694 0.6953942407074576 30.01171653998873 173.70156350384994 0.3563546641824159 0.522029934310971 0.35650372630804616 0.32494112508809136 16.81210056696601 1.2353258265569618 1.1114715179051788 10.380158530748995 6.584356427917488 23.476746492579846 11.925068800143054 0.12690620014307386 0.4442245894379925 0.42288541613406966 1.0250838022059066 0.26908992679701427 14.893007475946964 0.41465776075585936 2.701404502475075 0.45966307103686366 0.14686579877343892 0.32265352601025404 32.327239803211164 2.13124285727509 8.682659709581793 0.9619050975361122 0.46008839957434267 22.56052418274633 0.24064358458544047 11.707489241946018 0.15377890065018118 1.9535957485340256 14.876300284591624 3.3312633905670763 0.575540862850224 0.17502063784208732 38.92002870473223 26.767503058091084 0.7262475866860717 0.2979116754231363 2.376256781687422 0.3008632095833001 1.07389135505052 3.844291066076323 0.35353504671156794 0.14664953274572348 0.8707444554794673 9.617238442522876 1.3502601859145282 210.86041251039242 29.483679307573773 0.4527879752007042 348.9319581135667 35.784841234549965 10.30458102027379 0.05200716708767972 16.40653586564482 0.1403005188063331 89.49576961190974 15.78157487032049 16.59576110893185 11.431782895956832 111.06787700526723 66.07974992911836 1.3442994062394902 0.8106289268095005 39.49026425874366 0.07984366539519115 5.913280422115139 0.11103323894185443 10.862750211788853 2.2190616053243675 218.81049598451523 3.6404345419339843 15.805845248048458 13.492587306226858 35.80507905641615 1.437147457652294 2.9456668921548617 6.382591813096048 0.2109673390643503 7.851404157733323 0.5326736082701019 15.271973027568816 0.49811543952759907 3.325787765204804 3.572651693428694 0.6745496671746897 4.931190371817331 1.0898856075215149 8.72368297570999 1.8165323711619425 1.2934502646197723 34.714772295360376 0.2537494736392907 2.840329686377676 2.811036731924706 31.26922498373245 0.16311897059228367 0.286255244526714 0.19532277651280297 11.72661038959712 0.25599926531201994 0.10685715448948747 0.20495380897837953 46.43518698274296 4.832138000515436 5.604953302704306 1.097145678626029 19.144829377596714 6.760289888113737 0.38737637156209215 7.551366924039963 3.3836309609475674 30.08618933333637 0.408082112730772 0.293761542858269 0.2385771968319944 0.049470670251632126 0.6019743789611401 6.27870814061709 5.366913975309986 8.28331862092199 2.0712086631664928 1.8499440238067832 14.962630394176607 23.02208156598802 0.7789147622005786 0.40041871906534376 8.732151405583116 0.4597667971281356 1.5936553858358484 48.10334561346622 7.3586108928771 0.18899501973017338 0.6812989486913317 7.516156815811678 0.928137925201422 7.48651663128388 10.740536068068625 15.853073444216355 1.6530218176170919 6.873500942488751 5.842793435350981 0.039143701455121374 0.910122476686508 3.9552144596814522 0.20893326111564917 0.677218137936108 0.9009879038424563 0.04997000652884564 1.0406280517098294 0.12615376918908763 30.068319748023796 0.4180926863640837 4.438056728078341 0.2552484178450634 1.3436034473809266 0.22177365386801506 0.21525437853778587 10.816523493292058 5.2828627863525055 0.19349854336715433 0.22594878593049247 15.455388691215695 47.173483060374245 0.5451163215428586 0.18432917297605547 0.3950247857565102 0.6890829763731394 0.06530763576762472 24.22314063282703 1.4062734090302185 1.274107326412966 9.216291284808081 1.048509535421415 27.37590939859106 19.83745928520426 10.873521149464706 1.1052789501864617 3.140630441819518 301.3954352363834 2.3449817685034464 0.4711000345620257 0.5204800238335211 0.15031241531159031 0.08033002507851592 1.3680378092069025 0.5465661123979909 0.2703331356650662 0.47425300907284473 0.2555812974398466 49.03242993637301 49.514431371761795 0.2941008643177108 53.95740258469159 18.385020311784096 0.23015992919373185 0.22485548877543318 1.1542962597902542 1.0158999714470267 3.1052167953875904 8.309428398510603 30.909709099800434 0.20864975036432185 0.26100311763574313 0.8571898240705761 0.3829442585676419 127.68037163866057 0.10942247746025258 9.425931537045084 7.721498493734839 0.47339501413294593 0.5421910182761827 0.4254423722035046 242.88928025769377 14.57031028441092 60.366928659594805 0.3896386288636095 0.49243099880894703 0.22042875598385483 0.8846236368773914 26.45954636936831 0.14566546133311928 1.9826173261767055 50.523042306378564 3.290419859077441 0.3875213324335423 0.46074754836182086 0.6172498022571026 27.33822301573681 32.23273954802982 0.503699861159205 0.3438556530439265 9.26887176298973 27.870541542482115 5.436512806830435 13.338759355983132 2.5849411580007016 0.3501003634944219 0.256975849537324 13.706464011662803 0.5854020645828223 0.486967874339892 21.40550447290576 0.6136095572196218 3.9444378890491514 46.0947800579176 170.20394785027895 0.6727091713673589 78.1158898726232 22.71621321385302 0.21250170383106637 56.03467835984642 0.24440890891797565 2.691946778339192 0.8025872392070983 1.5153383933886995 0.3410706144746029 12.04612648416191 29.363841250949097 0.3286802577861511 154.6061735965126 1.2657519657931926 0.10625602533490994 0.21435148897470294 7.121162766932681 0.23009609609531212 14.92424486570091 1.5904670082529284 1.588671256078021 0.09974587987359167 1.4460540180157262 0.19839005403200372 9.512981205990936 5.378683379005094 32.46926691340657 1.3856638387658846 2.293506779328056 0.7072944895444562 45.637681923277775 0.7002735165937248 0.12402207228215821 0.3779677886792456 0.34611779597083353 186.1408300894649 10.738179102620864 0.1703257829418528 21.220598458731953 1.5039149920834678 0.7846578316201527 2.015174514463701 1.4392205151950566 21.756145800984296 33.266015381544946 5.250431314208897 0.5294021098384872 0.8051139275378211 143.71919986535303 4.735871506396671 0.35432198794740477 7.105883387345242 8.506359780688811 8.736122240037531 9.043659414958784 4.734326605381533 1.3412706058075923 21.956247371792152 0.08912128018699204 3.6801438138131988 0.4917552710110503 0.20324533705168402 1.0579770427356376 0.052780197569904375 84.15290727173276 14.830547438653353 0.1477418428178408 0.08066549109076755 0.6973956240569121 21.671983468545303 1.4544838782241214 50.158098384555935 0.1394197384121843 16.895967518480017 21.554306299388465 0.36230573636914576 7.206318213437205 6.20454779037675 0.4262181133157174 0.3495945286188764 52.115113030266144 0.09700186368782064 46.144673200861156 19.922291992500245 14.647789268292058 8.75602609146973 5.829857720709029 32.823716942279894 0.24127740700052533 110.72013690452391 0.19836527555733624 0.14163873417446413 2.756937542724204 0.35034229316183096 0.6529875073245276 10.790786481604503 38.09038728488708 0.11835432152416604 4.728731259885621 6.0991646801948045 0.13893199015933483 3.0824701898815814 2.6346911294541133 0.3030289936906313 0.9406424189931163 15.36205232372543 1.851919856060101 5.413897892277532 4.794785106251522 0.24530181308220675 63.84660704576485 1.8389768790861942 6.955085410732135 0.5673738400149975 0.5166890093682843 201.41547373122052 0.10215418935735833 13.528743450745518 1.2689686464488408 0.5992707555620164 17.122249788428064 1.1219324206480512 21.947633886399228 240.1283617834247 56.35810858719873 0.8593948847177614 14.715034875650211 0.2197088753334803 0.3068149603763458 0.37978616386052 0.33086830268029965 13.474593837104264 1.241460088154225 1.1206060322210827 0.467853084450451 0.09206931236834028 1.230777039033102 8.616251510444357 0.2250784083473179 0.07197971266334648 1.6832939789727839 26.32790311362057 0.30457514619024145 130.38899731691444 1.0024605316576796 0.39427101117530466 44.93999185776311 4.3360699221831105 11.513739123701368 0.06668501596372278 0.6295810445087338 15.490325946512463 0.5341802313903738 0.428570347696488 0.39088106988083365 8.237037407379859 0.8099176682979853 0.5971078051502535 0.33362635050958034 10.540551992457722 6.4839124147625995 47.79821542746569 22.98444498402985 2.765158426655402 0.7963327198215775 0.7060050005438906 0.09783521594415634 15.902973996701785 8.508693703797197 36.13433298810843 5.000107356547259 51.505673629748834 6.272686660692811 0.6924169436053169 19.55479776218398 83.97188277685562 8.72308616977637 0.09450587298821597 5.723780215381688 6.609371865833702 26.566243028923118 0.0690305839431689 0.49307290330421816 2.1897106548106278 21.541871221618813 0.5287485797231378 55.553625438683426 3.3425411609853155 1.046881155604833 9.249079428555365 0.5442096889849396 10.11090124440777 0.7357224305171252 0.40347222514959225 62.89787359786601 51.41526641941812 0.6919077954291943 0.6072429975351981 3.1691592224897263 0.7329211600103144 10.305650847536887 22.325603553082413 0.4587464695590317 385.1425594634177 1.7369187689143932 0.9933096232927571 0.3633598089789014 46.31206377228145 64.1335563122 0.16498166209144705 0.26107117458771323 35.88798622207201 2.4489023078414878 12.057796352085594 1.539020808109025 24.303990251424235 21.78394281103651 12.045660950932712 2.6262018449041644 8.386834601329891 0.7156264755828846 10.990857312672137 20.658332242575664 0.8543705336056738 4.690151481743682 1.4507416012776186 4.544871329864451 0.40494008071510285 13.004859552372304 0.5021555927585725 2.8036067708667827 2.898229126899167 0.5176370979262968 1.9911498633869804 17.643910227414768 0.4705097706546123 2.3328314518565234 0.38168826602213063 40.46604948300919 15.629787171591333 0.3837539414784483 0.5981314417377057 33.44940329295386 14.379234363676895 
