d 72 400 0.8
2.0
6.3898478882472425 2.212177590938991 0.6139580186526926 0.8685006412622256 6.7575712680552344 0.8190481506556289 5.385729184667971 1.8326716797725582 0.8931758257876637 2.6004170704200376 0.7901461447722995 0.9640338477485676 1.2860953908640744 0.9012496998427183 21.353892220178906 3.165269424654069 0.6108984055208565 9.893792909241167 4.01667651311206 19.0313732014206 1.0544558782277187 0.8087654544692381 3.721038133945195 1.0460685000063408 2.317984309031435 0.607028453786809 0.9530415418793484 2.7849777520171695 2.1696679872368887 3.5801928667632814 1.248280160545671 5.701961360401168 2.8561795033098933 1.833479348877904 1.140242618475582 0.7969594661929335 0.7832499853451221 0.8563444356512069 0.958327968874501 1.1648002904103778 0.6768067294152873 0.8342607265214032 2.950997154615764 9.16011214674945 4.466960518217107 1.763269354187791 6.14105636243642 1.8104761079660687 1.6340256694638184 6.304079223315688 2.596390000775546 0.8639743938647723 1.2545659637308686 9.355146233150384 0.9273240639099043 1.265044837197044 0.9107884956825487 1.3183498754999454 1.29348691363108 19.2350652407165 0.9298239857441774 6.185415088670914 0.9032813924538983 3.2361600167168074 1.4146488560571557 18.43707326027602 1.2950456874203675 4.0002552909585765 0.8112413059600495 2.987254811551698 0.9492444519774319 1.2220668887160122 2.554352506590137 0.6208224381667132 0.8281262327129223 0.9830889301363334 0.9223923277269591 2.0091686698177917 8.082899883144377 1.0565483299335896 1.5422708216114538 2.0418433124072517 0.7017405485530951 0.667996449274442 1.2339720214867895 8.33160462025485 4.706065124355722 3.839012920948282 0.7409238308018944 5.12562078037957 1.091664650445283 6.941907823162615 1.9187528347701706 0.7977686426700974 1.009030163213829 9.107904257110354 3.571436011426255 1.4793968309553553 8.867385486158533 1.7792957188659049 0.9664054393717726 1.5687782637912946 0.6501610024134943 1.1227902945996957 7.031349944434643 0.9194975235754496 3.5437139216509026 1.0900547704820218 3.5597289119828464 3.3518142415622965 4.484909163170954 0.9502255170737094 0.9108516400102805 6.544673108974302 0.8212732679352795 2.2463116097035245 0.899725798683745 7.3797836401704675 1.2912156285848324 0.5711766666676358 0.7745787159634903 0.5556270749441399 6.0707074719224225 3.65705470905106 2.7662083766448817 0.6511607831393968 0.5776733081695626 0.7183839992676354 9.425043959562746 3.7898566418614985 0.683284693745263 1.289454249555011 0.7257708284474212 1.4996480132734467 3.6684405723296867 1.1261155010583224 2.5179189883854214 4.344063701010391 0.8595620196689753 1.128705119134594 0.866266856884579 2.4535533152730507 0.5742731993370908 0.6525638714016656 8.912355073631483 0.6759127788340884 3.473530991637057 1.2702971298143693 0.8430021357493469 3.1835298214306236 3.045259133877216 5.864064642292709 0.8491482417458563 1.0015524107104017 5.541683570424328 1.1009734846462242 4.536773935203209 5.141730703159122 8.355489553834664 4.353124964999876 8.22958671160294 0.40621438275873345 4.575373965836714 3.007728248205308 6.69266876830913 3.6600129473097223 3.010315334561101 4.460439305113324 7.263721466004557 13.887542550628703 1.1644959740935847 1.0895211508872797 3.404448972479673 1.5391843412478103 1.5143609514587784 0.8757126552863003 3.314050125334557 1.89714913176511 0.632933058732956 20.999683243334996 2.9759295836524693 1.1513239621630826 1.0258116659517753 4.611066667129618 3.2555833290186817 0.8560537437361606 5.071481729753977 0.5310108609074455 0.8121610662760741 1.255446485671649 0.9338434717003467 10.444445838009209 3.25516242929642 5.324957588416908 0.9773378830059867 0.8165860338531931 0.9549557350906673 2.56135590933997 8.855728714092617 0.7886689386133232 8.19022546239916 9.966562873781466 1.125508752630398 1.2875323991481376 0.9479047782942823 6.667470943051657 0.6874537423443686 2.4929921584799692 0.7444545495698501 0.8689522197886403 0.7000404999225377 3.8003310218639808 1.1292644942112728 1.8923407611104892 6.717630275323225 0.7151054030656198 0.9644996877151616 20.01261507511129 2.7617418621802536 2.2213404854192644 0.6780849638108842 8.25623119486843 1.7121811324170855 1.031491380385261 10.474489910241019 0.9239167550082655 4.054842565403899 1.5508685360951717 1.308656321365331 2.457023336031202 6.807057902388973 0.7747948977781899 1.007192165522825 1.34964227808177 3.0164645429879338 11.631465113796272 2.6578617846423587 0.8187983772909103 0.7013752118143095 4.652011805612604 2.8474088321743727 6.729838818992651 1.0336836032483012 0.7886142665998439 18.30474213175104 1.031271661434762 8.581329018899973 6.675556225916172 1.0581096466859494 0.7257125349998715 1.871840922892555 3.1889581773672924 7.054571793916002 1.0709858767568499 1.8112765839989433 0.8880443763741759 2.475212137629805 2.178400665579643 0.9139326734233084 6.932817131296456 5.247445198099694 2.7080786701527653 0.7165204346247999 5.8491803914982405 1.9787301787289657 1.0796040373630247 20.48140441526142 15.126728102509718 1.1835002892958613 5.9971937952275525 1.2111916965329022 1.0038062591398553 0.6399129382408488 0.8025082725168837 1.1070727663256035 1.5859163621960202 0.853461972418287 4.795106124154154 0.9808486063318116 7.837940710865268 7.411213130361706 1.0919111319548496 0.8088018136106133 7.077727407346117 0.9855981573941126 3.5089356624070804 2.4162344472528794 8.534207991846392 9.043830647364357 0.9109869835686423 3.808619772914303 1.9297979818529292 0.7930693078298087 20.33968987928124 1.649559501054758 0.99896689267856 3.8290675743705243 5.1235845639089 8.792253758351762 1.156681874585617 4.052534540451663 1.0379608064395622 1.003538483379077 2.6615265286987637 9.40494351801402 3.8849945385832587 0.6541558877010313 8.622838000840032 1.0261008583814537 5.971340923292314 0.6276419901928832 3.4105941780236178 10.133398597221204 0.928338907213811 2.8389651426277163 7.371748309188379 2.6311857758920816 12.168023690883173 0.7621330082392416 2.7036263142098536 13.777790840888889 3.197531071025401 0.5840343212503523 1.4441513005702356 5.842331994234672 8.778894484092627 3.2629941672629377 0.5839556787465305 6.969287157875817 0.8240554499394358 0.9877218895224033 3.888060317040063 5.388111738683043 1.109816983444689 1.22931821636132 1.3156575519435028 0.7241410930639446 4.6484843361766295 4.187622573137082 4.184914442733332 2.2835137926267746 1.681557961858621 4.395409414753004 4.845972694421241 7.734251810744398 0.9727027094596199 3.983083972018794 6.378233653186516 5.982483981617583 7.9890140035879025 0.9778173764224931 8.466179405497751 8.90573067786096 4.895039473695472 5.224289506845189 2.4316720391497166 1.090989533594696 2.7109023456585675 9.318679501571244 7.184652777440984 5.141210566834663 1.271302713822251 1.1620557551645225 3.3685756576709673 3.110626902894218 3.0516844487411476 1.0820987479969653 5.07111639102153 0.6350672205909191 1.0277948835330848 0.8800203603525387 6.098115390635918 0.9437063680948274 1.2493285843602293 9.287660589169468 0.6393115354994099 0.7476283179446065 1.0632141266192319 6.135378076972025 1.165791187003228 0.918255125797494 3.371364451270813 9.799688881516419 2.3047626451368584 0.8213129988008905 3.002258864502722 3.333432157798402 6.519528522012821 5.812113051791491 3.9787794536645342 0.9570472538311044 9.17642135167608 1.3317487572972089 2.0742154690980477 3.1027988689970423 0.7566503687500686 0.7454548879442774 4.456871880166592 0.9462309153916346 1.3713846191211956 
41.94548597555683 5.0910794332919345 0.3785351023329084 0.7739102328568821 46.940997393251315 0.706728250495843 29.195607900877143 3.4752546899330734 0.8090612247604957 7.001309063268417 0.6490597446604627 0.9482722970236268 1.6661852000441835 0.8399150953867928 459.845572216371 10.142131655186482 0.39039486654623146 101.48959073432282 16.40907956368114 371.17288153715117 1.1162569363328763 0.670811939166942 14.213097456042394 1.1104788123017033 5.411983796618359 0.3827093367432972 0.945375278005109 8.314141303281957 4.754702129694932 13.339538353044537 1.6292882123211305 33.81187144559818 8.458272098074831 3.409086092814206 1.3311425721757686 0.6540716716233251 0.6244070661361428 0.7576594396292223 0.9608658365184498 1.4151328186896002 0.48342248202237015 0.7096121523688649 8.862440468195897 85.2021251781662 21.398116071117453 3.1930223262630073 38.03830545011714 3.4116366572075925 2.7499505454667483 40.62649758421216 6.946605371011818 0.8007246527380864 1.6477218957956017 89.3930436465401 0.8787008699849894 1.631648185908528 0.839839306699734 1.755684894144763 1.7495028086199256 377.4566266836535 0.8766426528386075 40.97433773678935 0.8267365546775041 10.666577423744263 2.026988350085244 348.6904118835992 1.7010194244127366 16.944439540698195 0.67926509706369 9.22001900932431 0.9048137715953873 1.505069448824684 6.568942047780681 0.4083159441026875 0.6896568088165611 0.9822232384697679 0.8724512216795439 4.185443724364944 68.00487265233141 1.1231152130471356 2.388604832666871 4.268386181183691 0.5273327346478878 0.4580497002774433 1.5507783239164519 70.00722998448455 23.06780726837849 14.884947921850976 0.5667007714227995 26.559944755806704 1.2155127576877143 48.587363220614236 3.8200258811331596 0.6668901903378367 1.0246543342528525 86.23940487501176 13.269897850324604 2.311419352610654 79.8370824091677 3.21889694529766 0.9949494352990141 2.648397398110578 0.4308282154481822 1.3014358177618328 50.735358731046794 0.856754692452977 12.671872269489409 1.1974132051837016 13.017359071900616 11.433750925936353 20.381950719822086 0.9269536939959034 0.8512634946185011 43.663503348943685 0.7207150399736749 5.2059663159154415 0.8668261059058693 57.11345879291159 1.7086981706936348 0.34619838723281904 0.6185609513509532 0.3173476870200338 38.894487931118555 13.417260844042522 7.743968836302253 0.45491677000031394 0.3431252307247799 0.5322013693706885 91.09364435697844 14.826669491733142 0.48573631336095524 1.6772131273552915 0.5620709864555941 2.2805639873152437 14.466617221252227 1.2846496005767698 6.490838694593961 19.05123625118463 0.7535449256629972 1.2776009443753866 0.7665292927477466 6.182372886969746 0.334793443127954 0.4471241215474917 80.59036519644654 0.47396536863833033 12.116292797248084 1.6366588626169964 0.7309147135598618 10.320464549281573 9.420723536098448 34.81285736756105 0.7336395743674052 1.0605022761846987 32.23255511686313 1.229555812977442 21.323020635547742 26.620157822715285 70.94841378680992 19.663488195882483 72.1276253474305 0.16796477684198144 21.046599706641423 9.11573732586535 46.1172260450784 13.518100670379077 9.182495103034213 21.32271927348801 55.87944628333131 204.070116682414 1.3602559791693238 1.2003839534838465 11.695003079660205 2.4635035503952945 2.4514366424044653 0.8318247090421288 11.001283078560887 3.9310952247264486 0.4053438106761106 447.9195901181828 9.289991962898402 1.3309146949060746 1.1003045203411923 21.944779181490112 10.959129692423403 0.7403126952564968 25.81068435513804 0.28381306131131506 0.6717183103159103 1.5973470556904754 0.8926751012151929 111.51427980775875 11.442696625594463 29.25799777600675 0.9858136039192744 0.6711469892749335 0.9656837986439406 6.705645611582853 78.93453898788034 0.630677145433151 67.8252330744532 99.97540629099167 1.3343886804655836 1.6763104722988162 0.9407039190510634 45.635998344904976 0.48992632407898684 6.385367899986122 0.5649854103736056 0.7688672118088575 0.5181945634836822 15.23903254753481 1.3030843604779512 3.6723438824400576 45.9534481588288 0.514383295276245 0.9441073816605869 403.22491987297644 7.901614618057914 5.236378922511065 0.4634049738489392 69.84219565905941 3.0087590188965994 1.077797233521677 112.48086913588665 0.8951764504863805 17.04139904316761 2.563759188872096 1.7751438756973856 6.1869968920623295 49.54267046468077 0.6188876591483944 1.0587114134066498 1.826365106280193 9.346164111988633 138.09670783880884 7.17126275038717 0.6993938083889191 0.4987783418559005 23.18652368634082 8.305949936179784 46.0700933321552 1.0854697078876367 0.6239458565953124 349.8525842706594 1.1034720264017577 74.06039824227399 45.12885867159015 1.2029717915609897 0.5676395360153991 3.5389480195748666 10.25893622945643 50.47445211673723 1.199761887436518 3.433400956369541 0.8084083289835541 6.224017316945845 5.079196365884957 0.8660739815250013 50.262607294247104 28.518575857056753 7.8287476963790485 0.5147703837293922 36.31866405409636 4.074401061841207 1.2043018738888471 444.477711033061 246.44520067023595 1.4271099252288866 36.71319732398528 1.4739318270440915 1.0950650121344618 0.4240992505000871 0.6541487545170305 1.2646285337522112 2.6359244338448384 0.7715373743184879 23.78172777143893 0.9676720494739758 62.74360554909012 55.36098316716103 1.2366623093606364 0.6749767558682153 50.78952297021688 1.011919127104789 12.60368592312573 5.888671204394068 74.39227553221092 82.14954771734658 0.8903902052519863 14.571175634678719 3.7950651520895002 0.6569948540460351 420.25053398027075 2.8055177003958365 1.0378558386997596 15.158614284436606 27.0579884793219 82.85248828613065 1.402179676858366 16.837396986323096 1.1140714558440699 1.0144856320160078 7.2213719912290255 91.49418197767797 15.422023711512054 0.4582763778905527 78.05407232524769 1.0956518888770461 38.138179678090836 0.4067741183726342 11.848441183558972 106.47628713079284 0.8667483309494706 8.148473233490419 56.9233816357804 7.41191795720649 153.41582097409463 0.5953809816635547 7.654838544885562 201.06243341824072 10.351630939738365 0.36423771792931103 2.1391317511178993 35.6394529475218 79.85580490181553 10.826022383920693 0.3422169793215331 49.229803363883605 0.7305918744189231 1.0034203395996946 15.927368107875585 29.348736461362904 1.3245189541873383 1.5910228599959655 1.8404404365470268 0.5499605194835527 22.50815429229576 17.66577956937567 18.323146211611466 5.236975734608199 2.890190910845325 19.51904634731098 24.285530044987507 60.537177126122536 0.9869884614147898 16.84348386775318 41.97377102700389 36.87798688794943 65.8875618750686 0.9813861228533141 72.09524794693027 80.75582915255747 25.78413505516296 28.613523793457063 5.99405465703339 1.2354655106121373 7.382716726294555 88.38510646143526 53.16356080383855 26.88723436318617 1.72098471235846 1.3749899335319415 11.654776713213645 10.020818226574253 9.828647989589307 1.2122124963139798 26.631642017244676 0.4345359762367302 1.0866175916190735 0.7865399781381586 38.17016883946836 0.9548990096877751 1.5944547177641684 87.11181270938714 0.42532488321921674 0.5791079957310312 1.1920628320640132 39.52469686122208 1.4097071036540063 0.8768958491634968 12.110229145630942 97.69805606298094 5.446858447818286 0.7304585564240054 9.04735017622779 11.440450295372003 43.16921158903436 35.6575673161345 16.336756459734524 0.9763614958491826 88.05760296843285 1.8163681563260807 4.573645850201583 9.918128855751915 0.5861252304300599 0.583504648217226 20.88262269351613 0.9366345963169297 1.8889876388893787 
