g 72 400 0.95
1.6448536269514722
1.2672125428266843 1.4661071071910174 4.065987639256865 2.49440609891191 6.990807071428688 4.659223859220327 0.6683436459497658 9.478441919104633 2.976033969004232 2.8115764725683783 7.039939912671555 4.660640696874263 8.662321600060793 3.3141047806998394 4.246156556463216 4.27099733947914 1.058923514202272 0.7156906461404136 0.5979985812865382 0.6883300220103348 0.684538402804847 1.9369826914342847 9.943845094985717 0.7372611484441449 2.1353933390340254 0.8183927812919669 2.844668715970658 12.626340486107484 9.48305649960063 3.076426025572532 22.814598041954994 5.161435796235027 1.0049142484417284 1.2347781135079983 4.342014521968277 0.9908411743517009 0.666769735255336 16.808583321230504 0.653960935544415 0.9627300695983988 0.971042877433238 5.378564493322303 1.0039725489103153 2.436561187651752 0.8691486824582411 1.3090494221906093 7.724723535613652 2.172168106844179 0.8109142818569158 2.719783927513554 9.435227643159836 0.9819963298099307 0.9507424352854015 15.105954411290726 0.7439637068216254 5.3086200799890735 6.463923627218644 1.354945515966742 8.69015363883706 9.617184656570819 14.913937630990391 8.066109510021425 2.608398177013099 2.6496976943916053 1.897853489874276 3.163885511138099 5.149735267263303 1.1469095005319565 3.823014516689116 1.3619628215108968 7.726262245927007 1.1677971244553111 6.037764978394691 5.300952982638872 4.254417315555636 8.023552224999046 1.9154489550738556 4.699792582823692 7.494652501920133 3.7221532020189168 7.098236522874731 9.557913801465252 11.718213818852302 3.666556083543414 2.395527992915199 3.6749981786372437 7.022675150512933 3.0934232188116892 3.864687406678386 3.6627596235013984 0.7173194372483312 8.66355006063535 4.744150131731912 3.7203217749260458 1.2248084076557813 7.253713153323066 0.859683417504556 10.780673204368624 1.209019680327584 3.347945664888684 8.979952750180212 2.1333332353216785 0.6695756685580746 0.5415014344728531 0.8194235337696014 17.044424093687205 6.948078006377283 1.9374288694451491 0.8652151068499844 1.3594343057266254 8.507887500957947 2.37647003818827 2.111992265843262 7.475715053438935 3.046977961898996 4.620586670518674 0.8270029316027293 3.54338211003233 7.854419628329086 4.1234672774991195 1.2121791081869513 8.252135845596186 0.7387216942184779 1.9231539195433573 0.5535959011801185 1.6429453506138407 0.6695979922477115 0.9863526939753245 4.517987975463231 0.8367204049805782 10.392979497683692 2.478073351192205 4.446392698176393 0.6278700644084001 5.6926913839303 2.2807548514041054 1.9956981191001293 0.7687738632917992 7.087209071458404 6.4245493563166205 8.878271466824378 3.7908268110698953 1.4559061959675421 8.435008112253264 0.9950804990524895 5.526675733046808 16.663023809857396 2.650764178952553 3.9127318865706724 10.7308526678471 5.43198184700781 2.2356928275041246 7.235097221112365 0.8510564426412947 5.652587569987011 4.752202669646746 1.701457399806669 9.054432077097605 4.1176255843300265 0.8040014781063201 1.5390423201460104 0.691684631477333 0.8360923680914075 2.093549843554588 1.1887435008323817 1.1620117823555403 0.658640895909634 2.08790264626189 1.8672617516333172 1.9166766519763168 1.1209791686845845 0.9261238730546214 7.205266093041676 2.617872042002927 7.918517091487675 0.9502618325162536 2.4385468749736012 3.520431565526755 4.755353239270137 17.708787163773852 7.879756979633062 0.7846463986182018 6.281524891955989 4.117337122495253 0.758305964761183 6.467840297356506 18.438343175472166 1.2440371813932367 1.3257282772308605 0.8777374408363312 8.152552164602865 1.0134158615044637 6.433277217256026 1.2481849853566471 0.7468595717521355 0.7262485450718644 19.661838684116685 3.54338980182314 3.6470397791186056 0.7682573911521592 0.7336162302616438 1.146909695401102 14.825358261591584 4.651890448037631 7.474271716257822 1.87855839710944 1.9076383674314135 1.7350095609863982 7.4078016194445695 21.17038955861653 7.240493889750279 1.413193037180205 1.5685535886404984 4.372179675968863 5.765087510909113 0.6818569572049381 2.709598075450159 4.212647075212153 5.279153485420642 1.2747515062314005 0.8196471681216715 0.8473753112110468 3.0436488995206346 0.7678389403142529 0.8721689574436062 0.7819618267962902 0.8201585318294379 8.6769627200356 1.5361714506030066 2.191615407410479 9.596980044132653 3.5274721703727683 3.7788997389750114 5.994452650518061 1.2424767947202144 1.0266422912366762 7.569587553659585 1.5258902329352027 1.1528135041578715 0.7120267530300515 3.828407498569152 1.2415155502756952 0.7006282916640036 3.7711093873867743 3.739777654373309 15.531472412979197 0.7291128899584693 0.9072070935033597 2.0033688903550204 9.739390426360416 2.57799012671608 5.573236309579774 0.7611633592045469 7.456980529596463 0.6568400289111209 1.504439620953919 5.680102605461656 0.6756341833094645 6.379938530068089 18.886181018315572 0.9135770611059808 0.8667590995403914 4.1003520513345455 3.8938356243261683 8.239722154245436 0.8620354138068562 1.8708696325352243 1.585307148697565 0.723823886186641 1.1347940724492356 1.6256998395058166 2.6230917421874707 0.9226459287662752 7.632772688433657 3.9045940367662793 2.3430746857300124 1.3750252346712877 3.273352973368891 12.5615309899674 6.734440641112611 0.6861554415482172 4.72130530663255 2.1265835387175063 0.9193370411418205 10.018752883438747 3.399163012257303 0.9772221350291731 5.352803879894019 9.830716205492395 5.165855100515326 1.276667147844934 0.8073769700205528 1.1262816781734981 7.627801801026979 4.397191021275923 5.75810967384403 6.184622480280312 5.590763752400003 3.5338790716286015 3.062562493638101 4.634850058864372 0.715259061032124 2.5723539594098703 0.7025610278721679 19.50954289815691 0.7185017072638167 7.620003002644619 0.8695565422343884 4.22357102941157 3.2530751835913057 19.263693454931097 7.404684217082763 3.876944080657326 11.632178246063674 0.8225924971500892 6.499681220762591 8.040413979454762 2.2196606865137207 2.5311630147405753 3.9457351813232915 4.127924331727539 0.8488277225876361 1.6254067089416646 4.7025539875329425 1.062319366069998 1.2285706444041589 1.7967384024013562 1.0203955050269118 1.1428842005071818 4.278081697373317 6.169087833741411 5.337654361094727 0.6581971587320543 3.399100297589394 2.801426680643455 8.1999909933015 2.333763055539312 8.84515880931283 4.273171955017605 9.519032005686066 4.334786513389212 4.610385434576256 0.7926707991976437 0.5606631863019935 0.732190833326474 0.760743974647438 4.029142689809423 0.6328682624503219 2.99886937668228 1.4981175566117049 7.834660461555808 5.817310934025488 0.9910540570650055 2.19281228285979 0.7665441341198846 2.34862024474921 21.95584530193761 2.4360871854586383 5.0568522633208834 0.9179032993815412 4.4450480339780025 1.3391849028667155 2.5737400075479964 2.720101011794335 0.9964696265830806 0.8337312090570764 1.10173394623851 0.8184143366913321 0.7315922003231046 1.0979012987359285 0.786302112387666 0.7147418103879215 0.5960725457248891 9.774584847853745 1.7835983871197745 7.248488897432375 3.2853062835600126 16.204421414592172 2.990248144214201 17.494430634022283 2.0012528249394164 1.2897856555077136 1.6410584815322062 0.6394563220539946 23.227177236691226 0.7690320014953668 0.5696264094403014 2.492136153794446 7.452339717725024 1.939986799520819 5.402411630085718 4.972628581728588 0.6793778245091558 8.659128634146661 2.1424489516574767 0.6106124483752533 7.151587622471752 1.2493168767746026 2.619972892953506 4.324122008341423 
1.6250523799628036 2.2685865819234428 16.632538016744302 6.5101293319331175 52.23393095475657 21.934202611974385 0.47383508402206026 91.83045382603764 8.908623193295023 8.000624713351755 52.72376561290829 21.874881610382392 76.10516727039551 11.83013911007697 18.27502804468522 19.11657315711394 1.1588781172415543 0.540777719946592 0.3738590672314753 0.4752526203327772 0.47276528657627004 3.92445986133283 100.39545267366134 0.5696213280246213 4.780466601430544 0.6805919944345656 8.530990198510711 169.69803202535286 90.76760992385144 9.660397393658572 525.9371627682561 27.091053103124036 1.0558232817740651 1.5564190267277282 19.779313162771373 1.0050079164028796 0.4686227177101745 290.2519577946498 0.45180322812219326 0.9600640953362038 0.9499427281298638 29.972548483120047 1.0327639049847273 6.064918924332215 0.8024857029268729 1.7900402456472069 62.106178207061774 4.845681739707692 0.6799034566268278 7.99112308212888 89.69452177213624 1.021146148435298 0.9061214015118734 246.0759344087988 0.5732579331364136 29.721635534974748 43.29641370019201 1.8612999642423158 78.46630672801103 95.01606167689714 227.583114490198 68.38356487734295 6.922613085101508 7.410526873228224 3.635520027083044 10.129002545794554 27.21010018203199 1.3820776128555925 15.214602744041853 1.8820003081085672 61.88793110714058 1.4183967374346946 36.54411602907513 28.99279007111246 18.390860127380797 67.50892587828116 3.746035499625089 22.689041077098 57.94344945741034 14.185727235944922 52.261306296106845 93.23973235318076 138.54913812395924 13.726341200835645 5.8248404738548665 13.921161831390584 49.62151411326216 10.05759789960382 15.22506782315616 13.50610094362276 0.5226676130250403 78.33882341000204 23.59951939536394 14.690383754835539 1.5281986847375313 54.95011371222193 0.7780852341441603 118.63156043345684 1.46738984117375 12.01747533567171 83.35048910673665 4.623428826882885 0.46848270459957714 0.30328225947624676 0.6927863676253697 298.8442777992294 49.58957506662177 3.794730054190974 0.786062963948293 1.9437084410271332 73.83973777188494 5.834965726846895 4.492008444318702 56.3820357428316 9.36527708217823 21.52748656077435 0.7207635470749166 12.622817637473577 61.97082928271341 17.51718158688436 1.5628536486165987 69.23045645500262 0.560935591482539 3.8693996210318913 0.314179773130658 2.723522155254221 0.4521898428403707 0.9888835327095477 20.745549617731566 0.7154563682870986 108.8295764162852 6.4444611248806325 20.874891832598486 0.4065591262783198 34.803253412546326 5.359893449336804 4.064771540094793 0.5971945152689508 51.93964003550926 41.80781852757812 79.11768316130055 15.23838044209151 2.197559389482841 73.45984758016003 1.0082436524641394 30.62131532583692 286.2600614801193 7.38279943462312 15.447431668061538 122.70477990156917 31.846208473592217 5.061222156089287 53.82721405894559 0.7305704921590823 32.93743330113683 23.60038350423368 2.9336801248708775 82.91975119232515 17.580490990427403 0.6751529384172701 2.5936247710401714 0.5053186262979982 0.7316160335271459 4.425469887933527 1.4446659775338901 1.389672827263539 0.4548831477435209 4.453633724322954 3.6246945876927286 3.731761856973599 1.3102929249129223 0.8894702223623339 55.792493534720975 6.8816170346027095 64.34307302908633 0.9344892616037354 6.222585013706685 12.596932514545868 22.97027298136049 322.28031855592263 63.028091229559564 0.6296418117032607 39.57315680895433 17.165261695301407 0.5909165813058789 42.24077918934886 341.2810999661305 1.594995940635504 1.8097431056730957 0.7872339699847688 68.0964601013153 1.0599970195668713 42.68086370966401 1.5734307478117264 0.5602946805234374 0.5410538556520128 401.13416635257886 12.769320693166216 13.540627923582651 0.5958350485510199 0.5557130083933511 1.4236013239998195 221.3924654850607 23.026078769150264 56.07764477154282 3.577582136863136 3.8128064662709256 3.1368495282113407 56.31645629980203 462.9831954786232 54.26180624364882 2.0592073627059477 2.5116181586431057 19.21903853633091 33.627683168464614 0.47555819154911666 7.412203903045027 17.84507619823346 28.239179357887263 1.6366634053323232 0.6930080609150872 0.720676787486824 9.662706934118882 0.5980054611852247 0.7772865937526942 0.6346667805381255 0.6935399070919303 76.23945356253405 2.4695650161632607 5.076784726418796 93.8746338943206 12.667562182853624 14.33914471615193 36.526640170633975 1.5552108440655288 1.0852972375144512 58.60874263478676 2.4452752536509688 1.353835069155458 0.5273956262359314 14.836690113948967 1.5526766535349317 0.50001482284672 14.960683170060548 14.199874292704683 257.68089475097753 0.537876798305861 0.8411844016854558 4.0303797015168765 95.3536907002605 6.777269176639409 31.39356559788315 0.5934589059191892 57.14126690466491 0.4434342206695434 2.3198363761563923 33.22089594071693 0.46132869794835585 41.95465734162485 365.407640241602 0.8754862459849081 0.8102829487256921 17.71694335766051 15.772427937066299 71.39005767426062 0.7810021174117705 3.740677280337162 2.5272776969175106 0.5281166862343514 1.301708629871969 2.6507756304103967 7.003548059497408 0.8672313497007985 58.759830387914846 16.465354557420124 5.647237728909697 1.9135148573752625 10.986219531369057 160.59159823457162 46.21602662126704 0.4760920539663252 22.388566720832472 4.682875545954219 0.8735219504201908 100.78875062850258 12.00213012660984 0.9762843303859332 30.237638662735012 97.32379606853787 28.00486392242865 1.648584914953372 0.6676892480395021 1.2984068900910013 58.97045550120655 20.028633544750058 34.50669301402651 38.39218671980564 33.42063969017982 12.764055932666924 9.99075809813858 23.167061424981473 0.5449164272561005 6.703346475702649 0.49718406108725227 397.7644879640382 0.5535134549138738 59.302458598306764 0.7761632568940307 18.07524207567454 10.971066852335504 373.25256862888904 55.54911955666399 15.07146365781392 141.65882510611465 0.6905836758550477 44.863510098755306 67.55528934949278 4.982877088035302 6.603062509917986 16.092471034303752 17.38716769280286 0.7502506976859822 2.652190491225603 22.4978282734252 1.1386310715061314 1.5292218935067592 3.309936484900448 1.1089855778336424 1.3170731506318405 18.385779780816527 38.83966654592937 28.79148187574933 0.4692687231258531 11.914239222667655 8.101589452078903 71.12461554985127 5.562111938793747 79.60647899879459 19.064297980140214 91.25939909100445 18.911692827259564 22.762744011279 0.6314562197217097 0.3321611364098719 0.5411878307257958 0.6043637690247973 17.440548960799546 0.40330207060037154 9.115988746864465 2.333452218289051 63.72756159990038 35.12043491202055 0.9995519637717938 5.10608634126916 0.5939111663789507 5.611999856364362 485.85639542954004 6.092333674035451 25.802600063238092 0.8730483717661084 20.627556724130432 1.827803677271067 6.681065314399882 7.586923798126811 0.9958690691214124 0.732113986146004 1.304946926512585 0.7210169601909736 0.5457813208348807 1.2143136411618694 0.6433764844517829 0.5202568899428391 0.36767104731380096 98.01325039592751 3.3180026465926633 54.35777712492032 11.421021262676152 267.114607717439 9.158449986057416 311.44301840589986 4.101022080843989 1.7259053902686374 2.7992700424077785 0.42905857920347673 554.2545085322275 0.6211289260544762 0.3394304766851665 6.3311675340829074 56.971083580553 3.9014926145164894 29.516428603439355 25.19780736683827 0.46352794680221027 76.00199228266955 4.683918935734073 0.38297692446145803 52.610261415602 1.5826881151868564 6.911845143456839 19.25946696944845 
