h 72 100 0.95
1.223873415340408
5.083863403014449 6.450235382914719 0.9899169812420356 3.7912724542900045 0.8569887995414621 18.391839911424096 0.9337743452501163 10.773271889674296 0.47301720630427785 2.2241214407443013 4.609242045567887 0.6795844646026161 7.84537229933265 5.879697357811516 7.570455441530603 2.3587698338079903 2.9247479539767176 4.615982208080109 8.666606587140603 19.72153209298852 7.773465909890746 7.383859492790433 0.7095631955911298 5.756620865802674 3.736200508560219 0.6839390137004189 1.5760840338979982 9.16346643579452 3.079730846183633 0.9937210559711498 0.6061553639044704 0.6328416212104674 5.57331112896107 8.808209399526296 0.804506633512707 17.745558257280695 0.7537904662925757 5.902267886549006 3.1679156518666867 1.8369828273961275 9.66286958133108 2.250826005501086 3.1525073572993794 1.0140535527545114 2.2332343195873 8.440277157383374 3.4993301311465697 3.9460783401206623 8.405908190272683 8.064796195964565 5.246035707079342 0.8294765573287252 5.521367685087451 5.105814929616811 1.396796717904918 0.8424543184560922 3.6326964309505305 2.3531165398671328 0.7362038368332614 0.8495707427233357 1.856276991585202 3.5861631802360283 8.944717019118265 0.6994063373043699 3.018873975313957 1.4113249609825422 2.0112021985201904 0.991848469637802 4.14680852172536 1.1470173161127246 4.667536329010555 5.6017059758860945 0.7414810882178178 0.9544986959993926 1.3767804505775294 1.72426205908783 2.2199566789396687 4.0497441793304345 5.147052405450293 1.1894974541704455 0.7379752403556784 2.9452586821101745 0.856671373486033 7.636037542175798 2.5553053845794005 4.9013797096782055 0.8559137467316744 10.688074117490629 6.042912888055699 2.1535557628115938 2.698794857817305 2.7335700121434994 0.7524572235650308 17.440787462586176 8.517116416272577 6.625896781262437 0.8729419267732788 1.3430498121618073 16.54742050868797 2.004122981952009 
10.670990863988756 29.981582720477764 0.29125457799049376 4.477965565753292 0.4695022497629046 16.286492064128392 0.11686851064739204 63.44938637288799 0.27863205606632646 3.116674237600259 12.83280309665774 0.043547450094978984 20.734186868415904 38.383520911795166 31.003537951422857 4.213711929895469 2.873012718346194 6.257262624744951 53.9952177716135 120.92422049477379 17.631602067889837 18.23966286211908 0.2575900611747901 5.732000724557424 5.968109976530936 0.16026247334512067 1.807164372505378 42.56528278200885 3.736782217097602 0.14135351037611643 0.18359388069766217 0.3976240526051346 25.69804701989916 39.476448457940144 0.5049548947991879 239.19356441770873 0.3201854997399733 17.813899858750613 11.816595676290255 0.5819054253640631 9.467211288977742 3.2263237018891067 0.5752147727799809 0.23703969603376718 7.9398156456291265 44.4773506945018 3.0125222696122407 22.94225160920131 8.469480107705966 68.39339809115747 10.02079064099417 0.6700766555050085 8.186204422116827 21.11348236089676 0.8216179733794671 1.3506388606174209 5.367605252810975 2.0990396128908273 0.20746234990250426 0.705591636849474 8.118636201445419 12.4939186846021 37.23579630397808 0.06254614040125171 0.42310808642462266 0.47814253246921273 2.78820186467186 1.034965416180528 2.6008216119781165 0.3133672407786504 4.435806257622646 7.4978476502137275 0.0737914951713323 0.33981081737440794 0.33733594186103205 0.9408611326368242 0.3596113604729807 11.354786012366018 42.46562998136529 0.26672457017749107 0.408335119070036 0.9175384118108731 0.32653432233011687 11.503178624131827 6.09687776452511 41.43496537112314 1.0665912989237165 63.81426109221721 14.661693659110764 1.7878580519819245 2.9887351767699917 3.699234607760356 0.5449223401308781 158.47530426104723 31.973429126524007 7.27542974367165 0.1299572351715528 0.27157594455611167 97.90658968723382 0.8895752890778541 
